<?xml version="1.0"?>
<CONFIG>
  <ProjectOptions>
    <PathDelim Value="\"/>
    <Version Value="6"/>
    <General>
      <MainUnit Value="0"/>
      <IconPath Value="./"/>
      <TargetFileExt Value=".exe"/>
      <ActiveEditorIndexAtStart Value="8"/>
    </General>
    <VersionInfo>
      <ProjectVersion Value=""/>
      <Language Value=""/>
      <CharSet Value=""/>
    </VersionInfo>
    <PublishOptions>
      <Version Value="2"/>
      <IgnoreBinaries Value="False"/>
      <IncludeFileFilter Value="*.(pas|pp|inc|lfm|lpr|lrs|lpi|lpk|sh|xml)"/>
      <ExcludeFileFilter Value="*.(bak|ppu|ppw|o|so);*~;backup"/>
    </PublishOptions>
    <RunParams>
      <local>
        <FormatVersion Value="1"/>
        <LaunchingApplication PathPlusParams="/usr/X11R6/bin/xterm -T 'Lazarus Run Output' -e $(LazarusDir)/tools/runwait.sh $(TargetCmdLine)"/>
      </local>
    </RunParams>
    <RequiredPackages Count="2">
      <Item1>
        <PackageName Value="IDEIntf"/>
      </Item1>
      <Item2>
        <PackageName Value="ta"/>
      </Item2>
    </RequiredPackages>
    <Units Count="12">
      <Unit0>
        <Filename Value="ClientProxy.lpr"/>
        <IsPartOfProject Value="True"/>
        <UnitName Value="ClientProxy"/>
        <CursorPos X="51" Y="10"/>
        <TopLine Value="1"/>
        <EditorIndex Value="0"/>
        <UsageCount Value="25"/>
        <Loaded Value="True"/>
      </Unit0>
      <Unit1>
        <Filename Value="fit_client_proxy.pas"/>
        <IsPartOfProject Value="True"/>
        <UnitName Value="fit_client_proxy"/>
        <CursorPos X="22" Y="160"/>
        <TopLine Value="139"/>
        <EditorIndex Value="8"/>
        <UsageCount Value="25"/>
        <Loaded Value="True"/>
      </Unit1>
      <Unit2>
        <Filename Value="..\Server\MSCRDataClasses.pas"/>
        <UnitName Value="MSCRDataClasses"/>
        <CursorPos X="33" Y="18"/>
        <TopLine Value="1"/>
        <EditorIndex Value="1"/>
        <UsageCount Value="11"/>
        <Loaded Value="True"/>
      </Unit2>
      <Unit3>
        <Filename Value="..\..\fitminimizers\SimpMath.pas"/>
        <UnitName Value="SimpMath"/>
        <CursorPos X="1" Y="1"/>
        <TopLine Value="1"/>
        <EditorIndex Value="2"/>
        <UsageCount Value="11"/>
        <Loaded Value="True"/>
      </Unit3>
      <Unit4>
        <Filename Value="..\Server\DataClasses.pas"/>
        <UnitName Value="DataClasses"/>
        <CursorPos X="18" Y="25"/>
        <TopLine Value="9"/>
        <EditorIndex Value="3"/>
        <UsageCount Value="11"/>
        <Loaded Value="True"/>
      </Unit4>
      <Unit5>
        <Filename Value="..\..\fitgrids\NumericGrid.pas"/>
        <UnitName Value="NumericGrid"/>
        <CursorPos X="14" Y="150"/>
        <TopLine Value="132"/>
        <EditorIndex Value="4"/>
        <UsageCount Value="11"/>
        <Loaded Value="True"/>
      </Unit5>
      <Unit6>
        <Filename Value="..\..\fitminimizers-0.9.24\Tools.pas"/>
        <UnitName Value="Tools"/>
        <CursorPos X="20" Y="21"/>
        <TopLine Value="3"/>
        <EditorIndex Value="5"/>
        <UsageCount Value="11"/>
        <Loaded Value="True"/>
      </Unit6>
      <Unit7>
        <Filename Value="..\Desktop\ModelCurves\TitlePointsSet.pas"/>
        <UnitName Value="TitlePointsSet"/>
        <CursorPos X="14" Y="19"/>
        <TopLine Value="1"/>
        <EditorIndex Value="6"/>
        <UsageCount Value="11"/>
        <Loaded Value="True"/>
      </Unit7>
      <Unit8>
        <Filename Value="..\Desktop\ModelCurves\IntPointsSet.pas"/>
        <UnitName Value="IntPointsSet"/>
        <CursorPos X="6" Y="27"/>
        <TopLine Value="4"/>
        <EditorIndex Value="7"/>
        <UsageCount Value="11"/>
        <Loaded Value="True"/>
      </Unit8>
      <Unit9>
        <Filename Value="..\Server\fit_server.pas"/>
        <UnitName Value="fit_server"/>
        <CursorPos X="19" Y="245"/>
        <TopLine Value="227"/>
        <EditorIndex Value="10"/>
        <UsageCount Value="11"/>
        <Loaded Value="True"/>
      </Unit9>
      <Unit10>
        <Filename Value="..\Desktop\ModelCurves\NamedPointsSet.pas"/>
        <UnitName Value="NamedPointsSet"/>
        <CursorPos X="57" Y="18"/>
        <TopLine Value="1"/>
        <EditorIndex Value="9"/>
        <UsageCount Value="11"/>
        <Loaded Value="True"/>
      </Unit10>
      <Unit11>
        <Filename Value="..\Desktop\Main.pas"/>
        <UnitName Value="Main"/>
        <CursorPos X="1" Y="264"/>
        <TopLine Value="246"/>
        <UsageCount Value="11"/>
      </Unit11>
    </Units>
    <JumpHistory Count="8" HistoryIndex="7">
      <Position1>
        <Filename Value="fit_client_proxy.pas"/>
        <Caret Line="222" Column="13" TopLine="195"/>
      </Position1>
      <Position2>
        <Filename Value="fit_client_proxy.pas"/>
        <Caret Line="162" Column="1" TopLine="13"/>
      </Position2>
      <Position3>
        <Filename Value="fit_client_proxy.pas"/>
        <Caret Line="171" Column="50" TopLine="153"/>
      </Position3>
      <Position4>
        <Filename Value="fit_client_proxy.pas"/>
        <Caret Line="57" Column="25" TopLine="29"/>
      </Position4>
      <Position5>
        <Filename Value="fit_client_proxy.pas"/>
        <Caret Line="160" Column="41" TopLine="133"/>
      </Position5>
      <Position6>
        <Filename Value="fit_client_proxy.pas"/>
        <Caret Line="159" Column="19" TopLine="146"/>
      </Position6>
      <Position7>
        <Filename Value="fit_client_proxy.pas"/>
        <Caret Line="162" Column="24" TopLine="144"/>
      </Position7>
      <Position8>
        <Filename Value="fit_client_proxy.pas"/>
        <Caret Line="186" Column="1" TopLine="151"/>
      </Position8>
    </JumpHistory>
  </ProjectOptions>
  <CompilerOptions>
    <Version Value="5"/>
    <PathDelim Value="\"/>
    <SearchPaths>
      <IncludeFiles Value="..\Packages\wst-0.5\"/>
      <OtherUnitFiles Value="..\Packages\wst-0.5\;..\Packages\synapse40\source\lib\;..\..\fitminimizers-0.9.24\;..\..\fitgrids-0.9.24\;..\Desktop\;..\Desktop\ModelCurves\;..\Desktop\ModelCurves\UserPointsSet\;..\Desktop\DataLoaders\;..\Server\;..\Server\client_interfaces\"/>
    </SearchPaths>
    <CodeGeneration>
      <Generate Value="Faster"/>
    </CodeGeneration>
    <Linking>
      <Options>
        <ExecutableType Value="Library"/>
      </Options>
    </Linking>
    <Other>
      <CustomOptions Value="-dLazarus
-dEXCLUDE_SOMETHING
"/>
      <CompilerPath Value="$(CompPath)"/>
    </Other>
  </CompilerOptions>
  <Debugging>
    <BreakPoints Count="1">
      <Item1>
        <Source Value="..\Desktop\DataLoader.pas"/>
        <Line Value="1484"/>
      </Item1>
    </BreakPoints>
    <Watches Count="5">
      <Item1>
        <Expression Value="GridBackground.Options"/>
      </Item1>
      <Item2>
        <Expression Value="RFactorIntervals.PointsCount"/>
      </Item2>
      <Item3>
        <Expression Value="R.ErrCode"/>
      </Item3>
      <Item4>
        <Expression Value="Grid.ColCount"/>
      </Item4>
      <Item5>
        <Expression Value="CP.Params.Count"/>
      </Item5>
    </Watches>
    <Exceptions Count="2">
      <Item1>
        <Name Value="ECodetoolError"/>
      </Item1>
      <Item2>
        <Name Value="EFOpenError"/>
      </Item2>
    </Exceptions>
  </Debugging>
</CONFIG>
