<?xml version="1.0"?>
<CONFIG>
  <ProjectOptions>
    <PathDelim Value="\"/>
    <Version Value="6"/>
    <General>
      <MainUnit Value="0"/>
      <IconPath Value="./"/>
      <TargetFileExt Value=".exe"/>
      <ActiveEditorIndexAtStart Value="7"/>
    </General>
    <VersionInfo>
      <ProjectVersion Value=""/>
      <Language Value=""/>
      <CharSet Value=""/>
    </VersionInfo>
    <PublishOptions>
      <Version Value="2"/>
      <IgnoreBinaries Value="False"/>
      <IncludeFileFilter Value="*.(pas|pp|inc|lfm|lpr|lrs|lpi|lpk|sh|xml)"/>
      <ExcludeFileFilter Value="*.(bak|ppu|ppw|o|so);*~;backup"/>
    </PublishOptions>
    <RunParams>
      <local>
        <FormatVersion Value="1"/>
        <LaunchingApplication PathPlusParams="/usr/X11R6/bin/xterm -T 'Lazarus Run Output' -e $(LazarusDir)/tools/runwait.sh $(TargetCmdLine)"/>
      </local>
    </RunParams>
    <RequiredPackages Count="2">
      <Item1>
        <PackageName Value="IDEIntf"/>
      </Item1>
      <Item2>
        <PackageName Value="ta"/>
      </Item2>
    </RequiredPackages>
    <Units Count="13">
      <Unit0>
        <Filename Value="ClientProxy.lpr"/>
        <IsPartOfProject Value="True"/>
        <UnitName Value="ClientProxy"/>
        <CursorPos X="54" Y="8"/>
        <TopLine Value="1"/>
        <EditorIndex Value="7"/>
        <UsageCount Value="144"/>
        <Loaded Value="True"/>
      </Unit0>
      <Unit1>
        <Filename Value="fit_client_proxy.pas"/>
        <UnitName Value="fit_client_proxy"/>
        <CursorPos X="19" Y="231"/>
        <TopLine Value="213"/>
        <EditorIndex Value="8"/>
        <UsageCount Value="144"/>
        <Loaded Value="True"/>
      </Unit1>
      <Unit2>
        <Filename Value="..\Server\MSCRDataClasses.pas"/>
        <UnitName Value="MSCRDataClasses"/>
        <CursorPos X="33" Y="18"/>
        <TopLine Value="1"/>
        <EditorIndex Value="0"/>
        <UsageCount Value="70"/>
        <Loaded Value="True"/>
      </Unit2>
      <Unit3>
        <Filename Value="..\..\fitminimizers\SimpMath.pas"/>
        <UnitName Value="SimpMath"/>
        <CursorPos X="1" Y="1"/>
        <TopLine Value="1"/>
        <EditorIndex Value="1"/>
        <UsageCount Value="70"/>
        <Loaded Value="True"/>
      </Unit3>
      <Unit4>
        <Filename Value="..\Server\DataClasses.pas"/>
        <UnitName Value="DataClasses"/>
        <CursorPos X="18" Y="25"/>
        <TopLine Value="9"/>
        <EditorIndex Value="2"/>
        <UsageCount Value="70"/>
        <Loaded Value="True"/>
      </Unit4>
      <Unit5>
        <Filename Value="..\..\fitgrids\NumericGrid.pas"/>
        <UnitName Value="NumericGrid"/>
        <CursorPos X="14" Y="150"/>
        <TopLine Value="132"/>
        <EditorIndex Value="3"/>
        <UsageCount Value="70"/>
        <Loaded Value="True"/>
      </Unit5>
      <Unit6>
        <Filename Value="..\..\fitminimizers-0.9.24\Tools.pas"/>
        <UnitName Value="Tools"/>
        <CursorPos X="20" Y="21"/>
        <TopLine Value="3"/>
        <EditorIndex Value="4"/>
        <UsageCount Value="70"/>
        <Loaded Value="True"/>
      </Unit6>
      <Unit7>
        <Filename Value="..\Desktop\ModelCurves\TitlePointsSet.pas"/>
        <UnitName Value="TitlePointsSet"/>
        <CursorPos X="14" Y="19"/>
        <TopLine Value="1"/>
        <EditorIndex Value="5"/>
        <UsageCount Value="70"/>
        <Loaded Value="True"/>
      </Unit7>
      <Unit8>
        <Filename Value="..\Desktop\ModelCurves\IntPointsSet.pas"/>
        <UnitName Value="IntPointsSet"/>
        <CursorPos X="27" Y="13"/>
        <TopLine Value="4"/>
        <EditorIndex Value="6"/>
        <UsageCount Value="70"/>
        <Loaded Value="True"/>
      </Unit8>
      <Unit9>
        <Filename Value="..\Server\fit_server.pas"/>
        <UnitName Value="fit_server"/>
        <CursorPos X="14" Y="291"/>
        <TopLine Value="273"/>
        <UsageCount Value="63"/>
      </Unit9>
      <Unit10>
        <Filename Value="..\Desktop\ModelCurves\NamedPointsSet.pas"/>
        <UnitName Value="NamedPointsSet"/>
        <CursorPos X="57" Y="18"/>
        <TopLine Value="17"/>
        <EditorIndex Value="11"/>
        <UsageCount Value="70"/>
        <Loaded Value="True"/>
      </Unit10>
      <Unit11>
        <Filename Value="..\Desktop\Main.pas"/>
        <UnitName Value="Main"/>
        <CursorPos X="1" Y="1"/>
        <TopLine Value="1"/>
        <EditorIndex Value="9"/>
        <UsageCount Value="32"/>
        <Loaded Value="True"/>
      </Unit11>
      <Unit12>
        <Filename Value="..\Server\client_interfaces\int_fit_service.pas"/>
        <UnitName Value="int_fit_service"/>
        <CursorPos X="55" Y="140"/>
        <TopLine Value="111"/>
        <EditorIndex Value="10"/>
        <UsageCount Value="19"/>
        <Loaded Value="True"/>
      </Unit12>
    </Units>
    <JumpHistory Count="1" HistoryIndex="0">
      <Position1>
        <Filename Value="ClientProxy.lpr"/>
        <Caret Line="48" Column="1" TopLine="13"/>
      </Position1>
    </JumpHistory>
  </ProjectOptions>
  <CompilerOptions>
    <Version Value="5"/>
    <PathDelim Value="\"/>
    <SearchPaths>
      <IncludeFiles Value="..\Packages\wst-0.5\"/>
      <OtherUnitFiles Value="..\Packages\wst-0.5\;..\Packages\synapse40\source\lib\;..\..\fitminimizers-0.9.24\;..\..\fitgrids-0.9.24\;..\Desktop\;..\Desktop\ModelCurves\;..\Desktop\ModelCurves\UserPointsSet\;..\Desktop\DataLoaders\;..\Server\;..\Server\client_interfaces\"/>
    </SearchPaths>
    <CodeGeneration>
      <Generate Value="Faster"/>
    </CodeGeneration>
    <Linking>
      <Options>
        <ExecutableType Value="Library"/>
      </Options>
    </Linking>
    <Other>
      <CustomOptions Value="-dLazarus
-dEXCLUDE_SOMETHING
"/>
      <CompilerPath Value="$(CompPath)"/>
    </Other>
  </CompilerOptions>
  <Debugging>
    <BreakPoints Count="1">
      <Item1>
        <Source Value="..\Desktop\DataLoader.pas"/>
        <Line Value="1484"/>
      </Item1>
    </BreakPoints>
    <Watches Count="5">
      <Item1>
        <Expression Value="GridBackground.Options"/>
      </Item1>
      <Item2>
        <Expression Value="RFactorIntervals.PointsCount"/>
      </Item2>
      <Item3>
        <Expression Value="R.ErrCode"/>
      </Item3>
      <Item4>
        <Expression Value="Grid.ColCount"/>
      </Item4>
      <Item5>
        <Expression Value="CP.Params.Count"/>
      </Item5>
    </Watches>
    <Exceptions Count="2">
      <Item1>
        <Name Value="ECodetoolError"/>
      </Item1>
      <Item2>
        <Name Value="EFOpenError"/>
      </Item2>
    </Exceptions>
  </Debugging>
</CONFIG>
