<?xml version="1.0"?>
<CONFIG>
  <ProjectOptions>
    <PathDelim Value="\"/>
    <Version Value="6"/>
    <General>
      <MainUnit Value="0"/>
      <IconPath Value="./"/>
      <TargetFileExt Value=".exe"/>
      <Title Value="FitP2P"/>
      <UseXPManifest Value="True"/>
      <ActiveEditorIndexAtStart Value="16"/>
    </General>
    <VersionInfo>
      <ProjectVersion Value=""/>
    </VersionInfo>
    <PublishOptions>
      <Version Value="2"/>
      <IgnoreBinaries Value="False"/>
      <IncludeFileFilter Value="*.(pas|pp|inc|lfm|lpr|lrs|lpi|lpk|sh|xml)"/>
      <ExcludeFileFilter Value="*.(bak|ppu|ppw|o|so);*~;backup"/>
    </PublishOptions>
    <RunParams>
      <local>
        <FormatVersion Value="1"/>
        <LaunchingApplication PathPlusParams="/usr/X11R6/bin/xterm -T 'Lazarus Run Output' -e $(LazarusDir)/tools/runwait.sh $(TargetCmdLine)"/>
      </local>
    </RunParams>
    <RequiredPackages Count="6">
      <Item1>
        <PackageName Value="FitGrids"/>
        <MinVersion Valid="True"/>
      </Item1>
      <Item2>
        <PackageName Value="ta"/>
        <MinVersion Major="1" Minor="1" Valid="True"/>
      </Item2>
      <Item3>
        <PackageName Value="LCL"/>
      </Item3>
      <Item4>
        <PackageName Value="FCL"/>
        <MinVersion Major="1" Valid="True"/>
      </Item4>
      <Item5>
        <PackageName Value="IDEIntf"/>
        <MinVersion Major="1" Valid="True"/>
      </Item5>
      <Item6>
        <PackageName Value="TurboPowerIPro"/>
        <MinVersion Major="1" Valid="True"/>
      </Item6>
    </RequiredPackages>
    <Units Count="92">
      <Unit0>
        <Filename Value="fitp2p_linux.lpr"/>
        <IsPartOfProject Value="True"/>
        <UnitName Value="fitp2p_linux"/>
        <CursorPos X="31" Y="44"/>
        <TopLine Value="6"/>
        <EditorIndex Value="7"/>
        <UsageCount Value="200"/>
        <Loaded Value="True"/>
      </Unit0>
      <Unit1>
        <Filename Value="Unit1.pas"/>
        <ComponentName Value="Form1"/>
        <HasResources Value="True"/>
        <IsPartOfProject Value="True"/>
        <ResourceFilename Value="Unit1.lrs"/>
        <UnitName Value="Unit1"/>
        <CursorPos X="1" Y="1"/>
        <TopLine Value="1"/>
        <EditorIndex Value="0"/>
        <UsageCount Value="200"/>
        <Bookmarks Count="1">
          <Item0 X="1" Y="468" ID="0"/>
        </Bookmarks>
        <Loaded Value="True"/>
      </Unit1>
      <Unit2>
        <Filename Value="DataLoader.pas"/>
        <IsPartOfProject Value="True"/>
        <UnitName Value="DataLoader"/>
        <CursorPos X="1" Y="1"/>
        <TopLine Value="1"/>
        <EditorIndex Value="16"/>
        <UsageCount Value="200"/>
        <Loaded Value="True"/>
      </Unit2>
      <Unit3>
        <Filename Value="PointSetViewer.pas"/>
        <IsPartOfProject Value="True"/>
        <UnitName Value="PointSetViewer"/>
        <CursorPos X="1" Y="1"/>
        <TopLine Value="1"/>
        <EditorIndex Value="10"/>
        <UsageCount Value="200"/>
        <Loaded Value="True"/>
      </Unit3>
      <Unit4>
        <Filename Value="IntegralInt.pas"/>
        <UnitName Value="IntegralInt"/>
        <CursorPos X="1" Y="1"/>
        <TopLine Value="1"/>
        <UsageCount Value="25"/>
      </Unit4>
      <Unit5>
        <Filename Value="Unit3.pas"/>
        <ComponentName Value="InputWavelengthDlg"/>
        <HasResources Value="True"/>
        <IsPartOfProject Value="True"/>
        <ResourceFilename Value="Unit3.lrs"/>
        <UnitName Value="Unit3"/>
        <CursorPos X="13" Y="48"/>
        <TopLine Value="30"/>
        <UsageCount Value="200"/>
      </Unit5>
      <Unit6>
        <Filename Value="Unit12.pas"/>
        <ComponentName Value="AboutBox"/>
        <HasResources Value="True"/>
        <IsPartOfProject Value="True"/>
        <ResourceFilename Value="Unit12.lrs"/>
        <UnitName Value="Unit12"/>
        <CursorPos X="25" Y="46"/>
        <TopLine Value="17"/>
        <UsageCount Value="200"/>
      </Unit6>
      <Unit7>
        <Filename Value="Minimizer_S.pas"/>
        <IsPartOfProject Value="True"/>
        <UnitName Value="Minimizer_S"/>
        <CursorPos X="48" Y="287"/>
        <TopLine Value="268"/>
        <UsageCount Value="200"/>
      </Unit7>
      <Unit8>
        <Filename Value="Minimizer.pas"/>
        <IsPartOfProject Value="True"/>
        <UnitName Value="Minimizer"/>
        <CursorPos X="1" Y="1"/>
        <TopLine Value="1"/>
        <UsageCount Value="200"/>
      </Unit8>
      <Unit9>
        <Filename Value="MainCalcProcess.pas"/>
        <UnitName Value="MainCalcProcess"/>
        <CursorPos X="1" Y="1"/>
        <TopLine Value="1"/>
        <UsageCount Value="20"/>
      </Unit9>
      <Unit10>
        <Filename Value="MSCRDataClasses.pas"/>
        <IsPartOfProject Value="True"/>
        <UnitName Value="MSCRDataClasses"/>
        <CursorPos X="36" Y="128"/>
        <TopLine Value="93"/>
        <UsageCount Value="200"/>
      </Unit10>
      <Unit11>
        <Filename Value="TAGraph\Component\TAGraph.pas"/>
        <UnitName Value="tagraph"/>
        <CursorPos X="24" Y="233"/>
        <TopLine Value="215"/>
        <UsageCount Value="187"/>
      </Unit11>
      <Unit12>
        <Filename Value="Minimizer_DS.pas"/>
        <IsPartOfProject Value="True"/>
        <UnitName Value="Minimizer_DS"/>
        <CursorPos X="5" Y="70"/>
        <TopLine Value="51"/>
        <UsageCount Value="200"/>
      </Unit12>
      <Unit13>
        <Filename Value="Unit5.pas"/>
        <ComponentName Value="InputBackFactorDlg"/>
        <HasResources Value="True"/>
        <IsPartOfProject Value="True"/>
        <ResourceFilename Value="Unit5.lrs"/>
        <UnitName Value="Unit5"/>
        <CursorPos X="1" Y="50"/>
        <TopLine Value="29"/>
        <UsageCount Value="201"/>
      </Unit13>
      <Unit14>
        <Filename Value="CombEnumerator.pas"/>
        <IsPartOfProject Value="True"/>
        <UnitName Value="CombEnumerator"/>
        <CursorPos X="11" Y="163"/>
        <TopLine Value="146"/>
        <UsageCount Value="200"/>
      </Unit14>
      <Unit15>
        <Filename Value="SimpMath.pas"/>
        <UnitName Value="SimpMath"/>
        <CursorPos X="25" Y="267"/>
        <TopLine Value="6"/>
        <UsageCount Value="181"/>
      </Unit15>
      <Unit16>
        <Filename Value="CBRCComponent.pas"/>
        <UnitName Value="CBRCComponent"/>
        <CursorPos X="13" Y="13"/>
        <TopLine Value="1"/>
        <UsageCount Value="181"/>
      </Unit16>
      <Unit17>
        <Filename Value="SelfSaved.pas"/>
        <UnitName Value="SelfSaved"/>
        <CursorPos X="10" Y="23"/>
        <TopLine Value="5"/>
        <UsageCount Value="137"/>
      </Unit17>
      <Unit18>
        <Filename Value="ClassInheritIDs.pas"/>
        <UnitName Value="ClassInheritIDs"/>
        <CursorPos X="17" Y="163"/>
        <TopLine Value="154"/>
        <UsageCount Value="136"/>
      </Unit18>
      <Unit19>
        <Filename Value="MyExceptions.pas"/>
        <UnitName Value="MyExceptions"/>
        <CursorPos X="19" Y="20"/>
        <TopLine Value="1"/>
        <UsageCount Value="187"/>
      </Unit19>
      <Unit20>
        <Filename Value="Tools.pas"/>
        <UnitName Value="Tools"/>
        <CursorPos X="73" Y="421"/>
        <TopLine Value="529"/>
        <UsageCount Value="188"/>
      </Unit20>
      <Unit21>
        <Filename Value="SelfCopied.pas"/>
        <UnitName Value="SelfCopied"/>
        <CursorPos X="1" Y="133"/>
        <TopLine Value="105"/>
        <UsageCount Value="188"/>
      </Unit21>
      <Unit22>
        <Filename Value="DataClasses.pas"/>
        <IsPartOfProject Value="True"/>
        <UnitName Value="DataClasses"/>
        <CursorPos X="5" Y="20"/>
        <TopLine Value="1"/>
        <UsageCount Value="207"/>
      </Unit22>
      <Unit23>
        <Filename Value="Math3d.pas"/>
        <IsPartOfProject Value="True"/>
        <UnitName Value="Math3d"/>
        <CursorPos X="1" Y="1"/>
        <TopLine Value="1"/>
        <UsageCount Value="207"/>
      </Unit23>
      <Unit24>
        <Filename Value="DownhillSimplexContainer.pas"/>
        <IsPartOfProject Value="True"/>
        <UnitName Value="DownhillSimplexContainer"/>
        <CursorPos X="5" Y="119"/>
        <TopLine Value="164"/>
        <UsageCount Value="207"/>
      </Unit24>
      <Unit25>
        <Filename Value="DownhillSimplexAlgorithm.pas"/>
        <IsPartOfProject Value="True"/>
        <UnitName Value="DownhillSimplexAlgorithm"/>
        <CursorPos X="11" Y="154"/>
        <TopLine Value="133"/>
        <UsageCount Value="207"/>
      </Unit25>
      <Unit26>
        <Filename Value="Decisions.pas"/>
        <IsPartOfProject Value="True"/>
        <UnitName Value="Decisions"/>
        <CursorPos X="62" Y="17"/>
        <TopLine Value="1"/>
        <UsageCount Value="207"/>
      </Unit26>
      <Unit27>
        <Filename Value="Algorithm.pas"/>
        <IsPartOfProject Value="True"/>
        <UnitName Value="Algorithm"/>
        <CursorPos X="19" Y="18"/>
        <TopLine Value="1"/>
        <UsageCount Value="207"/>
      </Unit27>
      <Unit28>
        <Filename Value="AlgorithmContainer.pas"/>
        <IsPartOfProject Value="True"/>
        <UnitName Value="AlgorithmContainer"/>
        <CursorPos X="17" Y="42"/>
        <TopLine Value="23"/>
        <UsageCount Value="207"/>
      </Unit28>
      <Unit29>
        <Filename Value="ObjSavingStringList.pas"/>
        <IsPartOfProject Value="True"/>
        <UnitName Value="ObjSavingStringList"/>
        <CursorPos X="49" Y="14"/>
        <TopLine Value="1"/>
        <UsageCount Value="207"/>
      </Unit29>
      <Unit30>
        <Filename Value="FFDataFile.pas"/>
        <UnitName Value="FFDataFile"/>
        <CursorPos X="49" Y="13"/>
        <TopLine Value="1"/>
        <UsageCount Value="48"/>
      </Unit30>
      <Unit31>
        <Filename Value="Unit4.pas"/>
        <ComponentName Value="InputMaxRFactorDlg"/>
        <HasResources Value="True"/>
        <IsPartOfProject Value="True"/>
        <ResourceFilename Value="Unit4.lrs"/>
        <UnitName Value="Unit4"/>
        <CursorPos X="1" Y="12"/>
        <TopLine Value="1"/>
        <UsageCount Value="200"/>
      </Unit31>
      <Unit32>
        <Filename Value="ComponentList.pas"/>
        <UnitName Value="ComponentList"/>
        <CursorPos X="1" Y="225"/>
        <TopLine Value="206"/>
        <UsageCount Value="188"/>
      </Unit32>
      <Unit33>
        <Filename Value="Plotter2.pas"/>
        <UnitName Value="Plotter2"/>
        <CursorPos X="30" Y="6"/>
        <TopLine Value="1"/>
        <UsageCount Value="48"/>
      </Unit33>
      <Unit34>
        <Filename Value="Runner.pas"/>
        <IsPartOfProject Value="True"/>
        <UnitName Value="Runner"/>
        <CursorPos X="6" Y="28"/>
        <TopLine Value="10"/>
        <UsageCount Value="207"/>
      </Unit34>
      <Unit35>
        <Filename Value="TableComp.pas"/>
        <UnitName Value="TableComp"/>
        <CursorPos X="16" Y="452"/>
        <TopLine Value="430"/>
        <UsageCount Value="188"/>
      </Unit35>
      <Unit36>
        <Filename Value="NumericGrid.pas"/>
        <UnitName Value="NumericGrid"/>
        <CursorPos X="19" Y="301"/>
        <TopLine Value="293"/>
        <UsageCount Value="181"/>
      </Unit36>
      <Unit37>
        <Filename Value="FitServer.pas"/>
        <IsPartOfProject Value="True"/>
        <UnitName Value="FitServer"/>
        <CursorPos X="1" Y="1"/>
        <TopLine Value="1"/>
        <EditorIndex Value="8"/>
        <UsageCount Value="200"/>
        <Loaded Value="True"/>
      </Unit37>
      <Unit38>
        <Filename Value="FitClient.pas"/>
        <IsPartOfProject Value="True"/>
        <UnitName Value="FitClient"/>
        <CursorPos X="1" Y="1"/>
        <TopLine Value="1"/>
        <EditorIndex Value="9"/>
        <UsageCount Value="200"/>
        <Loaded Value="True"/>
      </Unit38>
      <Unit39>
        <Filename Value="MainCalcThread.pas"/>
        <IsPartOfProject Value="True"/>
        <UnitName Value="MainCalcThread"/>
        <CursorPos X="1" Y="1"/>
        <TopLine Value="1"/>
        <EditorIndex Value="12"/>
        <UsageCount Value="200"/>
        <Loaded Value="True"/>
      </Unit39>
      <Unit40>
        <Filename Value="FitClientStub.pas"/>
        <IsPartOfProject Value="True"/>
        <UnitName Value="FitClientStub"/>
        <CursorPos X="27" Y="35"/>
        <TopLine Value="1"/>
        <UsageCount Value="204"/>
      </Unit40>
      <Unit41>
        <Filename Value="FitServerStub.pas"/>
        <IsPartOfProject Value="True"/>
        <UnitName Value="FitServerStub"/>
        <CursorPos X="1" Y="1"/>
        <TopLine Value="1"/>
        <EditorIndex Value="13"/>
        <UsageCount Value="204"/>
        <Loaded Value="True"/>
      </Unit41>
      <Unit42>
        <Filename Value="FitServerProxy.pas"/>
        <IsPartOfProject Value="True"/>
        <UnitName Value="FitServerProxy"/>
        <CursorPos X="1" Y="1"/>
        <TopLine Value="1"/>
        <UsageCount Value="201"/>
      </Unit42>
      <Unit43>
        <Filename Value="FitClientProxy.pas"/>
        <IsPartOfProject Value="True"/>
        <UnitName Value="FitClientProxy"/>
        <CursorPos X="1" Y="1"/>
        <TopLine Value="1"/>
        <EditorIndex Value="11"/>
        <UsageCount Value="202"/>
        <Loaded Value="True"/>
      </Unit43>
      <Unit44>
        <Filename Value="FitClientApp.pas"/>
        <IsPartOfProject Value="True"/>
        <UnitName Value="FitClientApp"/>
        <CursorPos X="32" Y="23"/>
        <TopLine Value="4"/>
        <UsageCount Value="202"/>
      </Unit44>
      <Unit45>
        <Filename Value="FitServerApp.pas"/>
        <IsPartOfProject Value="True"/>
        <UnitName Value="FitServerApp"/>
        <CursorPos X="1" Y="1"/>
        <TopLine Value="1"/>
        <UsageCount Value="200"/>
      </Unit45>
      <Unit46>
        <Filename Value="FitServerWithThread.pas"/>
        <IsPartOfProject Value="True"/>
        <UnitName Value="FitServerWithThread"/>
        <CursorPos X="1" Y="1"/>
        <TopLine Value="1"/>
        <EditorIndex Value="4"/>
        <UsageCount Value="200"/>
        <Loaded Value="True"/>
      </Unit46>
      <Unit47>
        <Filename Value="FitTaskWithThread.pas"/>
        <IsPartOfProject Value="True"/>
        <UnitName Value="FitTaskWithThread"/>
        <CursorPos X="1" Y="1"/>
        <TopLine Value="1"/>
        <EditorIndex Value="5"/>
        <UsageCount Value="200"/>
        <Loaded Value="True"/>
      </Unit47>
      <Unit48>
        <Filename Value="FitTask.pas"/>
        <IsPartOfProject Value="True"/>
        <UnitName Value="FitTask"/>
        <CursorPos X="1" Y="1"/>
        <TopLine Value="1"/>
        <EditorIndex Value="15"/>
        <UsageCount Value="200"/>
        <Loaded Value="True"/>
      </Unit48>
      <Unit49>
        <Filename Value="FitServerMultithreaded.pas"/>
        <IsPartOfProject Value="True"/>
        <UnitName Value="FitServerMultithreaded"/>
        <CursorPos X="1" Y="1"/>
        <TopLine Value="1"/>
        <EditorIndex Value="3"/>
        <UsageCount Value="200"/>
        <Loaded Value="True"/>
      </Unit49>
      <Unit50>
        <Filename Value="..\..\..\..\..\..\lazarus\fpc\2.2.0\source\rtl\objpas\classes\classesh.inc"/>
        <CursorPos X="17" Y="1244"/>
        <TopLine Value="1224"/>
        <UsageCount Value="6"/>
      </Unit50>
      <Unit51>
        <Filename Value="E:\lazarus\fpc\2.2.0\source\rtl\win\wininc\struct.inc"/>
        <CursorPos X="6" Y="466"/>
        <TopLine Value="448"/>
        <UsageCount Value="1"/>
      </Unit51>
      <Unit52>
        <Filename Value="E:\lazarus\fpc\2.2.0\source\rtl\win\wininc\defines.inc"/>
        <CursorPos X="3" Y="5524"/>
        <TopLine Value="5506"/>
        <UsageCount Value="1"/>
      </Unit52>
      <Unit53>
        <Filename Value="Unit2.pas"/>
        <ComponentName Value="CreateSpecialCurveDlg"/>
        <IsPartOfProject Value="True"/>
        <ResourceFilename Value="Unit2.lrs"/>
        <UnitName Value="Unit2"/>
        <CursorPos X="1" Y="1"/>
        <TopLine Value="1"/>
        <UsageCount Value="201"/>
      </Unit53>
      <Unit54>
        <Filename Value="Settings.pas"/>
        <IsPartOfProject Value="True"/>
        <UnitName Value="Settings"/>
        <CursorPos X="16" Y="21"/>
        <TopLine Value="2"/>
        <UsageCount Value="200"/>
      </Unit54>
      <Unit55>
        <Filename Value="E:\lazarus\components\codetools\laz_xmlread.pas"/>
        <UnitName Value="Laz_XMLRead"/>
        <CursorPos X="1" Y="277"/>
        <TopLine Value="259"/>
        <UsageCount Value="1"/>
      </Unit55>
      <Unit56>
        <Filename Value="Unit7.pas"/>
        <ComponentName Value="SpecialCurvePropDlg"/>
        <HasResources Value="True"/>
        <IsPartOfProject Value="True"/>
        <ResourceFilename Value="Unit7.lrs"/>
        <UnitName Value="Unit7"/>
        <CursorPos X="13" Y="140"/>
        <TopLine Value="122"/>
        <UsageCount Value="203"/>
      </Unit56>
      <Unit57>
        <Filename Value="E:\lazarus\lcl\interfaces\win32\win32listsl.inc"/>
        <CursorPos X="1" Y="483"/>
        <TopLine Value="465"/>
        <UsageCount Value="1"/>
      </Unit57>
      <Unit58>
        <Filename Value="E:\lazarus\lcl\grids.pas"/>
        <UnitName Value="Grids"/>
        <CursorPos X="33" Y="6796"/>
        <TopLine Value="6776"/>
        <UsageCount Value="25"/>
      </Unit58>
      <Unit59>
        <Filename Value="Unit1.lfm"/>
        <CursorPos X="1" Y="1"/>
        <TopLine Value="1"/>
        <EditorIndex Value="1"/>
        <UsageCount Value="70"/>
        <Loaded Value="True"/>
        <SyntaxHighlighter Value="LFM"/>
      </Unit59>
      <Unit60>
        <Filename Value="..\Packages\DclUsr\NumericGrid.pas"/>
        <UnitName Value="NumericGrid"/>
        <CursorPos X="12" Y="608"/>
        <TopLine Value="573"/>
        <UsageCount Value="23"/>
      </Unit60>
      <Unit61>
        <Filename Value="..\Packages\DclUsr\Dclusr40.pas"/>
        <UnitName Value="Dclusr40"/>
        <CursorPos X="1" Y="1"/>
        <TopLine Value="1"/>
        <UsageCount Value="3"/>
      </Unit61>
      <Unit62>
        <Filename Value="..\..\..\..\..\..\lazarus\lcl\stdctrls.pp"/>
        <UnitName Value="StdCtrls"/>
        <CursorPos X="38" Y="238"/>
        <TopLine Value="225"/>
        <UsageCount Value="8"/>
      </Unit62>
      <Unit63>
        <Filename Value="..\..\..\..\..\..\lazarus\lcl\lcltype.pp"/>
        <UnitName Value="LCLType"/>
        <CursorPos X="1" Y="1"/>
        <TopLine Value="1"/>
        <UsageCount Value="10"/>
      </Unit63>
      <Unit64>
        <Filename Value="E:\lazarus\lcl\forms.pp"/>
        <UnitName Value="Forms"/>
        <CursorPos X="64" Y="429"/>
        <TopLine Value="448"/>
        <UsageCount Value="1"/>
      </Unit64>
      <Unit65>
        <Filename Value="E:\lazarus\lcl\lclclasses.pp"/>
        <UnitName Value="LCLClasses"/>
        <CursorPos X="12" Y="32"/>
        <TopLine Value="14"/>
        <UsageCount Value="4"/>
      </Unit65>
      <Unit66>
        <Filename Value="E:\lazarus\fpc\2.2.0\source\packages\base\winunits\commctrl.pp"/>
        <UnitName Value="CommCtrl"/>
        <CursorPos X="43" Y="8739"/>
        <TopLine Value="8713"/>
        <UsageCount Value="4"/>
      </Unit66>
      <Unit67>
        <Filename Value="Unit6.pas"/>
        <ComponentName Value="FormHint"/>
        <ResourceFilename Value="Unit6.lrs"/>
        <UnitName Value="Unit6"/>
        <CursorPos X="32" Y="40"/>
        <TopLine Value="10"/>
        <UsageCount Value="23"/>
      </Unit67>
      <Unit68>
        <Filename Value="E:\lazarus\fpc\2.2.0\source\rtl\win\wininc\ascdef.inc"/>
        <CursorPos X="10" Y="185"/>
        <TopLine Value="167"/>
        <UsageCount Value="1"/>
      </Unit68>
      <Unit69>
        <Filename Value="E:\lazarus\fpc\2.2.0\source\rtl\win\wininc\messages.inc"/>
        <CursorPos X="6" Y="1219"/>
        <TopLine Value="1205"/>
        <UsageCount Value="1"/>
      </Unit69>
      <Unit70>
        <Filename Value="Packages\NumericGrid.pas"/>
        <UnitName Value="NumericGrid"/>
        <CursorPos X="1" Y="1"/>
        <TopLine Value="1"/>
        <UsageCount Value="1"/>
      </Unit70>
      <Unit71>
        <Filename Value="E:\lazarus\lcl\fileutil.pas"/>
        <UnitName Value="FileUtil"/>
        <CursorPos X="2" Y="123"/>
        <TopLine Value="102"/>
        <UsageCount Value="1"/>
      </Unit71>
      <Unit72>
        <Filename Value="Packages\VarGrids.pas"/>
        <UnitName Value="VarGrids"/>
        <CursorPos X="1" Y="1"/>
        <TopLine Value="173"/>
        <UsageCount Value="1"/>
      </Unit72>
      <Unit73>
        <Filename Value="Packages\SelfSaved.pas"/>
        <UnitName Value="SelfSaved"/>
        <CursorPos X="1" Y="1"/>
        <TopLine Value="1"/>
        <UsageCount Value="1"/>
      </Unit73>
      <Unit74>
        <Filename Value="Packages\MyExceptions.pas"/>
        <UnitName Value="MyExceptions"/>
        <CursorPos X="1" Y="1"/>
        <TopLine Value="1"/>
        <UsageCount Value="1"/>
      </Unit74>
      <Unit75>
        <Filename Value="Packages\FitGrids\Tools.pas"/>
        <IsPartOfProject Value="True"/>
        <UnitName Value="Tools"/>
        <UsageCount Value="201"/>
        <SyntaxHighlighter Value="Text"/>
      </Unit75>
      <Unit76>
        <Filename Value="Packages\FitGrids\CBRCComponent.pas"/>
        <IsPartOfProject Value="True"/>
        <UnitName Value="CBRCComponent"/>
        <CursorPos X="1" Y="1"/>
        <TopLine Value="1"/>
        <EditorIndex Value="1"/>
        <UsageCount Value="201"/>
        <Loaded Value="True"/>
      </Unit76>
      <Unit77>
        <Filename Value="Packages\FitGrids\ClassInheritIDs.pas"/>
        <IsPartOfProject Value="True"/>
        <UnitName Value="ClassInheritIDs"/>
        <CursorPos X="74" Y="125"/>
        <TopLine Value="106"/>
        <UsageCount Value="201"/>
      </Unit77>
      <Unit78>
        <Filename Value="Packages\FitGrids\ComponentList.pas"/>
        <IsPartOfProject Value="True"/>
        <UnitName Value="ComponentList"/>
        <CursorPos X="1" Y="150"/>
        <TopLine Value="131"/>
        <UsageCount Value="201"/>
      </Unit78>
      <Unit79>
        <Filename Value="Packages\FitGrids\MyExceptions.pas"/>
        <IsPartOfProject Value="True"/>
        <UnitName Value="MyExceptions"/>
        <CursorPos X="1" Y="1"/>
        <TopLine Value="1"/>
        <EditorIndex Value="14"/>
        <UsageCount Value="201"/>
        <Loaded Value="True"/>
      </Unit79>
      <Unit80>
        <Filename Value="Packages\FitGrids\NumericGrid.pas"/>
        <IsPartOfProject Value="True"/>
        <UnitName Value="NumericGrid"/>
        <CursorPos X="1" Y="1"/>
        <TopLine Value="1"/>
        <UsageCount Value="201"/>
      </Unit80>
      <Unit81>
        <Filename Value="Packages\FitGrids\SelfCopied.pas"/>
        <IsPartOfProject Value="True"/>
        <UnitName Value="SelfCopied"/>
        <UsageCount Value="201"/>
        <SyntaxHighlighter Value="Text"/>
      </Unit81>
      <Unit82>
        <Filename Value="Packages\FitGrids\SelfSaved.pas"/>
        <IsPartOfProject Value="True"/>
        <UnitName Value="SelfSaved"/>
        <UsageCount Value="201"/>
        <SyntaxHighlighter Value="Text"/>
      </Unit82>
      <Unit83>
        <Filename Value="Packages\FitGrids\SimpMath.pas"/>
        <IsPartOfProject Value="True"/>
        <UnitName Value="SimpMath"/>
        <UsageCount Value="201"/>
        <SyntaxHighlighter Value="Text"/>
      </Unit83>
      <Unit84>
        <Filename Value="Packages\FitGrids\TableComp.pas"/>
        <IsPartOfProject Value="True"/>
        <UnitName Value="TableComp"/>
        <UsageCount Value="201"/>
        <SyntaxHighlighter Value="Text"/>
      </Unit84>
      <Unit85>
        <Filename Value="Packages\TAGraph\Component\TAGraph.pas"/>
        <IsPartOfProject Value="True"/>
        <UnitName Value="TAGraph"/>
        <CursorPos X="1" Y="1"/>
        <TopLine Value="1"/>
        <EditorIndex Value="2"/>
        <UsageCount Value="201"/>
        <Loaded Value="True"/>
      </Unit85>
      <Unit86>
        <Filename Value="E:\lazarus\lcl\include\menuitem.inc"/>
        <CursorPos X="1" Y="263"/>
        <TopLine Value="244"/>
        <UsageCount Value="8"/>
      </Unit86>
      <Unit87>
        <Filename Value="E:\lazarus\lcl\controls.pp"/>
        <UnitName Value="Controls"/>
        <CursorPos X="3" Y="1827"/>
        <TopLine Value="1808"/>
        <UsageCount Value="11"/>
      </Unit87>
      <Unit88>
        <Filename Value="Packages\FitGrids\FitGrids.pas"/>
        <UnitName Value="FitGrids"/>
        <CursorPos X="1" Y="1"/>
        <TopLine Value="1"/>
        <EditorIndex Value="6"/>
        <UsageCount Value="10"/>
        <Loaded Value="True"/>
      </Unit88>
      <Unit89>
        <Filename Value="..\..\..\..\..\..\lazarus\fpc\2.2.0\source\rtl\inc\threadh.inc"/>
        <CursorPos X="1" Y="1"/>
        <TopLine Value="1"/>
        <UsageCount Value="10"/>
      </Unit89>
      <Unit90>
        <Filename Value="..\..\..\..\..\..\lazarus\fpc\2.2.0\source\rtl\win\sysosh.inc"/>
        <CursorPos X="1" Y="1"/>
        <TopLine Value="1"/>
        <UsageCount Value="10"/>
      </Unit90>
      <Unit91>
        <Filename Value="..\..\..\..\..\..\lazarus\fpc\2.2.0\source\rtl\inc\systemh.inc"/>
        <CursorPos X="1" Y="1"/>
        <TopLine Value="1"/>
        <UsageCount Value="10"/>
      </Unit91>
    </Units>
    <JumpHistory Count="0" HistoryIndex="-1"/>
  </ProjectOptions>
  <CompilerOptions>
    <Version Value="5"/>
    <PathDelim Value="\"/>
    <Target>
      <Filename Value="o\$(TargetCPU)-$(TargetOS)\fitp2p_linux.exe"/>
    </Target>
    <SearchPaths>
      <IncludeFiles Value="$(LazarusDir)\fpc\2.0.4\source\rtl\win32\wininc\;$(LazarusDir)\lcl\interfaces\win32\;$(LazarusDir)\fpc\2.0.4\source\rtl\win32\;$(LazarusDir)\lcl\include\;$(LazarusDir)\fpc\2.2.0\source\rtl\inc\"/>
      <OtherUnitFiles Value="D:\my\projects\my\science\institute\software\Lazarus\Library\NewVCL\;Packages\FitGrids\;$(LazarusDir)\components\codetools\units\i386-win32\"/>
      <UnitOutputDirectory Value="o\$(TargetCPU)-$(TargetOS)"/>
    </SearchPaths>
    <Parsing>
      <SyntaxOptions>
        <IncludeAssertionCode Value="True"/>
        <DelphiCompat Value="True"/>
      </SyntaxOptions>
    </Parsing>
    <Linking>
      <Debugging>
        <GenerateDebugInfo Value="True"/>
      </Debugging>
      <Options>
        <Win32>
          <GraphicApplication Value="True"/>
        </Win32>
      </Options>
    </Linking>
    <Other>
      <CustomOptions Value="-dFITP2P"/>
      <CompilerPath Value="$(CompPath)"/>
    </Other>
  </CompilerOptions>
  <Debugging>
    <Watches Count="2">
      <Item1>
        <Expression Value="GridBackground.Options"/>
      </Item1>
      <Item2>
        <Expression Value="RFactorIntervals.PointsCount"/>
      </Item2>
    </Watches>
    <Exceptions Count="2">
      <Item1>
        <Name Value="ECodetoolError"/>
      </Item1>
      <Item2>
        <Name Value="EFOpenError"/>
      </Item2>
    </Exceptions>
  </Debugging>
</CONFIG>
