<?xml version="1.0"?>
<CONFIG>
  <ProjectOptions>
    <PathDelim Value="\"/>
    <Version Value="6"/>
    <General>
      <MainUnit Value="0"/>
      <IconPath Value="./"/>
      <TargetFileExt Value=".exe"/>
      <Title Value="FitServer"/>
      <UseXPManifest Value="True"/>
      <ActiveEditorIndexAtStart Value="39"/>
    </General>
    <VersionInfo>
      <UseVersionInfo Value="True"/>
      <AutoIncrementBuild Value="True"/>
      <CurrentVersionNr Value="1"/>
      <CurrentMajorRevNr Value="1"/>
      <CurrentBuildNr Value="224"/>
      <ProjectVersion Value="1.1.0.1"/>
      <FileDescription Value="Server application."/>
      <LegalCopyright Value="Dmitry Morozov"/>
      <ProductName Value="Fit"/>
    </VersionInfo>
    <PublishOptions>
      <Version Value="2"/>
      <IgnoreBinaries Value="False"/>
      <IncludeFileFilter Value="*.(pas|pp|inc|lfm|lpr|lrs|lpi|lpk|sh|xml)"/>
      <ExcludeFileFilter Value="*.(bak|ppu|ppw|o|so);*~;backup"/>
    </PublishOptions>
    <RunParams>
      <local>
        <FormatVersion Value="1"/>
        <LaunchingApplication PathPlusParams="/usr/X11R6/bin/xterm -T 'Lazarus Run Output' -e $(LazarusDir)/tools/runwait.sh $(TargetCmdLine)"/>
      </local>
    </RunParams>
    <RequiredPackages Count="6">
      <Item1>
        <PackageName Value="FitGrids"/>
        <MinVersion Valid="True"/>
      </Item1>
      <Item2>
        <PackageName Value="ta"/>
        <MinVersion Major="1" Minor="1" Valid="True"/>
      </Item2>
      <Item3>
        <PackageName Value="LCL"/>
      </Item3>
      <Item4>
        <PackageName Value="FCL"/>
        <MinVersion Major="1" Valid="True"/>
      </Item4>
      <Item5>
        <PackageName Value="IDEIntf"/>
        <MinVersion Major="1" Valid="True"/>
      </Item5>
      <Item6>
        <PackageName Value="TurboPowerIPro"/>
        <MinVersion Major="1" Valid="True"/>
      </Item6>
    </RequiredPackages>
    <Units Count="120">
      <Unit0>
        <Filename Value="FitServer_.lpr"/>
        <IsPartOfProject Value="True"/>
        <UnitName Value="FitServer_"/>
        <CursorPos X="56" Y="45"/>
        <TopLine Value="10"/>
        <EditorIndex Value="6"/>
        <UsageCount Value="200"/>
        <Loaded Value="True"/>
      </Unit0>
      <Unit1>
        <Filename Value="..\Desktop\Unit1.pas"/>
        <ComponentName Value="Form1"/>
        <HasResources Value="True"/>
        <ResourceFilename Value="..\Desktop\Unit1.lrs"/>
        <UnitName Value="Unit1"/>
        <CursorPos X="34" Y="570"/>
        <TopLine Value="550"/>
        <UsageCount Value="116"/>
        <Bookmarks Count="1">
          <Item0 X="1" Y="468" ID="0"/>
        </Bookmarks>
      </Unit1>
      <Unit2>
        <Filename Value="..\Desktop\DataLoader.pas"/>
        <UnitName Value="DataLoader"/>
        <CursorPos X="5" Y="179"/>
        <TopLine Value="163"/>
        <UsageCount Value="152"/>
      </Unit2>
      <Unit3>
        <Filename Value="..\Desktop\PointSetViewer.pas"/>
        <UnitName Value="PointSetViewer"/>
        <CursorPos X="51" Y="19"/>
        <TopLine Value="1"/>
        <UsageCount Value="152"/>
      </Unit3>
      <Unit4>
        <Filename Value="..\Desktop\Unit3.pas"/>
        <ComponentName Value="InputWavelengthDlg"/>
        <HasResources Value="True"/>
        <ResourceFilename Value="..\Desktop\Unit3.lrs"/>
        <UnitName Value="Unit3"/>
        <CursorPos X="13" Y="48"/>
        <TopLine Value="30"/>
        <UsageCount Value="116"/>
      </Unit4>
      <Unit5>
        <Filename Value="..\Desktop\Unit12.pas"/>
        <ComponentName Value="AboutBox"/>
        <HasResources Value="True"/>
        <ResourceFilename Value="..\Desktop\Unit12.lrs"/>
        <UnitName Value="Unit12"/>
        <CursorPos X="52" Y="49"/>
        <TopLine Value="29"/>
        <UsageCount Value="116"/>
      </Unit5>
      <Unit6>
        <Filename Value="simple_minimizer.pas"/>
        <IsPartOfProject Value="True"/>
        <UnitName Value="simple_minimizer"/>
        <CursorPos X="15" Y="18"/>
        <TopLine Value="1"/>
        <EditorIndex Value="40"/>
        <UsageCount Value="200"/>
        <Loaded Value="True"/>
      </Unit6>
      <Unit7>
        <Filename Value="int_minimizer.pas"/>
        <IsPartOfProject Value="True"/>
        <UnitName Value="int_minimizer"/>
        <CursorPos X="19" Y="12"/>
        <TopLine Value="1"/>
        <EditorIndex Value="38"/>
        <UsageCount Value="200"/>
        <Loaded Value="True"/>
      </Unit7>
      <Unit8>
        <Filename Value="mscr_specimen_list.pas"/>
        <IsPartOfProject Value="True"/>
        <UnitName Value="mscr_specimen_list"/>
        <CursorPos X="41" Y="18"/>
        <TopLine Value="1"/>
        <EditorIndex Value="37"/>
        <UsageCount Value="200"/>
        <Loaded Value="True"/>
      </Unit8>
      <Unit9>
        <Filename Value="..\Desktop\TAGraph\Component\TAGraph.pas"/>
        <UnitName Value="tagraph"/>
        <CursorPos X="24" Y="233"/>
        <TopLine Value="215"/>
        <UsageCount Value="81"/>
      </Unit9>
      <Unit10>
        <Filename Value="downhill_simplex_minimizer.pas"/>
        <IsPartOfProject Value="True"/>
        <UnitName Value="downhill_simplex_minimizer"/>
        <CursorPos X="23" Y="19"/>
        <TopLine Value="1"/>
        <EditorIndex Value="35"/>
        <UsageCount Value="200"/>
        <Loaded Value="True"/>
      </Unit10>
      <Unit11>
        <Filename Value="..\Desktop\Unit5.pas"/>
        <ComponentName Value="InputBackFactorDlg"/>
        <HasResources Value="True"/>
        <ResourceFilename Value="..\Desktop\Unit5.lrs"/>
        <UnitName Value="Unit5"/>
        <CursorPos X="1" Y="50"/>
        <TopLine Value="29"/>
        <UsageCount Value="117"/>
      </Unit11>
      <Unit12>
        <Filename Value="comb_enumerator.pas"/>
        <IsPartOfProject Value="True"/>
        <UnitName Value="comb_enumerator"/>
        <CursorPos X="21" Y="12"/>
        <TopLine Value="1"/>
        <EditorIndex Value="1"/>
        <UsageCount Value="200"/>
        <Loaded Value="True"/>
      </Unit12>
      <Unit13>
        <Filename Value="..\Desktop\SimpMath.pas"/>
        <UnitName Value="SimpMath"/>
        <CursorPos X="1" Y="1"/>
        <TopLine Value="1"/>
        <UsageCount Value="75"/>
      </Unit13>
      <Unit14>
        <Filename Value="..\Desktop\CBRCComponent.pas"/>
        <UnitName Value="CBRCComponent"/>
        <CursorPos X="13" Y="13"/>
        <TopLine Value="1"/>
        <UsageCount Value="75"/>
      </Unit14>
      <Unit15>
        <Filename Value="..\Desktop\SelfSaved.pas"/>
        <UnitName Value="SelfSaved"/>
        <CursorPos X="34" Y="91"/>
        <TopLine Value="70"/>
        <UsageCount Value="92"/>
      </Unit15>
      <Unit16>
        <Filename Value="..\Desktop\ClassInheritIDs.pas"/>
        <UnitName Value="ClassInheritIDs"/>
        <CursorPos X="24" Y="53"/>
        <TopLine Value="35"/>
        <UsageCount Value="72"/>
      </Unit16>
      <Unit17>
        <Filename Value="..\Desktop\MyExceptions.pas"/>
        <UnitName Value="MyExceptions"/>
        <CursorPos X="19" Y="20"/>
        <TopLine Value="1"/>
        <UsageCount Value="81"/>
      </Unit17>
      <Unit18>
        <Filename Value="..\Desktop\Tools.pas"/>
        <UnitName Value="Tools"/>
        <CursorPos X="111" Y="533"/>
        <TopLine Value="521"/>
        <EditorIndex Value="2"/>
        <UsageCount Value="116"/>
        <Loaded Value="True"/>
      </Unit18>
      <Unit19>
        <Filename Value="..\Desktop\SelfCopied.pas"/>
        <UnitName Value="SelfCopied"/>
        <CursorPos X="1" Y="1"/>
        <TopLine Value="1"/>
        <UsageCount Value="100"/>
      </Unit19>
      <Unit20>
        <Filename Value="data_classes.pas"/>
        <IsPartOfProject Value="True"/>
        <UnitName Value="data_classes"/>
        <CursorPos X="18" Y="12"/>
        <TopLine Value="1"/>
        <EditorIndex Value="0"/>
        <UsageCount Value="207"/>
        <Loaded Value="True"/>
      </Unit20>
      <Unit21>
        <Filename Value="math_3d.pas"/>
        <IsPartOfProject Value="True"/>
        <UnitName Value="math_3d"/>
        <CursorPos X="13" Y="12"/>
        <TopLine Value="1"/>
        <EditorIndex Value="41"/>
        <UsageCount Value="207"/>
        <Loaded Value="True"/>
      </Unit21>
      <Unit22>
        <Filename Value="downhill_simplex_container.pas"/>
        <IsPartOfProject Value="True"/>
        <UnitName Value="downhill_simplex_container"/>
        <CursorPos X="21" Y="20"/>
        <TopLine Value="1"/>
        <EditorIndex Value="34"/>
        <UsageCount Value="207"/>
        <Loaded Value="True"/>
      </Unit22>
      <Unit23>
        <Filename Value="..\Desktop\DownhillSimplexAlgorithm.pas"/>
        <UnitName Value="DownhillSimplexAlgorithm"/>
        <CursorPos X="5" Y="449"/>
        <TopLine Value="469"/>
        <UsageCount Value="159"/>
      </Unit23>
      <Unit24>
        <Filename Value="..\Desktop\Decisions.pas"/>
        <UnitName Value="Decisions"/>
        <CursorPos X="62" Y="17"/>
        <TopLine Value="1"/>
        <UsageCount Value="159"/>
      </Unit24>
      <Unit25>
        <Filename Value="..\Desktop\Algorithm.pas"/>
        <UnitName Value="Algorithm"/>
        <CursorPos X="19" Y="18"/>
        <TopLine Value="1"/>
        <UsageCount Value="159"/>
      </Unit25>
      <Unit26>
        <Filename Value="algorithm_container.pas"/>
        <IsPartOfProject Value="True"/>
        <UnitName Value="algorithm_container"/>
        <CursorPos X="52" Y="20"/>
        <TopLine Value="2"/>
        <EditorIndex Value="33"/>
        <UsageCount Value="207"/>
        <Loaded Value="True"/>
      </Unit26>
      <Unit27>
        <Filename Value="obj_saving_string_list.pas"/>
        <IsPartOfProject Value="True"/>
        <UnitName Value="obj_saving_string_list"/>
        <CursorPos X="26" Y="19"/>
        <TopLine Value="1"/>
        <EditorIndex Value="32"/>
        <UsageCount Value="207"/>
        <Loaded Value="True"/>
      </Unit27>
      <Unit28>
        <Filename Value="..\Desktop\Unit4.pas"/>
        <ComponentName Value="InputMaxRFactorDlg"/>
        <HasResources Value="True"/>
        <ResourceFilename Value="..\Desktop\Unit4.lrs"/>
        <UnitName Value="Unit4"/>
        <CursorPos X="1" Y="12"/>
        <TopLine Value="1"/>
        <UsageCount Value="116"/>
      </Unit28>
      <Unit29>
        <Filename Value="..\Desktop\ComponentList.pas"/>
        <UnitName Value="ComponentList"/>
        <CursorPos X="19" Y="45"/>
        <TopLine Value="27"/>
        <UsageCount Value="85"/>
      </Unit29>
      <Unit30>
        <Filename Value="runner_thread.pas"/>
        <IsPartOfProject Value="True"/>
        <UnitName Value="runner_thread"/>
        <CursorPos X="19" Y="12"/>
        <TopLine Value="10"/>
        <EditorIndex Value="31"/>
        <UsageCount Value="207"/>
        <Loaded Value="True"/>
      </Unit30>
      <Unit31>
        <Filename Value="..\Desktop\TableComp.pas"/>
        <UnitName Value="TableComp"/>
        <CursorPos X="1" Y="1"/>
        <TopLine Value="1"/>
        <UsageCount Value="103"/>
      </Unit31>
      <Unit32>
        <Filename Value="..\Desktop\NumericGrid.pas"/>
        <UnitName Value="NumericGrid"/>
        <CursorPos X="19" Y="301"/>
        <TopLine Value="293"/>
        <UsageCount Value="75"/>
      </Unit32>
      <Unit33>
        <Filename Value="..\Common\FitServer.pas"/>
        <UnitName Value="FitServer"/>
        <CursorPos X="123" Y="73"/>
        <TopLine Value="64"/>
        <UsageCount Value="152"/>
      </Unit33>
      <Unit34>
        <Filename Value="..\Desktop\FitClient.pas"/>
        <UnitName Value="FitClient"/>
        <CursorPos X="1" Y="1"/>
        <TopLine Value="1"/>
        <UsageCount Value="117"/>
      </Unit34>
      <Unit35>
        <Filename Value="main_calc_thread.pas"/>
        <IsPartOfProject Value="True"/>
        <UnitName Value="main_calc_thread"/>
        <CursorPos X="34" Y="27"/>
        <TopLine Value="9"/>
        <EditorIndex Value="29"/>
        <UsageCount Value="200"/>
        <Loaded Value="True"/>
      </Unit35>
      <Unit36>
        <Filename Value="..\Desktop\FitClientStub.pas"/>
        <UnitName Value="FitClientStub"/>
        <CursorPos X="43" Y="35"/>
        <TopLine Value="1"/>
        <UsageCount Value="121"/>
      </Unit36>
      <Unit37>
        <Filename Value="fit_server_stub.pas"/>
        <IsPartOfProject Value="True"/>
        <UnitName Value="fit_server_stub"/>
        <CursorPos X="16" Y="19"/>
        <TopLine Value="10"/>
        <EditorIndex Value="47"/>
        <UsageCount Value="204"/>
        <Loaded Value="True"/>
      </Unit37>
      <Unit38>
        <Filename Value="..\Desktop\FitServerProxy.pas"/>
        <UnitName Value="FitServerProxy"/>
        <CursorPos X="1" Y="1"/>
        <TopLine Value="1"/>
        <UsageCount Value="118"/>
      </Unit38>
      <Unit39>
        <Filename Value="..\Desktop\FitClientProxy.pas"/>
        <UnitName Value="FitClientProxy"/>
        <CursorPos X="15" Y="563"/>
        <TopLine Value="544"/>
        <UsageCount Value="120"/>
      </Unit39>
      <Unit40>
        <Filename Value="..\Desktop\FitClientApp.pas"/>
        <UnitName Value="FitClientApp"/>
        <CursorPos X="21" Y="32"/>
        <TopLine Value="1"/>
        <UsageCount Value="132"/>
      </Unit40>
      <Unit41>
        <Filename Value="fit_server_app.pas"/>
        <IsPartOfProject Value="True"/>
        <UnitName Value="fit_server_app"/>
        <CursorPos X="1" Y="1"/>
        <TopLine Value="1"/>
        <EditorIndex Value="46"/>
        <UsageCount Value="200"/>
        <Loaded Value="True"/>
      </Unit41>
      <Unit42>
        <Filename Value="fit_server_with_thread.pas"/>
        <IsPartOfProject Value="True"/>
        <UnitName Value="fit_server_with_thread"/>
        <CursorPos X="1" Y="1"/>
        <TopLine Value="1"/>
        <EditorIndex Value="3"/>
        <UsageCount Value="200"/>
        <Loaded Value="True"/>
      </Unit42>
      <Unit43>
        <Filename Value="fit_task_with_thread.pas"/>
        <IsPartOfProject Value="True"/>
        <UnitName Value="fit_task_with_thread"/>
        <CursorPos X="1" Y="1"/>
        <TopLine Value="1"/>
        <EditorIndex Value="28"/>
        <UsageCount Value="200"/>
        <Loaded Value="True"/>
      </Unit43>
      <Unit44>
        <Filename Value="fit_task.pas"/>
        <IsPartOfProject Value="True"/>
        <UnitName Value="fit_task"/>
        <CursorPos X="18" Y="15"/>
        <TopLine Value="4"/>
        <EditorIndex Value="26"/>
        <UsageCount Value="200"/>
        <Loaded Value="True"/>
      </Unit44>
      <Unit45>
        <Filename Value="fit_server_multithreaded.pas"/>
        <IsPartOfProject Value="True"/>
        <UnitName Value="fit_server_multithreaded"/>
        <CursorPos X="1" Y="1"/>
        <TopLine Value="1"/>
        <EditorIndex Value="50"/>
        <UsageCount Value="200"/>
        <Loaded Value="True"/>
      </Unit45>
      <Unit46>
        <Filename Value="..\Desktop\Unit2.pas"/>
        <ComponentName Value="CreateSpecialCurveDlg"/>
        <ResourceFilename Value="..\Desktop\Unit2.lrs"/>
        <UnitName Value="Unit2"/>
        <CursorPos X="1" Y="1"/>
        <TopLine Value="1"/>
        <UsageCount Value="117"/>
      </Unit46>
      <Unit47>
        <Filename Value="..\Desktop\Settings.pas"/>
        <UnitName Value="Settings"/>
        <CursorPos X="15" Y="132"/>
        <TopLine Value="107"/>
        <UsageCount Value="134"/>
      </Unit47>
      <Unit48>
        <Filename Value="..\Desktop\Unit7.pas"/>
        <ComponentName Value="SpecialCurvePropDlg"/>
        <HasResources Value="True"/>
        <ResourceFilename Value="..\Desktop\Unit7.lrs"/>
        <UnitName Value="Unit7"/>
        <CursorPos X="13" Y="140"/>
        <TopLine Value="122"/>
        <UsageCount Value="119"/>
      </Unit48>
      <Unit49>
        <Filename Value="..\Desktop\Unit1.lfm"/>
        <CursorPos X="1" Y="1"/>
        <TopLine Value="1"/>
        <UsageCount Value="103"/>
        <Loaded Value="True"/>
        <SyntaxHighlighter Value="LFM"/>
      </Unit49>
      <Unit50>
        <Filename Value="..\Desktop\Packages\FitGrids\Tools.pas"/>
        <UnitName Value="Tools"/>
        <UsageCount Value="174"/>
        <SyntaxHighlighter Value="Text"/>
      </Unit50>
      <Unit51>
        <Filename Value="..\Desktop\Packages\FitGrids\CBRCComponent.pas"/>
        <UnitName Value="CBRCComponent"/>
        <CursorPos X="1" Y="1"/>
        <TopLine Value="1"/>
        <UsageCount Value="174"/>
      </Unit51>
      <Unit52>
        <Filename Value="..\Desktop\Packages\FitGrids\ClassInheritIDs.pas"/>
        <UnitName Value="ClassInheritIDs"/>
        <CursorPos X="74" Y="125"/>
        <TopLine Value="106"/>
        <UsageCount Value="174"/>
      </Unit52>
      <Unit53>
        <Filename Value="..\Desktop\Packages\FitGrids\ComponentList.pas"/>
        <UnitName Value="ComponentList"/>
        <CursorPos X="6" Y="39"/>
        <TopLine Value="59"/>
        <UsageCount Value="174"/>
      </Unit53>
      <Unit54>
        <Filename Value="..\Desktop\Packages\FitGrids\MyExceptions.pas"/>
        <UnitName Value="MyExceptions"/>
        <CursorPos X="15" Y="20"/>
        <TopLine Value="1"/>
        <UsageCount Value="174"/>
      </Unit54>
      <Unit55>
        <Filename Value="..\Desktop\Packages\FitGrids\NumericGrid.pas"/>
        <UnitName Value="NumericGrid"/>
        <CursorPos X="127" Y="2362"/>
        <TopLine Value="2360"/>
        <UsageCount Value="174"/>
      </Unit55>
      <Unit56>
        <Filename Value="..\Desktop\Packages\FitGrids\SelfCopied.pas"/>
        <UnitName Value="SelfCopied"/>
        <CursorPos X="5" Y="133"/>
        <TopLine Value="105"/>
        <UsageCount Value="174"/>
      </Unit56>
      <Unit57>
        <Filename Value="..\Desktop\Packages\FitGrids\SelfSaved.pas"/>
        <UnitName Value="SelfSaved"/>
        <UsageCount Value="174"/>
        <SyntaxHighlighter Value="Text"/>
      </Unit57>
      <Unit58>
        <Filename Value="..\Desktop\Packages\FitGrids\SimpMath.pas"/>
        <UnitName Value="SimpMath"/>
        <CursorPos X="66" Y="919"/>
        <TopLine Value="914"/>
        <UsageCount Value="174"/>
      </Unit58>
      <Unit59>
        <Filename Value="..\Desktop\Packages\FitGrids\TableComp.pas"/>
        <UnitName Value="TableComp"/>
        <UsageCount Value="174"/>
        <SyntaxHighlighter Value="Text"/>
      </Unit59>
      <Unit60>
        <Filename Value="..\Desktop\Packages\TAGraph\Component\TAGraph.pas"/>
        <UnitName Value="TAGraph"/>
        <CursorPos X="100" Y="389"/>
        <TopLine Value="382"/>
        <UsageCount Value="174"/>
      </Unit60>
      <Unit61>
        <Filename Value="fit_server_imp.pas"/>
        <UnitName Value="fit_server_imp"/>
        <CursorPos X="26" Y="247"/>
        <TopLine Value="92"/>
        <EditorIndex Value="12"/>
        <UsageCount Value="202"/>
        <Loaded Value="True"/>
      </Unit61>
      <Unit62>
        <Filename Value="fit_server.pas"/>
        <IsPartOfProject Value="True"/>
        <UnitName Value="fit_server"/>
        <CursorPos X="1" Y="1"/>
        <TopLine Value="1"/>
        <EditorIndex Value="4"/>
        <UsageCount Value="201"/>
        <Loaded Value="True"/>
      </Unit62>
      <Unit63>
        <Filename Value="fit_server_binder.pas"/>
        <IsPartOfProject Value="True"/>
        <UnitName Value="fit_server_binder"/>
        <CursorPos X="1" Y="1"/>
        <TopLine Value="1"/>
        <EditorIndex Value="5"/>
        <UsageCount Value="201"/>
        <Loaded Value="True"/>
      </Unit63>
      <Unit64>
        <Filename Value="..\Desktop\Main.pas"/>
        <UnitName Value="Main"/>
        <CursorPos X="1" Y="33"/>
        <TopLine Value="17"/>
        <UsageCount Value="193"/>
      </Unit64>
      <Unit65>
        <Filename Value="..\Desktop\CommonTypes.pas"/>
        <UnitName Value="CommonTypes"/>
        <CursorPos X="9" Y="16"/>
        <TopLine Value="1"/>
        <UsageCount Value="111"/>
      </Unit65>
      <Unit66>
        <Filename Value="form_main.pas"/>
        <ComponentName Value="Form1"/>
        <ResourceFilename Value="form_main.lrs"/>
        <UnitName Value="form_main"/>
        <CursorPos X="1" Y="1"/>
        <TopLine Value="1"/>
        <UsageCount Value="202"/>
      </Unit66>
      <Unit67>
        <Filename Value="..\Desktop\GeneralHashFunctions.pas"/>
        <UnitName Value="GeneralHashfunctions"/>
        <CursorPos X="16" Y="27"/>
        <TopLine Value="23"/>
        <UsageCount Value="160"/>
      </Unit67>
      <Unit68>
        <Filename Value="..\..\..\lazarus\fpc\2.2.0\source\rtl\inc\systemh.inc"/>
        <CursorPos X="3" Y="339"/>
        <TopLine Value="318"/>
        <UsageCount Value="10"/>
      </Unit68>
      <Unit69>
        <Filename Value="..\..\fitgrids\NumericGrid.pas"/>
        <UnitName Value="NumericGrid"/>
        <CursorPos X="9" Y="150"/>
        <TopLine Value="128"/>
        <UsageCount Value="69"/>
      </Unit69>
      <Unit70>
        <Filename Value="..\..\..\lazarus-0.9.24\lcl\interfaces\win32\interfaces.pp"/>
        <UnitName Value="Interfaces"/>
        <CursorPos X="46" Y="45"/>
        <TopLine Value="10"/>
        <EditorIndex Value="9"/>
        <UsageCount Value="116"/>
        <Loaded Value="True"/>
      </Unit70>
      <Unit71>
        <Filename Value="..\Desktop\DataLoaders\DataLoader.pas"/>
        <UnitName Value="DataLoader"/>
        <CursorPos X="1" Y="1"/>
        <TopLine Value="1"/>
        <UsageCount Value="69"/>
      </Unit71>
      <Unit72>
        <Filename Value="..\Desktop\ModelCurves\PointsSet.pas"/>
        <UnitName Value="PointsSet"/>
        <CursorPos X="22" Y="16"/>
        <TopLine Value="1"/>
        <UsageCount Value="89"/>
      </Unit72>
      <Unit73>
        <Filename Value="..\..\fitminimizers\CBRCComponent.pas"/>
        <UnitName Value="CBRCComponent"/>
        <CursorPos X="40" Y="40"/>
        <TopLine Value="1"/>
        <UsageCount Value="89"/>
      </Unit73>
      <Unit74>
        <Filename Value="..\Desktop\ModelCurves\IntPointsSet.pas"/>
        <UnitName Value="IntPointsSet"/>
        <CursorPos X="17" Y="19"/>
        <TopLine Value="1"/>
        <UsageCount Value="89"/>
      </Unit74>
      <Unit75>
        <Filename Value="..\Desktop\ModelCurves\NamedPointsSet.pas"/>
        <UnitName Value="NamedPointsSet"/>
        <CursorPos X="1" Y="1"/>
        <TopLine Value="1"/>
        <UsageCount Value="89"/>
      </Unit75>
      <Unit76>
        <Filename Value="..\Desktop\ModelCurves\CurveTypesSingleton.pas"/>
        <UnitName Value="CurveTypesSingleton"/>
        <CursorPos X="1" Y="39"/>
        <TopLine Value="17"/>
        <UsageCount Value="86"/>
      </Unit76>
      <Unit77>
        <Filename Value="..\Desktop\ModelCurves\UserPointsSet\curvetypeparametersfactory.pas"/>
        <UnitName Value="CurveTypeParametersFactory"/>
        <CursorPos X="88" Y="37"/>
        <TopLine Value="8"/>
        <UsageCount Value="52"/>
      </Unit77>
      <Unit78>
        <Filename Value="..\Desktop\ModelCurves\UserPointsSet\CreateUserPointsSetDlgAdapter.pas"/>
        <UnitName Value="CreateUserPointsSetDlgAdapter"/>
        <CursorPos X="1" Y="41"/>
        <TopLine Value="22"/>
        <UsageCount Value="51"/>
      </Unit78>
      <Unit79>
        <Filename Value="..\..\..\lazarus-0.9.24\fpc\2.2.0\source\rtl\objpas\objpas.pp"/>
        <UnitName Value="objpas"/>
        <CursorPos X="8" Y="28"/>
        <TopLine Value="10"/>
        <UsageCount Value="51"/>
      </Unit79>
      <Unit80>
        <Filename Value="..\Desktop\FitViewer.pas"/>
        <UnitName Value="FitViewer"/>
        <CursorPos X="1" Y="347"/>
        <TopLine Value="306"/>
        <UsageCount Value="86"/>
      </Unit80>
      <Unit81>
        <Filename Value="..\..\fitminimizers-0.9.24\SimpMath.pas"/>
        <UnitName Value="SimpMath"/>
        <CursorPos X="11" Y="939"/>
        <TopLine Value="912"/>
        <UsageCount Value="92"/>
      </Unit81>
      <Unit82>
        <Filename Value="..\..\fitminimizers-0.9.24\Tools.pas"/>
        <UnitName Value="Tools"/>
        <CursorPos X="46" Y="166"/>
        <TopLine Value="148"/>
        <UsageCount Value="71"/>
      </Unit82>
      <Unit83>
        <Filename Value="int_fit_server.pas"/>
        <IsPartOfProject Value="True"/>
        <UnitName Value="int_fit_server"/>
        <CursorPos X="1" Y="1"/>
        <TopLine Value="1"/>
        <EditorIndex Value="49"/>
        <UsageCount Value="200"/>
        <Loaded Value="True"/>
      </Unit83>
      <Unit84>
        <Filename Value="fit_server_proxy.pas"/>
        <UnitName Value="fit_server_proxy"/>
        <CursorPos X="1" Y="15"/>
        <TopLine Value="1"/>
        <EditorIndex Value="48"/>
        <UsageCount Value="100"/>
        <Loaded Value="True"/>
      </Unit84>
      <Unit85>
        <Filename Value="..\Packages\wst-0.5\synapse_tcp_server.pas"/>
        <UnitName Value="synapse_tcp_server"/>
        <CursorPos X="3" Y="71"/>
        <TopLine Value="61"/>
        <EditorIndex Value="11"/>
        <UsageCount Value="100"/>
        <Loaded Value="True"/>
      </Unit85>
      <Unit86>
        <Filename Value="..\Desktop\intclientcallback.pas"/>
        <UnitName Value="IntClientCallback"/>
        <CursorPos X="23" Y="8"/>
        <TopLine Value="1"/>
        <UsageCount Value="86"/>
      </Unit86>
      <Unit87>
        <Filename Value="client_interfaces\fit_server_aux.pas"/>
        <IsPartOfProject Value="True"/>
        <UnitName Value="fit_server_aux"/>
        <CursorPos X="1" Y="1"/>
        <TopLine Value="1"/>
        <EditorIndex Value="20"/>
        <UsageCount Value="228"/>
        <Loaded Value="True"/>
      </Unit87>
      <Unit88>
        <Filename Value="..\Packages\synapse40\source\lib\blcksock.pas"/>
        <UnitName Value="blcksock"/>
        <CursorPos X="42" Y="1282"/>
        <TopLine Value="1264"/>
        <EditorIndex Value="22"/>
        <UsageCount Value="114"/>
        <Loaded Value="True"/>
      </Unit88>
      <Unit89>
        <Filename Value="..\Packages\TAGraph\Component\TAGraph.pas"/>
        <UnitName Value="TAGraph"/>
        <CursorPos X="1" Y="12"/>
        <TopLine Value="1"/>
        <UsageCount Value="106"/>
      </Unit89>
      <Unit90>
        <Filename Value="..\..\fitminimizers-0.9.24\SelfCheckedComponentList.pas"/>
        <UnitName Value="SelfCheckedComponentList"/>
        <CursorPos X="1" Y="159"/>
        <TopLine Value="141"/>
        <UsageCount Value="106"/>
      </Unit90>
      <Unit91>
        <Filename Value="component_list.pas"/>
        <UnitName Value="component_list"/>
        <CursorPos X="20" Y="11"/>
        <TopLine Value="1"/>
        <EditorIndex Value="19"/>
        <UsageCount Value="102"/>
        <Loaded Value="True"/>
      </Unit91>
      <Unit92>
        <Filename Value="..\..\fitminimizers-0.9.24\Decisions.pas"/>
        <UnitName Value="Decisions"/>
        <CursorPos X="30" Y="557"/>
        <TopLine Value="540"/>
        <EditorIndex Value="42"/>
        <UsageCount Value="101"/>
        <Loaded Value="True"/>
      </Unit92>
      <Unit93>
        <Filename Value="..\..\fitminimizers-0.9.24\DownhillSimplexAlgorithm.pas"/>
        <UnitName Value="DownhillSimplexAlgorithm"/>
        <CursorPos X="52" Y="20"/>
        <TopLine Value="2"/>
        <EditorIndex Value="8"/>
        <UsageCount Value="101"/>
        <Loaded Value="True"/>
      </Unit93>
      <Unit94>
        <Filename Value="..\Desktop\ModelCurves\UserPointsSet\UserPointsSet.pas"/>
        <UnitName Value="UserPointsSet"/>
        <CursorPos X="1" Y="22"/>
        <TopLine Value="4"/>
        <UsageCount Value="87"/>
      </Unit94>
      <Unit95>
        <Filename Value="..\Packages\wst-0.5\binary_streamer.pas"/>
        <UnitName Value="binary_streamer"/>
        <CursorPos X="5" Y="419"/>
        <TopLine Value="384"/>
        <EditorIndex Value="43"/>
        <UsageCount Value="100"/>
        <Loaded Value="True"/>
      </Unit95>
      <Unit96>
        <Filename Value="..\Desktop\ModelCurves\CurvePointsSet.pas"/>
        <UnitName Value="CurvePointsSet"/>
        <CursorPos X="1" Y="693"/>
        <TopLine Value="659"/>
        <UsageCount Value="81"/>
      </Unit96>
      <Unit97>
        <Filename Value="..\Packages\synapse40\source\lib\synafpc.pas"/>
        <UnitName Value="synafpc"/>
        <CursorPos X="1" Y="61"/>
        <TopLine Value="41"/>
        <UsageCount Value="115"/>
      </Unit97>
      <Unit98>
        <Filename Value="..\Packages\wst-0.5\imp_utils.pas"/>
        <UnitName Value="imp_utils"/>
        <CursorPos X="1" Y="20"/>
        <TopLine Value="1"/>
        <EditorIndex Value="24"/>
        <UsageCount Value="122"/>
        <Loaded Value="True"/>
      </Unit98>
      <Unit99>
        <Filename Value="..\Packages\wst-0.5\base_service_intf.pas"/>
        <UnitName Value="base_service_intf"/>
        <CursorPos X="1" Y="20"/>
        <TopLine Value="1"/>
        <EditorIndex Value="25"/>
        <UsageCount Value="122"/>
        <Loaded Value="True"/>
      </Unit99>
      <Unit100>
        <Filename Value="..\Packages\wst-0.5\metadata_service_imp.pas"/>
        <UnitName Value="metadata_service_imp"/>
        <CursorPos X="1" Y="19"/>
        <TopLine Value="1"/>
        <EditorIndex Value="44"/>
        <UsageCount Value="122"/>
        <Loaded Value="True"/>
      </Unit100>
      <Unit101>
        <Filename Value="..\Packages\wst-0.5\metadata_service_binder.pas"/>
        <UnitName Value="metadata_service_binder"/>
        <CursorPos X="1" Y="14"/>
        <TopLine Value="1"/>
        <EditorIndex Value="45"/>
        <UsageCount Value="122"/>
        <Loaded Value="True"/>
      </Unit101>
      <Unit102>
        <Filename Value="..\Packages\wst-0.5\config_objects.pas"/>
        <UnitName Value="config_objects"/>
        <CursorPos X="1" Y="24"/>
        <TopLine Value="1"/>
        <UsageCount Value="77"/>
      </Unit102>
      <Unit103>
        <Filename Value="client_interfaces\int_fit_service.pas"/>
        <UnitName Value="int_fit_service"/>
        <CursorPos X="23" Y="20"/>
        <TopLine Value="10"/>
        <EditorIndex Value="27"/>
        <UsageCount Value="122"/>
        <Loaded Value="True"/>
      </Unit103>
      <Unit104>
        <Filename Value="..\..\fitminimizers-0.9.24\CBRCComponent.pas"/>
        <UnitName Value="CBRCComponent"/>
        <CursorPos X="1" Y="61"/>
        <TopLine Value="27"/>
        <EditorIndex Value="10"/>
        <UsageCount Value="110"/>
        <Loaded Value="True"/>
      </Unit104>
      <Unit105>
        <Filename Value="..\Desktop\DataLoaders\int_data_loader.pas"/>
        <UnitName Value="int_data_loader"/>
        <CursorPos X="1" Y="1"/>
        <TopLine Value="1"/>
        <EditorIndex Value="7"/>
        <UsageCount Value="83"/>
        <Loaded Value="True"/>
      </Unit105>
      <Unit106>
        <Filename Value="..\Desktop\ModelCurves\curve_points_set.pas"/>
        <UnitName Value="curve_points_set"/>
        <CursorPos X="19" Y="136"/>
        <TopLine Value="106"/>
        <EditorIndex Value="21"/>
        <UsageCount Value="81"/>
        <Loaded Value="True"/>
      </Unit106>
      <Unit107>
        <Filename Value="..\Desktop\ModelCurves\named_points_set.pas"/>
        <UnitName Value="named_points_set"/>
        <CursorPos X="26" Y="24"/>
        <TopLine Value="15"/>
        <EditorIndex Value="14"/>
        <UsageCount Value="81"/>
        <Loaded Value="True"/>
      </Unit107>
      <Unit108>
        <Filename Value="..\Desktop\ModelCurves\gauss_points_set.pas"/>
        <UnitName Value="gauss_points_set"/>
        <CursorPos X="62" Y="34"/>
        <TopLine Value="16"/>
        <EditorIndex Value="15"/>
        <UsageCount Value="81"/>
        <Loaded Value="True"/>
      </Unit108>
      <Unit109>
        <Filename Value="..\Desktop\ModelCurves\UserPointsSet\user_points_set.pas"/>
        <UnitName Value="user_points_set"/>
        <CursorPos X="29" Y="38"/>
        <TopLine Value="33"/>
        <EditorIndex Value="16"/>
        <UsageCount Value="81"/>
        <Loaded Value="True"/>
      </Unit109>
      <Unit110>
        <Filename Value="..\Desktop\ModelCurves\two_branches_pseudo_voigt_points_set.pas"/>
        <UnitName Value="two_branches_pseudo_voigt_points_set"/>
        <CursorPos X="62" Y="66"/>
        <TopLine Value="48"/>
        <EditorIndex Value="17"/>
        <UsageCount Value="81"/>
        <Loaded Value="True"/>
      </Unit110>
      <Unit111>
        <Filename Value="..\Desktop\ModelCurves\pseudo_voigt_points_set.pas"/>
        <UnitName Value="pseudo_voigt_points_set"/>
        <CursorPos X="39" Y="23"/>
        <TopLine Value="14"/>
        <EditorIndex Value="18"/>
        <UsageCount Value="81"/>
        <Loaded Value="True"/>
      </Unit111>
      <Unit112>
        <Filename Value="FitServer.pas"/>
        <UnitName Value="FitServer"/>
        <CursorPos X="50" Y="36"/>
        <TopLine Value="20"/>
        <UsageCount Value="2"/>
      </Unit112>
      <Unit113>
        <Filename Value="..\Desktop\fit_viewer.pas"/>
        <UnitName Value="fit_viewer"/>
        <CursorPos X="1" Y="1"/>
        <TopLine Value="1"/>
        <EditorIndex Value="23"/>
        <UsageCount Value="52"/>
        <Loaded Value="True"/>
      </Unit113>
      <Unit114>
        <Filename Value="FitTask.pas"/>
        <UnitName Value="FitTask"/>
        <CursorPos X="28" Y="13"/>
        <TopLine Value="5"/>
        <UsageCount Value="2"/>
      </Unit114>
      <Unit115>
        <Filename Value="..\Desktop\ModelCurves\UserPointsSet\configurable_user_points_set.pas"/>
        <UnitName Value="configurable_user_points_set"/>
        <CursorPos X="1" Y="1"/>
        <TopLine Value="1"/>
        <EditorIndex Value="36"/>
        <UsageCount Value="51"/>
        <Loaded Value="True"/>
      </Unit115>
      <Unit116>
        <Filename Value="..\..\..\lazarus-0.9.24\fpc\2.2.0\source\rtl\objpas\classes\classesh.inc"/>
        <CursorPos X="3" Y="1211"/>
        <TopLine Value="1237"/>
        <EditorIndex Value="30"/>
        <UsageCount Value="30"/>
        <Loaded Value="True"/>
      </Unit116>
      <Unit117>
        <Filename Value="..\Desktop\ModelCurves\int_points_set.pas"/>
        <UnitName Value="int_points_set"/>
        <CursorPos X="1" Y="1"/>
        <TopLine Value="1"/>
        <UsageCount Value="6"/>
      </Unit117>
      <Unit118>
        <Filename Value="..\..\..\lazarus-0.9.24\components\images\lazpng.pas"/>
        <UnitName Value="LazPNG"/>
        <CursorPos X="27" Y="79"/>
        <TopLine Value="44"/>
        <EditorIndex Value="13"/>
        <UsageCount Value="30"/>
        <Loaded Value="True"/>
      </Unit118>
      <Unit119>
        <Filename Value="Forms\form_main.pas"/>
        <ComponentName Value="Form1"/>
        <HasResources Value="True"/>
        <ResourceFilename Value="Forms\form_main.lrs"/>
        <UnitName Value="form_main"/>
        <CursorPos X="1" Y="36"/>
        <TopLine Value="7"/>
        <EditorIndex Value="39"/>
        <UsageCount Value="10"/>
        <Loaded Value="True"/>
      </Unit119>
    </Units>
    <JumpHistory Count="0" HistoryIndex="-1"/>
  </ProjectOptions>
  <CompilerOptions>
    <Version Value="5"/>
    <PathDelim Value="\"/>
    <Target>
      <Filename Value="o\$(TargetCPU)-$(TargetOS)\FitServer.exe"/>
    </Target>
    <SearchPaths>
      <IncludeFiles Value="C:\Others\fit\Packages\wst-0.5\;$(LazarusDir)\lcl\interfaces\win32\;$(LazarusDir)\fpc\2.2.0\source\rtl\win32\;$(LazarusDir)\lcl\include\;$(LazarusDir)\fpc\2.2.0\source\rtl\inc\"/>
      <OtherUnitFiles Value="..\Packages\TAGraph\Component\;client_interfaces\;..\Desktop\;..\..\fitminimizers-0.9.24\;..\CgiClient\;..\Desktop\DataLoaders\;..\Desktop\ModelCurves\;..\Desktop\ModelCurves\UserPointsSet\;$(LazarusDir)\components\jpeg\;$(LazarusDir)\components\images\;..\Packages\wst-0.5\;..\Packages\synapse40\source\lib\;$(LazarusDir)\components\codetools\units\i386-win32\"/>
      <UnitOutputDirectory Value="o\FitServer\$(TargetCPU)-$(TargetOS)"/>
    </SearchPaths>
    <Parsing>
      <SyntaxOptions>
        <IncludeAssertionCode Value="True"/>
        <DelphiCompat Value="True"/>
      </SyntaxOptions>
    </Parsing>
    <CodeGeneration>
      <TargetProcessor Value="3"/>
    </CodeGeneration>
    <Linking>
      <Debugging>
        <GenerateDebugInfo Value="True"/>
      </Debugging>
      <Options>
        <Win32>
          <GraphicApplication Value="True"/>
        </Win32>
      </Options>
    </Linking>
    <Other>
      <CustomOptions Value="-dSERVER -dFITSERVER -dEXCLUDE_SOMETHING -dFITCLIENTINSERVER -dLazarus
"/>
      <CompilerPath Value="$(CompPath)"/>
    </Other>
  </CompilerOptions>
  <Debugging>
    <Watches Count="5">
      <Item1>
        <Expression Value="GridBackground.Options"/>
      </Item1>
      <Item2>
        <Expression Value="RFactorIntervals.PointsCount"/>
      </Item2>
      <Item3>
        <Expression Value="ATypeInfo^"/>
      </Item3>
      <Item4>
        <Expression Value="objData"/>
      </Item4>
      <Item5>
        <Expression Value="AData^"/>
      </Item5>
    </Watches>
    <Exceptions Count="2">
      <Item1>
        <Name Value="ECodetoolError"/>
      </Item1>
      <Item2>
        <Name Value="EFOpenError"/>
      </Item2>
    </Exceptions>
  </Debugging>
</CONFIG>
