<?xml version="1.0"?>
<CONFIG>
  <ProjectOptions>
    <PathDelim Value="\"/>
    <Version Value="6"/>
    <General>
      <MainUnit Value="0"/>
      <IconPath Value="./"/>
      <TargetFileExt Value=".exe"/>
      <UseAppBundle Value="False"/>
      <ActiveEditorIndexAtStart Value="17"/>
    </General>
    <VersionInfo>
      <ProjectVersion Value=""/>
    </VersionInfo>
    <PublishOptions>
      <Version Value="2"/>
      <IgnoreBinaries Value="False"/>
      <IncludeFileFilter Value="*.(pas|pp|inc|lfm|lpr|lrs|lpi|lpk|sh|xml)"/>
      <ExcludeFileFilter Value="*.(bak|ppu|ppw|o|so);*~;backup"/>
    </PublishOptions>
    <RunParams>
      <local>
        <FormatVersion Value="1"/>
        <LaunchingApplication PathPlusParams="/usr/X11R6/bin/xterm -T 'Lazarus Run Output' -e $(LazarusDir)/tools/runwait.sh $(TargetCmdLine)"/>
      </local>
    </RunParams>
    <RequiredPackages Count="3">
      <Item1>
        <PackageName Value="CGILaz"/>
      </Item1>
      <Item2>
        <PackageName Value="LCL"/>
        <MinVersion Major="1" Valid="True"/>
      </Item2>
      <Item3>
        <PackageName Value="ta"/>
        <MinVersion Major="1" Minor="1" Valid="True"/>
      </Item3>
    </RequiredPackages>
    <Units Count="66">
      <Unit0>
        <Filename Value="CgiFit.lpr"/>
        <IsPartOfProject Value="True"/>
        <UnitName Value="cgifit"/>
        <CursorPos X="16" Y="14"/>
        <TopLine Value="1"/>
        <EditorIndex Value="0"/>
        <UsageCount Value="200"/>
        <Loaded Value="True"/>
      </Unit0>
      <Unit1>
        <Filename Value="Unit2.pas"/>
        <ComponentName Value="CGIDatamodule2"/>
        <IsPartOfProject Value="True"/>
        <ResourceFilename Value="Unit2.lrs"/>
        <UnitName Value="Unit2"/>
        <CursorPos X="17" Y="11"/>
        <TopLine Value="1"/>
        <EditorIndex Value="8"/>
        <UsageCount Value="202"/>
        <Loaded Value="True"/>
      </Unit1>
      <Unit2>
        <Filename Value="data.pas"/>
        <IsPartOfProject Value="True"/>
        <UnitName Value="data"/>
        <CursorPos X="35" Y="176"/>
        <TopLine Value="137"/>
        <EditorIndex Value="5"/>
        <UsageCount Value="203"/>
        <Loaded Value="True"/>
      </Unit2>
      <Unit3>
        <Filename Value="background.pas"/>
        <IsPartOfProject Value="True"/>
        <UnitName Value="background"/>
        <CursorPos X="29" Y="17"/>
        <TopLine Value="1"/>
        <EditorIndex Value="7"/>
        <UsageCount Value="200"/>
        <Loaded Value="True"/>
      </Unit3>
      <Unit4>
        <Filename Value="background_more.pas"/>
        <IsPartOfProject Value="True"/>
        <UnitName Value="background_more"/>
        <CursorPos X="21" Y="2"/>
        <TopLine Value="1"/>
        <UsageCount Value="200"/>
      </Unit4>
      <Unit5>
        <Filename Value="project_files_empty.pas"/>
        <IsPartOfProject Value="True"/>
        <UnitName Value="project_files_empty"/>
        <CursorPos X="18" Y="16"/>
        <TopLine Value="7"/>
        <UsageCount Value="202"/>
      </Unit5>
      <Unit6>
        <Filename Value="pattern_more.pas"/>
        <IsPartOfProject Value="True"/>
        <UnitName Value="pattern_more"/>
        <CursorPos X="35" Y="7"/>
        <TopLine Value="1"/>
        <EditorIndex Value="6"/>
        <UsageCount Value="205"/>
        <Loaded Value="True"/>
      </Unit6>
      <Unit7>
        <Filename Value="specimen_parameters_file.pas"/>
        <IsPartOfProject Value="True"/>
        <UnitName Value="specimen_parameters_file"/>
        <CursorPos X="16" Y="13"/>
        <TopLine Value="1"/>
        <UsageCount Value="205"/>
      </Unit7>
      <Unit8>
        <Filename Value="specimen_intervals.pas"/>
        <IsPartOfProject Value="True"/>
        <UnitName Value="specimen_intervals"/>
        <CursorPos X="32" Y="19"/>
        <TopLine Value="1"/>
        <UsageCount Value="202"/>
      </Unit8>
      <Unit9>
        <Filename Value="gen_spec_int_progress.pas"/>
        <IsPartOfProject Value="True"/>
        <UnitName Value="gen_spec_int_progress"/>
        <CursorPos X="85" Y="30"/>
        <TopLine Value="9"/>
        <UsageCount Value="202"/>
      </Unit9>
      <Unit10>
        <Filename Value="cgimodules.pas"/>
        <ComponentName Value="CGIDatamodule"/>
        <HasResources Value="True"/>
        <IsPartOfProject Value="True"/>
        <ResourceFilename Value="cgimodules.lrs"/>
        <UnitName Value="cgiModules"/>
        <CursorPos X="17" Y="93"/>
        <TopLine Value="79"/>
        <EditorIndex Value="1"/>
        <UsageCount Value="207"/>
        <Loaded Value="True"/>
      </Unit10>
      <Unit11>
        <Filename Value="start.pas"/>
        <IsPartOfProject Value="True"/>
        <UnitName Value="start"/>
        <CursorPos X="34" Y="82"/>
        <TopLine Value="72"/>
        <UsageCount Value="207"/>
      </Unit11>
      <Unit12>
        <Filename Value="error.pas"/>
        <IsPartOfProject Value="True"/>
        <UnitName Value="error"/>
        <CursorPos X="36" Y="40"/>
        <TopLine Value="8"/>
        <EditorIndex Value="2"/>
        <UsageCount Value="207"/>
        <Loaded Value="True"/>
      </Unit12>
      <Unit13>
        <Filename Value="..\fit_server_proxy.pas"/>
        <UnitName Value="fit_server_proxy"/>
        <CursorPos X="22" Y="1104"/>
        <TopLine Value="1073"/>
        <UsageCount Value="200"/>
      </Unit13>
      <Unit14>
        <Filename Value="..\DataLoader.pas"/>
        <UnitName Value="DataLoader"/>
        <CursorPos X="1" Y="1"/>
        <TopLine Value="1"/>
        <UsageCount Value="199"/>
      </Unit14>
      <Unit15>
        <Filename Value="..\FitClientProxy.pas"/>
        <UnitName Value="FitClientProxy"/>
        <CursorPos X="19" Y="129"/>
        <TopLine Value="109"/>
        <UsageCount Value="110"/>
      </Unit15>
      <Unit16>
        <Filename Value="..\Main.pas"/>
        <UnitName Value="Main"/>
        <CursorPos X="1" Y="261"/>
        <TopLine Value="1"/>
        <UsageCount Value="203"/>
      </Unit16>
      <Unit17>
        <Filename Value="..\Packages\VariousGrids\SelfCopied.pas"/>
        <UnitName Value="SelfCopied"/>
        <CursorPos X="3" Y="2"/>
        <TopLine Value="1"/>
        <UsageCount Value="69"/>
      </Unit17>
      <Unit18>
        <Filename Value="..\CommonTypes.pas"/>
        <UnitName Value="CommonTypes"/>
        <CursorPos X="1" Y="1"/>
        <TopLine Value="1"/>
        <UsageCount Value="201"/>
      </Unit18>
      <Unit19>
        <Filename Value="specimen_positions.pas"/>
        <IsPartOfProject Value="True"/>
        <UnitName Value="specimen_positions"/>
        <CursorPos X="32" Y="19"/>
        <TopLine Value="3"/>
        <UsageCount Value="202"/>
      </Unit19>
      <Unit20>
        <Filename Value="..\MSCRDataClasses.pas"/>
        <UnitName Value="MSCRDataClasses"/>
        <CursorPos X="21" Y="58"/>
        <TopLine Value="46"/>
        <UsageCount Value="199"/>
      </Unit20>
      <Unit21>
        <Filename Value="fitting.pas"/>
        <IsPartOfProject Value="True"/>
        <UnitName Value="fitting"/>
        <CursorPos X="14" Y="65"/>
        <TopLine Value="71"/>
        <UsageCount Value="201"/>
      </Unit21>
      <Unit22>
        <Filename Value="fitting_process.pas"/>
        <IsPartOfProject Value="True"/>
        <UnitName Value="fitting_process"/>
        <CursorPos X="30" Y="28"/>
        <TopLine Value="6"/>
        <UsageCount Value="200"/>
      </Unit22>
      <Unit23>
        <Filename Value="..\Packages\VariousGrids\SimpMath.pas"/>
        <UnitName Value="SimpMath"/>
        <CursorPos X="9" Y="701"/>
        <TopLine Value="682"/>
        <UsageCount Value="69"/>
      </Unit23>
      <Unit24>
        <Filename Value="gen_spec_pos_progress.pas"/>
        <IsPartOfProject Value="True"/>
        <UnitName Value="gen_spec_pos_progress"/>
        <CursorPos X="74" Y="30"/>
        <TopLine Value="9"/>
        <UsageCount Value="204"/>
      </Unit24>
      <Unit25>
        <Filename Value="gen_back_progress.pas"/>
        <IsPartOfProject Value="True"/>
        <UnitName Value="gen_back_progress"/>
        <CursorPos X="67" Y="30"/>
        <TopLine Value="9"/>
        <UsageCount Value="204"/>
      </Unit25>
      <Unit26>
        <Filename Value="fitting_progress.pas"/>
        <IsPartOfProject Value="True"/>
        <UnitName Value="fitting_progress"/>
        <CursorPos X="50" Y="19"/>
        <TopLine Value="1"/>
        <UsageCount Value="204"/>
      </Unit26>
      <Unit27>
        <Filename Value="registration_free.pas"/>
        <IsPartOfProject Value="True"/>
        <UnitName Value="registration_free"/>
        <CursorPos X="42" Y="32"/>
        <TopLine Value="24"/>
        <UsageCount Value="212"/>
      </Unit27>
      <Unit28>
        <Filename Value="Settings.pas"/>
        <IsPartOfProject Value="True"/>
        <UnitName Value="Settings"/>
        <CursorPos X="49" Y="192"/>
        <TopLine Value="1"/>
        <UsageCount Value="201"/>
      </Unit28>
      <Unit29>
        <Filename Value="projects_empty.pas"/>
        <IsPartOfProject Value="True"/>
        <UnitName Value="projects_empty"/>
        <CursorPos X="1" Y="26"/>
        <TopLine Value="5"/>
        <UsageCount Value="200"/>
      </Unit29>
      <Unit30>
        <Filename Value="file_results_empty.pas"/>
        <IsPartOfProject Value="True"/>
        <UnitName Value="file_results_empty"/>
        <CursorPos X="17" Y="9"/>
        <TopLine Value="1"/>
        <UsageCount Value="201"/>
      </Unit30>
      <Unit31>
        <Filename Value="GeneralHashFunctions.pas"/>
        <UnitName Value="GeneralHashfunctions"/>
        <CursorPos X="57" Y="7"/>
        <TopLine Value="1"/>
        <UsageCount Value="98"/>
      </Unit31>
      <Unit32>
        <Filename Value="pattern.pas"/>
        <IsPartOfProject Value="True"/>
        <UnitName Value="pattern"/>
        <CursorPos X="126" Y="16"/>
        <TopLine Value="6"/>
        <EditorIndex Value="4"/>
        <UsageCount Value="200"/>
        <Loaded Value="True"/>
      </Unit32>
      <Unit33>
        <Filename Value="projects.pas"/>
        <IsPartOfProject Value="True"/>
        <UnitName Value="projects"/>
        <CursorPos X="95" Y="16"/>
        <TopLine Value="4"/>
        <UsageCount Value="200"/>
      </Unit33>
      <Unit34>
        <Filename Value="specimen_parameters.pas"/>
        <IsPartOfProject Value="True"/>
        <UnitName Value="specimen_parameters"/>
        <CursorPos X="33" Y="19"/>
        <TopLine Value="1"/>
        <UsageCount Value="200"/>
      </Unit34>
      <Unit35>
        <Filename Value="project_files.pas"/>
        <IsPartOfProject Value="True"/>
        <UnitName Value="project_files"/>
        <CursorPos X="37" Y="20"/>
        <TopLine Value="1"/>
        <UsageCount Value="201"/>
      </Unit35>
      <Unit36>
        <Filename Value="..\GeneralHashFunctions.pas"/>
        <UnitName Value="GeneralHashFunctions"/>
        <UsageCount Value="198"/>
        <SyntaxHighlighter Value="Text"/>
      </Unit36>
      <Unit37>
        <Filename Value="file_results.pas"/>
        <IsPartOfProject Value="True"/>
        <UnitName Value="file_results"/>
        <CursorPos X="29" Y="20"/>
        <TopLine Value="11"/>
        <EditorIndex Value="3"/>
        <UsageCount Value="200"/>
        <Loaded Value="True"/>
      </Unit37>
      <Unit38>
        <Filename Value="..\fit_server.pas"/>
        <UnitName Value="fit_server"/>
        <CursorPos X="27" Y="246"/>
        <TopLine Value="226"/>
        <UsageCount Value="119"/>
      </Unit38>
      <Unit39>
        <Filename Value="E:\lazarus\fpc\2.2.0\source\rtl\objpas\classes\classesh.inc"/>
        <CursorPos X="14" Y="1339"/>
        <TopLine Value="1320"/>
        <UsageCount Value="9"/>
      </Unit39>
      <Unit40>
        <Filename Value="..\..\..\lazarus\fpc\2.2.0\source\rtl\objpas\sysutils\sysutilh.inc"/>
        <CursorPos X="14" Y="172"/>
        <TopLine Value="151"/>
        <UsageCount Value="3"/>
      </Unit40>
      <Unit41>
        <Filename Value="evaluation.pas"/>
        <IsPartOfProject Value="True"/>
        <UnitName Value="evaluation"/>
        <CursorPos X="47" Y="20"/>
        <TopLine Value="6"/>
        <UsageCount Value="200"/>
      </Unit41>
      <Unit42>
        <Filename Value="..\Packages\TAGraph\Component\TAGraph.pas"/>
        <UnitName Value="TAGraph"/>
        <CursorPos X="20" Y="2776"/>
        <TopLine Value="2756"/>
        <UsageCount Value="89"/>
      </Unit42>
      <Unit43>
        <Filename Value="..\..\..\lazarus\fpc\2.2.0\source\packages\fcl-base\src\inc\cgiapp.pp"/>
        <UnitName Value="cgiapp"/>
        <CursorPos X="28" Y="221"/>
        <TopLine Value="200"/>
        <UsageCount Value="4"/>
      </Unit43>
      <Unit44>
        <Filename Value="..\..\..\lazarus\fpc\2.2.0\source\rtl\objpas\sysutils\osutilsh.inc"/>
        <CursorPos X="13" Y="32"/>
        <TopLine Value="21"/>
        <UsageCount Value="4"/>
      </Unit44>
      <Unit45>
        <Filename Value="..\..\..\lazarus\fpc\2.2.0\source\rtl\objpas\sysutils\osutil.inc"/>
        <CursorPos X="18" Y="164"/>
        <TopLine Value="141"/>
        <UsageCount Value="4"/>
      </Unit45>
      <Unit46>
        <Filename Value="..\..\..\lazarus\fpc\2.2.0\source\packages\fcl-base\src\inc\custapp.pp"/>
        <UnitName Value="CustApp"/>
        <CursorPos X="1" Y="502"/>
        <TopLine Value="472"/>
        <UsageCount Value="8"/>
      </Unit46>
      <Unit47>
        <Filename Value="data.inc"/>
        <CursorPos X="48" Y="2"/>
        <TopLine Value="1"/>
        <UsageCount Value="3"/>
      </Unit47>
      <Unit48>
        <Filename Value="..\Desktop\CommonTypes.pas"/>
        <IsPartOfProject Value="True"/>
        <UnitName Value="CommonTypes"/>
        <UsageCount Value="38"/>
        <SyntaxHighlighter Value="Text"/>
      </Unit48>
      <Unit49>
        <Filename Value="..\Desktop\DataLoader.pas"/>
        <IsPartOfProject Value="True"/>
        <UnitName Value="DataLoader"/>
        <CursorPos X="45" Y="18"/>
        <TopLine Value="1"/>
        <UsageCount Value="38"/>
      </Unit49>
      <Unit50>
        <Filename Value="..\Desktop\fit_server_proxy.pas"/>
        <IsPartOfProject Value="True"/>
        <UnitName Value="fit_server_proxy"/>
        <CursorPos X="17" Y="1747"/>
        <TopLine Value="1601"/>
        <EditorIndex Value="16"/>
        <UsageCount Value="38"/>
        <Loaded Value="True"/>
      </Unit50>
      <Unit51>
        <Filename Value="..\Desktop\GeneralHashFunctions.pas"/>
        <IsPartOfProject Value="True"/>
        <UnitName Value="GeneralHashFunctions"/>
        <UsageCount Value="38"/>
        <SyntaxHighlighter Value="Text"/>
      </Unit51>
      <Unit52>
        <Filename Value="..\Desktop\Main.pas"/>
        <IsPartOfProject Value="True"/>
        <UnitName Value="Main"/>
        <CursorPos X="27" Y="60"/>
        <TopLine Value="42"/>
        <EditorIndex Value="13"/>
        <UsageCount Value="38"/>
        <Loaded Value="True"/>
      </Unit52>
      <Unit53>
        <Filename Value="..\Desktop\MSCRDataClasses.pas"/>
        <IsPartOfProject Value="True"/>
        <UnitName Value="MSCRDataClasses"/>
        <CursorPos X="1" Y="1"/>
        <TopLine Value="1"/>
        <UsageCount Value="38"/>
      </Unit53>
      <Unit54>
        <Filename Value="..\..\..\lazarus_lib\FitMinimizers\Tools.pas"/>
        <UnitName Value="Tools"/>
        <CursorPos X="46" Y="166"/>
        <TopLine Value="151"/>
        <UsageCount Value="8"/>
      </Unit54>
      <Unit55>
        <Filename Value="..\..\..\lazarus_lib\FitGrids\NumericGrid.pas"/>
        <UnitName Value="NumericGrid"/>
        <CursorPos X="23" Y="18"/>
        <TopLine Value="8"/>
        <UsageCount Value="8"/>
      </Unit55>
      <Unit56>
        <Filename Value="..\Desktop\FitClientProxy.pas"/>
        <UnitName Value="FitClientProxy"/>
        <CursorPos X="29" Y="156"/>
        <TopLine Value="128"/>
        <UsageCount Value="14"/>
      </Unit56>
      <Unit57>
        <Filename Value="..\Desktop\fit_server.pas"/>
        <UnitName Value="fit_server"/>
        <CursorPos X="13" Y="30"/>
        <TopLine Value="17"/>
        <UsageCount Value="9"/>
      </Unit57>
      <Unit58>
        <Filename Value="..\..\fitminimizers\SimpMath.pas"/>
        <UnitName Value="SimpMath"/>
        <CursorPos X="1" Y="1"/>
        <TopLine Value="1"/>
        <EditorIndex Value="12"/>
        <UsageCount Value="18"/>
        <Loaded Value="True"/>
      </Unit58>
      <Unit59>
        <Filename Value="..\..\fitgrids\NumericGrid.pas"/>
        <UnitName Value="NumericGrid"/>
        <CursorPos X="1" Y="150"/>
        <TopLine Value="132"/>
        <UsageCount Value="9"/>
      </Unit59>
      <Unit60>
        <Filename Value="..\..\..\lazarus-0.9.24\fpc\2.2.0\source\packages\fcl-base\src\inc\custapp.pp"/>
        <UnitName Value="CustApp"/>
        <CursorPos X="1" Y="502"/>
        <TopLine Value="467"/>
        <EditorIndex Value="15"/>
        <UsageCount Value="17"/>
        <Loaded Value="True"/>
      </Unit60>
      <Unit61>
        <Filename Value="..\Desktop\DataLoaders\DataLoader.pas"/>
        <UnitName Value="DataLoader"/>
        <CursorPos X="34" Y="19"/>
        <TopLine Value="1"/>
        <EditorIndex Value="11"/>
        <UsageCount Value="17"/>
        <Loaded Value="True"/>
      </Unit61>
      <Unit62>
        <Filename Value="..\Packages\wst-0.5\service_intf.pas"/>
        <UnitName Value="service_intf"/>
        <CursorPos X="78" Y="12"/>
        <TopLine Value="1"/>
        <EditorIndex Value="10"/>
        <UsageCount Value="17"/>
        <Loaded Value="True"/>
      </Unit62>
      <Unit63>
        <Filename Value="..\Desktop\ModelCurves\NamedPointsSet.pas"/>
        <UnitName Value="NamedPointsSet"/>
        <CursorPos X="35" Y="36"/>
        <TopLine Value="23"/>
        <EditorIndex Value="14"/>
        <UsageCount Value="13"/>
        <Loaded Value="True"/>
      </Unit63>
      <Unit64>
        <Filename Value="..\Desktop\ModelCurves\LorentzPointsSet.pas"/>
        <UnitName Value="LorentzPointsSet"/>
        <CursorPos X="24" Y="32"/>
        <TopLine Value="14"/>
        <EditorIndex Value="9"/>
        <UsageCount Value="13"/>
        <Loaded Value="True"/>
      </Unit64>
      <Unit65>
        <Filename Value="..\Server\client_interfaces\fit_client_proxy.pas"/>
        <UnitName Value="fit_client_proxy"/>
        <CursorPos X="1" Y="1162"/>
        <TopLine Value="10"/>
        <EditorIndex Value="17"/>
        <UsageCount Value="13"/>
        <Loaded Value="True"/>
      </Unit65>
    </Units>
    <JumpHistory Count="5" HistoryIndex="4">
      <Position1>
        <Filename Value="..\Server\client_interfaces\fit_client_proxy.pas"/>
        <Caret Line="174" Column="9" TopLine="151"/>
      </Position1>
      <Position2>
        <Filename Value="..\Server\client_interfaces\fit_client_proxy.pas"/>
        <Caret Line="180" Column="50" TopLine="162"/>
      </Position2>
      <Position3>
        <Filename Value="..\Server\client_interfaces\fit_client_proxy.pas"/>
        <Caret Line="384" Column="11" TopLine="354"/>
      </Position3>
      <Position4>
        <Filename Value="..\Server\client_interfaces\fit_client_proxy.pas"/>
        <Caret Line="397" Column="27" TopLine="374"/>
      </Position4>
      <Position5>
        <Filename Value="..\Server\client_interfaces\fit_client_proxy.pas"/>
        <Caret Line="796" Column="9" TopLine="771"/>
      </Position5>
    </JumpHistory>
  </ProjectOptions>
  <CompilerOptions>
    <Version Value="5"/>
    <PathDelim Value="\"/>
    <Target>
      <Filename Value="o\FitCgi\$(TargetCPU)-$(TargetOS)\fit.cgi"/>
    </Target>
    <SearchPaths>
      <OtherUnitFiles Value="C:\lazarus-0.9.24\components\codetools\;..\Server\;C:\lazarus-0.9.24\ideintf\;C:\lazarus-0.9.24\fpc\2.2.0\source\packages\fcl-base\src\inc\;..\..\FitGrids-0.9.24\;..\..\FitMinimizers-0.9.24\;..\Packages\synapse40\source\lib\;..\Packages\synapse40\source\;..\Packages\wst-0.5\;..\Desktop\;..\Desktop\DataLoaders\;..\Desktop\ModelCurves\;..\Desktop\ModelCurves\UserPointsSet\"/>
      <UnitOutputDirectory Value="o\$(TargetCPU)-$(TargetOS)"/>
    </SearchPaths>
    <Linking>
      <Debugging>
        <StripSymbols Value="True"/>
      </Debugging>
      <LinkSmart Value="True"/>
    </Linking>
    <Other>
      <CustomOptions Value="-dFITCGI -dEXCLUDE_SOMETHING -dLazarus
"/>
      <CompilerPath Value="$(CompPath)"/>
      <ExecuteBefore>
        <Command Value="$(ProjPath)set_fit_compile_time.bat"/>
      </ExecuteBefore>
    </Other>
  </CompilerOptions>
  <Debugging>
    <Exceptions Count="2">
      <Item1>
        <Name Value="ECodetoolError"/>
      </Item1>
      <Item2>
        <Name Value="EFOpenError"/>
      </Item2>
    </Exceptions>
  </Debugging>
</CONFIG>
