<?xml version="1.0"?>
<CONFIG>
  <ProjectOptions>
    <PathDelim Value="\"/>
    <Version Value="6"/>
    <General>
      <MainUnit Value="0"/>
      <IconPath Value="./"/>
      <TargetFileExt Value=".exe"/>
      <UseAppBundle Value="False"/>
      <ActiveEditorIndexAtStart Value="11"/>
    </General>
    <VersionInfo>
      <UseVersionInfo Value="True"/>
      <AutoIncrementBuild Value="True"/>
      <CurrentVersionNr Value="1"/>
      <CurrentMajorRevNr Value="1"/>
      <CurrentBuildNr Value="44"/>
      <ProjectVersion Value="0.0.0.0"/>
      <FileDescription Value="CGI-client application."/>
      <LegalCopyright Value="Dmitry Morozov"/>
      <ProductName Value="Fit"/>
    </VersionInfo>
    <PublishOptions>
      <Version Value="2"/>
      <IgnoreBinaries Value="False"/>
      <IncludeFileFilter Value="*.(pas|pp|inc|lfm|lpr|lrs|lpi|lpk|sh|xml)"/>
      <ExcludeFileFilter Value="*.(bak|ppu|ppw|o|so);*~;backup"/>
    </PublishOptions>
    <RunParams>
      <local>
        <FormatVersion Value="1"/>
        <LaunchingApplication PathPlusParams="/usr/X11R6/bin/xterm -T 'Lazarus Run Output' -e $(LazarusDir)/tools/runwait.sh $(TargetCmdLine)"/>
      </local>
    </RunParams>
    <RequiredPackages Count="3">
      <Item1>
        <PackageName Value="ta"/>
        <MinVersion Major="1" Minor="1" Valid="True"/>
      </Item1>
      <Item2>
        <PackageName Value="LCL"/>
        <MinVersion Major="1" Valid="True"/>
      </Item2>
      <Item3>
        <PackageName Value="CGILaz"/>
      </Item3>
    </RequiredPackages>
    <Units Count="64">
      <Unit0>
        <Filename Value="CgiFit.lpr"/>
        <IsPartOfProject Value="True"/>
        <UnitName Value="cgifit"/>
        <CursorPos X="37" Y="21"/>
        <TopLine Value="1"/>
        <EditorIndex Value="0"/>
        <UsageCount Value="200"/>
        <Loaded Value="True"/>
      </Unit0>
      <Unit1>
        <Filename Value="Unit2.pas"/>
        <ComponentName Value="CGIDatamodule2"/>
        <IsPartOfProject Value="True"/>
        <ResourceFilename Value="Unit2.lrs"/>
        <UnitName Value="Unit2"/>
        <CursorPos X="36" Y="2954"/>
        <TopLine Value="2936"/>
        <EditorIndex Value="24"/>
        <UsageCount Value="202"/>
        <Loaded Value="True"/>
      </Unit1>
      <Unit2>
        <Filename Value="data.pas"/>
        <IsPartOfProject Value="True"/>
        <UnitName Value="data"/>
        <CursorPos X="9" Y="70"/>
        <TopLine Value="41"/>
        <EditorIndex Value="15"/>
        <UsageCount Value="203"/>
        <Loaded Value="True"/>
      </Unit2>
      <Unit3>
        <Filename Value="background.pas"/>
        <IsPartOfProject Value="True"/>
        <UnitName Value="background"/>
        <CursorPos X="15" Y="14"/>
        <TopLine Value="1"/>
        <EditorIndex Value="17"/>
        <UsageCount Value="200"/>
        <Loaded Value="True"/>
      </Unit3>
      <Unit4>
        <Filename Value="background_more.pas"/>
        <IsPartOfProject Value="True"/>
        <UnitName Value="background_more"/>
        <CursorPos X="21" Y="2"/>
        <TopLine Value="1"/>
        <UsageCount Value="200"/>
      </Unit4>
      <Unit5>
        <Filename Value="project_files_empty.pas"/>
        <IsPartOfProject Value="True"/>
        <UnitName Value="project_files_empty"/>
        <CursorPos X="18" Y="16"/>
        <TopLine Value="7"/>
        <UsageCount Value="202"/>
      </Unit5>
      <Unit6>
        <Filename Value="pattern_more.pas"/>
        <IsPartOfProject Value="True"/>
        <UnitName Value="pattern_more"/>
        <CursorPos X="35" Y="7"/>
        <TopLine Value="1"/>
        <EditorIndex Value="16"/>
        <UsageCount Value="205"/>
        <Loaded Value="True"/>
      </Unit6>
      <Unit7>
        <Filename Value="specimen_parameters_file.pas"/>
        <IsPartOfProject Value="True"/>
        <UnitName Value="specimen_parameters_file"/>
        <CursorPos X="16" Y="13"/>
        <TopLine Value="1"/>
        <EditorIndex Value="12"/>
        <UsageCount Value="205"/>
        <Loaded Value="True"/>
      </Unit7>
      <Unit8>
        <Filename Value="specimen_intervals.pas"/>
        <IsPartOfProject Value="True"/>
        <UnitName Value="specimen_intervals"/>
        <CursorPos X="15" Y="13"/>
        <TopLine Value="1"/>
        <EditorIndex Value="21"/>
        <UsageCount Value="202"/>
        <Loaded Value="True"/>
      </Unit8>
      <Unit9>
        <Filename Value="gen_spec_int_progress.pas"/>
        <IsPartOfProject Value="True"/>
        <UnitName Value="gen_spec_int_progress"/>
        <CursorPos X="15" Y="13"/>
        <TopLine Value="1"/>
        <EditorIndex Value="8"/>
        <UsageCount Value="202"/>
        <Loaded Value="True"/>
      </Unit9>
      <Unit10>
        <Filename Value="cgimodules.pas"/>
        <ComponentName Value="CGIDatamodule"/>
        <HasResources Value="True"/>
        <IsPartOfProject Value="True"/>
        <ResourceFilename Value="cgimodules.lrs"/>
        <UnitName Value="cgiModules"/>
        <CursorPos X="17" Y="93"/>
        <TopLine Value="79"/>
        <EditorIndex Value="2"/>
        <UsageCount Value="207"/>
        <Loaded Value="True"/>
      </Unit10>
      <Unit11>
        <Filename Value="start.pas"/>
        <IsPartOfProject Value="True"/>
        <UnitName Value="start"/>
        <CursorPos X="15" Y="176"/>
        <TopLine Value="158"/>
        <EditorIndex Value="23"/>
        <UsageCount Value="207"/>
        <Loaded Value="True"/>
      </Unit11>
      <Unit12>
        <Filename Value="error.pas"/>
        <IsPartOfProject Value="True"/>
        <UnitName Value="error"/>
        <CursorPos X="15" Y="13"/>
        <TopLine Value="1"/>
        <EditorIndex Value="3"/>
        <UsageCount Value="207"/>
        <Loaded Value="True"/>
      </Unit12>
      <Unit13>
        <Filename Value="..\fit_server_proxy.pas"/>
        <UnitName Value="fit_server_proxy"/>
        <CursorPos X="22" Y="1104"/>
        <TopLine Value="1073"/>
        <UsageCount Value="168"/>
      </Unit13>
      <Unit14>
        <Filename Value="..\DataLoader.pas"/>
        <UnitName Value="DataLoader"/>
        <CursorPos X="1" Y="1"/>
        <TopLine Value="1"/>
        <UsageCount Value="167"/>
      </Unit14>
      <Unit15>
        <Filename Value="..\FitClientProxy.pas"/>
        <UnitName Value="FitClientProxy"/>
        <CursorPos X="19" Y="129"/>
        <TopLine Value="109"/>
        <UsageCount Value="78"/>
      </Unit15>
      <Unit16>
        <Filename Value="..\Main.pas"/>
        <UnitName Value="Main"/>
        <CursorPos X="1" Y="261"/>
        <TopLine Value="1"/>
        <UsageCount Value="171"/>
      </Unit16>
      <Unit17>
        <Filename Value="..\Packages\VariousGrids\SelfCopied.pas"/>
        <UnitName Value="SelfCopied"/>
        <CursorPos X="3" Y="2"/>
        <TopLine Value="1"/>
        <UsageCount Value="37"/>
      </Unit17>
      <Unit18>
        <Filename Value="..\CommonTypes.pas"/>
        <UnitName Value="CommonTypes"/>
        <CursorPos X="1" Y="1"/>
        <TopLine Value="1"/>
        <UsageCount Value="169"/>
      </Unit18>
      <Unit19>
        <Filename Value="specimen_positions.pas"/>
        <IsPartOfProject Value="True"/>
        <UnitName Value="specimen_positions"/>
        <CursorPos X="15" Y="13"/>
        <TopLine Value="1"/>
        <EditorIndex Value="18"/>
        <UsageCount Value="202"/>
        <Loaded Value="True"/>
      </Unit19>
      <Unit20>
        <Filename Value="..\MSCRDataClasses.pas"/>
        <UnitName Value="MSCRDataClasses"/>
        <CursorPos X="21" Y="58"/>
        <TopLine Value="46"/>
        <UsageCount Value="167"/>
      </Unit20>
      <Unit21>
        <Filename Value="fitting.pas"/>
        <IsPartOfProject Value="True"/>
        <UnitName Value="fitting"/>
        <CursorPos X="15" Y="13"/>
        <TopLine Value="1"/>
        <EditorIndex Value="22"/>
        <UsageCount Value="201"/>
        <Loaded Value="True"/>
      </Unit21>
      <Unit22>
        <Filename Value="fitting_process.pas"/>
        <IsPartOfProject Value="True"/>
        <UnitName Value="fitting_process"/>
        <CursorPos X="15" Y="22"/>
        <TopLine Value="4"/>
        <EditorIndex Value="4"/>
        <UsageCount Value="200"/>
        <Loaded Value="True"/>
      </Unit22>
      <Unit23>
        <Filename Value="..\Packages\VariousGrids\SimpMath.pas"/>
        <UnitName Value="SimpMath"/>
        <CursorPos X="9" Y="701"/>
        <TopLine Value="682"/>
        <UsageCount Value="37"/>
      </Unit23>
      <Unit24>
        <Filename Value="gen_spec_pos_progress.pas"/>
        <IsPartOfProject Value="True"/>
        <UnitName Value="gen_spec_pos_progress"/>
        <CursorPos X="15" Y="13"/>
        <TopLine Value="1"/>
        <EditorIndex Value="6"/>
        <UsageCount Value="204"/>
        <Loaded Value="True"/>
      </Unit24>
      <Unit25>
        <Filename Value="gen_back_progress.pas"/>
        <IsPartOfProject Value="True"/>
        <UnitName Value="gen_back_progress"/>
        <CursorPos X="15" Y="13"/>
        <TopLine Value="1"/>
        <EditorIndex Value="5"/>
        <UsageCount Value="204"/>
        <Loaded Value="True"/>
      </Unit25>
      <Unit26>
        <Filename Value="fitting_progress.pas"/>
        <IsPartOfProject Value="True"/>
        <UnitName Value="fitting_progress"/>
        <CursorPos X="50" Y="19"/>
        <TopLine Value="1"/>
        <UsageCount Value="204"/>
      </Unit26>
      <Unit27>
        <Filename Value="registration_free.pas"/>
        <IsPartOfProject Value="True"/>
        <UnitName Value="registration_free"/>
        <CursorPos X="15" Y="26"/>
        <TopLine Value="8"/>
        <EditorIndex Value="7"/>
        <UsageCount Value="212"/>
        <Loaded Value="True"/>
      </Unit27>
      <Unit28>
        <Filename Value="Settings.pas"/>
        <IsPartOfProject Value="True"/>
        <UnitName Value="Settings"/>
        <CursorPos X="49" Y="192"/>
        <TopLine Value="1"/>
        <EditorIndex Value="33"/>
        <UsageCount Value="201"/>
        <Loaded Value="True"/>
      </Unit28>
      <Unit29>
        <Filename Value="projects_empty.pas"/>
        <IsPartOfProject Value="True"/>
        <UnitName Value="projects_empty"/>
        <CursorPos X="1" Y="26"/>
        <TopLine Value="5"/>
        <UsageCount Value="200"/>
      </Unit29>
      <Unit30>
        <Filename Value="file_results_empty.pas"/>
        <IsPartOfProject Value="True"/>
        <UnitName Value="file_results_empty"/>
        <CursorPos X="17" Y="9"/>
        <TopLine Value="1"/>
        <UsageCount Value="201"/>
      </Unit30>
      <Unit31>
        <Filename Value="GeneralHashFunctions.pas"/>
        <UnitName Value="GeneralHashfunctions"/>
        <CursorPos X="57" Y="7"/>
        <TopLine Value="1"/>
        <UsageCount Value="66"/>
      </Unit31>
      <Unit32>
        <Filename Value="pattern.pas"/>
        <IsPartOfProject Value="True"/>
        <UnitName Value="pattern"/>
        <CursorPos X="15" Y="14"/>
        <TopLine Value="1"/>
        <EditorIndex Value="14"/>
        <UsageCount Value="200"/>
        <Loaded Value="True"/>
      </Unit32>
      <Unit33>
        <Filename Value="projects.pas"/>
        <IsPartOfProject Value="True"/>
        <UnitName Value="projects"/>
        <CursorPos X="15" Y="14"/>
        <TopLine Value="1"/>
        <EditorIndex Value="9"/>
        <UsageCount Value="200"/>
        <Loaded Value="True"/>
      </Unit33>
      <Unit34>
        <Filename Value="specimen_parameters.pas"/>
        <IsPartOfProject Value="True"/>
        <UnitName Value="specimen_parameters"/>
        <CursorPos X="15" Y="13"/>
        <TopLine Value="1"/>
        <EditorIndex Value="20"/>
        <UsageCount Value="200"/>
        <Loaded Value="True"/>
      </Unit34>
      <Unit35>
        <Filename Value="project_files.pas"/>
        <IsPartOfProject Value="True"/>
        <UnitName Value="project_files"/>
        <CursorPos X="15" Y="14"/>
        <TopLine Value="1"/>
        <EditorIndex Value="10"/>
        <UsageCount Value="201"/>
        <Loaded Value="True"/>
      </Unit35>
      <Unit36>
        <Filename Value="..\GeneralHashFunctions.pas"/>
        <UnitName Value="GeneralHashFunctions"/>
        <UsageCount Value="166"/>
        <SyntaxHighlighter Value="Text"/>
      </Unit36>
      <Unit37>
        <Filename Value="file_results.pas"/>
        <IsPartOfProject Value="True"/>
        <UnitName Value="file_results"/>
        <CursorPos X="28" Y="14"/>
        <TopLine Value="1"/>
        <EditorIndex Value="13"/>
        <UsageCount Value="200"/>
        <Loaded Value="True"/>
      </Unit37>
      <Unit38>
        <Filename Value="..\fit_server.pas"/>
        <UnitName Value="fit_server"/>
        <CursorPos X="27" Y="246"/>
        <TopLine Value="226"/>
        <UsageCount Value="87"/>
      </Unit38>
      <Unit39>
        <Filename Value="evaluation.pas"/>
        <IsPartOfProject Value="True"/>
        <UnitName Value="evaluation"/>
        <CursorPos X="1" Y="1"/>
        <TopLine Value="1"/>
        <EditorIndex Value="32"/>
        <UsageCount Value="200"/>
        <Loaded Value="True"/>
      </Unit39>
      <Unit40>
        <Filename Value="..\Packages\TAGraph\Component\TAGraph.pas"/>
        <UnitName Value="TAGraph"/>
        <CursorPos X="20" Y="2776"/>
        <TopLine Value="2756"/>
        <UsageCount Value="57"/>
      </Unit40>
      <Unit41>
        <Filename Value="..\Desktop\CommonTypes.pas"/>
        <UnitName Value="CommonTypes"/>
        <UsageCount Value="221"/>
        <SyntaxHighlighter Value="Text"/>
      </Unit41>
      <Unit42>
        <Filename Value="..\Desktop\DataLoader.pas"/>
        <UnitName Value="DataLoader"/>
        <CursorPos X="45" Y="18"/>
        <TopLine Value="1"/>
        <UsageCount Value="221"/>
      </Unit42>
      <Unit43>
        <Filename Value="..\Desktop\fit_server_proxy.pas"/>
        <UnitName Value="fit_server_proxy"/>
        <CursorPos X="17" Y="1747"/>
        <TopLine Value="1601"/>
        <UsageCount Value="221"/>
      </Unit43>
      <Unit44>
        <Filename Value="..\Desktop\GeneralHashFunctions.pas"/>
        <UnitName Value="GeneralHashFunctions"/>
        <UsageCount Value="221"/>
        <SyntaxHighlighter Value="Text"/>
      </Unit44>
      <Unit45>
        <Filename Value="..\Desktop\Main.pas"/>
        <UnitName Value="Main"/>
        <CursorPos X="9" Y="44"/>
        <TopLine Value="26"/>
        <UsageCount Value="221"/>
      </Unit45>
      <Unit46>
        <Filename Value="..\Desktop\MSCRDataClasses.pas"/>
        <UnitName Value="MSCRDataClasses"/>
        <CursorPos X="1" Y="1"/>
        <TopLine Value="1"/>
        <UsageCount Value="221"/>
      </Unit46>
      <Unit47>
        <Filename Value="..\..\fitminimizers\SimpMath.pas"/>
        <UnitName Value="SimpMath"/>
        <CursorPos X="1" Y="1"/>
        <TopLine Value="1"/>
        <EditorIndex Value="26"/>
        <UsageCount Value="110"/>
        <Loaded Value="True"/>
      </Unit47>
      <Unit48>
        <Filename Value="..\..\..\lazarus-0.9.24\fpc\2.2.0\source\packages\fcl-base\src\inc\custapp.pp"/>
        <UnitName Value="CustApp"/>
        <CursorPos X="6" Y="97"/>
        <TopLine Value="1"/>
        <EditorIndex Value="29"/>
        <UsageCount Value="109"/>
        <Loaded Value="True"/>
      </Unit48>
      <Unit49>
        <Filename Value="..\Desktop\DataLoaders\DataLoader.pas"/>
        <UnitName Value="DataLoader"/>
        <CursorPos X="34" Y="19"/>
        <TopLine Value="1"/>
        <UsageCount Value="106"/>
      </Unit49>
      <Unit50>
        <Filename Value="..\Packages\wst-0.5\service_intf.pas"/>
        <UnitName Value="service_intf"/>
        <CursorPos X="78" Y="12"/>
        <TopLine Value="1"/>
        <EditorIndex Value="25"/>
        <UsageCount Value="109"/>
        <Loaded Value="True"/>
      </Unit50>
      <Unit51>
        <Filename Value="..\Desktop\ModelCurves\NamedPointsSet.pas"/>
        <UnitName Value="NamedPointsSet"/>
        <CursorPos X="35" Y="36"/>
        <TopLine Value="23"/>
        <UsageCount Value="102"/>
      </Unit51>
      <Unit52>
        <Filename Value="..\Desktop\ModelCurves\LorentzPointsSet.pas"/>
        <UnitName Value="LorentzPointsSet"/>
        <CursorPos X="24" Y="32"/>
        <TopLine Value="14"/>
        <UsageCount Value="102"/>
      </Unit52>
      <Unit53>
        <Filename Value="..\Server\client_interfaces\fit_client_proxy.pas"/>
        <UnitName Value="fit_client_proxy"/>
        <CursorPos X="1" Y="165"/>
        <TopLine Value="157"/>
        <UsageCount Value="47"/>
      </Unit53>
      <Unit54>
        <Filename Value="..\Packages\wst-0.5\binary_formatter.pas"/>
        <UnitName Value="binary_formatter"/>
        <CursorPos X="6" Y="49"/>
        <TopLine Value="1"/>
        <EditorIndex Value="28"/>
        <UsageCount Value="100"/>
        <Loaded Value="True"/>
      </Unit54>
      <Unit55>
        <Filename Value="..\Desktop\FitClient.pas"/>
        <UnitName Value="FitClient"/>
        <CursorPos X="1" Y="1"/>
        <TopLine Value="1"/>
        <UsageCount Value="97"/>
      </Unit55>
      <Unit56>
        <Filename Value="..\Server\client_interfaces\int_fit_service.pas"/>
        <UnitName Value="int_fit_service"/>
        <CursorPos X="1" Y="1"/>
        <TopLine Value="1"/>
        <EditorIndex Value="27"/>
        <UsageCount Value="102"/>
        <Loaded Value="True"/>
      </Unit56>
      <Unit57>
        <Filename Value="..\ClientProxy\fit_client_proxy.pas"/>
        <UnitName Value="fit_client_proxy"/>
        <CursorPos X="1" Y="1"/>
        <TopLine Value="1"/>
        <UsageCount Value="37"/>
      </Unit57>
      <Unit58>
        <Filename Value="..\Desktop\ModelCurves\PseudoVoigtPointsSet.pas"/>
        <UnitName Value="PseudoVoigtPointsSet"/>
        <CursorPos X="1" Y="178"/>
        <TopLine Value="160"/>
        <UsageCount Value="7"/>
      </Unit58>
      <Unit59>
        <Filename Value="..\..\..\lazarus-0.9.24\fpc\2.2.0\source\packages\fcl-base\src\inc\avl_tree.pp"/>
        <UnitName Value="AVL_Tree"/>
        <CursorPos X="22" Y="965"/>
        <TopLine Value="947"/>
        <EditorIndex Value="30"/>
        <UsageCount Value="22"/>
        <Loaded Value="True"/>
      </Unit59>
      <Unit60>
        <Filename Value="..\..\fitgrids-0.9.24\NumericGrid.pas"/>
        <UnitName Value="NumericGrid"/>
        <CursorPos X="46" Y="1150"/>
        <TopLine Value="1133"/>
        <EditorIndex Value="31"/>
        <UsageCount Value="22"/>
        <Loaded Value="True"/>
      </Unit60>
      <Unit61>
        <Filename Value="..\Desktop\table_components.pas"/>
        <UnitName Value="table_components"/>
        <CursorPos X="31" Y="25"/>
        <TopLine Value="1"/>
        <EditorIndex Value="19"/>
        <UsageCount Value="22"/>
        <Loaded Value="True"/>
      </Unit61>
      <Unit62>
        <Filename Value="..\Desktop\fit_client.pas"/>
        <UnitName Value="fit_client"/>
        <CursorPos X="38" Y="1236"/>
        <TopLine Value="1218"/>
        <EditorIndex Value="11"/>
        <UsageCount Value="19"/>
        <Loaded Value="True"/>
      </Unit62>
      <Unit63>
        <Filename Value="..\Desktop\app.pas"/>
        <UnitName Value="app"/>
        <CursorPos X="19" Y="182"/>
        <TopLine Value="164"/>
        <EditorIndex Value="1"/>
        <UsageCount Value="18"/>
        <Loaded Value="True"/>
      </Unit63>
    </Units>
    <JumpHistory Count="1" HistoryIndex="0">
      <Position1>
        <Filename Value="..\Desktop\fit_client.pas"/>
        <Caret Line="1236" Column="28" TopLine="1238"/>
      </Position1>
    </JumpHistory>
  </ProjectOptions>
  <CompilerOptions>
    <Version Value="5"/>
    <PathDelim Value="\"/>
    <Target>
      <Filename Value="o\FitCgi\$(TargetCPU)-$(TargetOS)\fit.cgi"/>
    </Target>
    <SearchPaths>
      <OtherUnitFiles Value="C:\lazarus-0.9.24\components\codetools\;..\Server\;..\Server\client_interfaces\;C:\lazarus-0.9.24\ideintf\;C:\lazarus-0.9.24\fpc\2.2.0\source\packages\fcl-base\src\inc\;..\..\FitGrids-0.9.24\;..\..\FitMinimizers-0.9.24\;..\Packages\synapse40\source\lib\;..\Packages\synapse40\source\;..\Packages\wst-0.5\;..\Desktop\;..\Desktop\DataLoaders\;..\Desktop\ModelCurves\;..\Desktop\ModelCurves\UserPointsSet\"/>
      <UnitOutputDirectory Value="o\$(TargetCPU)-$(TargetOS)"/>
    </SearchPaths>
    <Linking>
      <Debugging>
        <StripSymbols Value="True"/>
      </Debugging>
      <LinkSmart Value="True"/>
    </Linking>
    <Other>
      <CustomOptions Value="-dFITCGI -dEXCLUDE_SOMETHING -dLazarus
"/>
      <CompilerPath Value="$(CompPath)"/>
      <ExecuteBefore>
        <Command Value="$(ProjPath)set_fit_compile_time.bat"/>
      </ExecuteBefore>
    </Other>
  </CompilerOptions>
  <Debugging>
    <Exceptions Count="2">
      <Item1>
        <Name Value="ECodetoolError"/>
      </Item1>
      <Item2>
        <Name Value="EFOpenError"/>
      </Item2>
    </Exceptions>
  </Debugging>
</CONFIG>
