<?xml version="1.0" encoding="UTF-8"?>
<CONFIG>
  <ProjectOptions>
    <Version Value="10"/>
    <PathDelim Value="\"/>
    <General>
      <Flags>
        <LRSInOutputDirectory Value="False"/>
      </Flags>
      <MainUnit Value="0"/>
      <Title Value="Fit"/>
      <UseXPManifest Value="True"/>
    </General>
    <VersionInfo>
      <AutoIncrementBuild Value="True"/>
      <BuildNr Value="1119"/>
      <StringTable ProductVersion="0.0.0.1001"/>
    </VersionInfo>
    <BuildModes Count="2">
      <Item1 Name="Linux" Default="True"/>
      <Item2 Name="default">
        <CompilerOptions>
          <Version Value="11"/>
          <PathDelim Value="\"/>
          <Target>
            <Filename Value="o\$(TargetCPU)-$(TargetOS)\Fit-$(TargetCPU)-$(TargetOS)"/>
          </Target>
          <SearchPaths>
            <IncludeFiles Value="$(LazarusDir)\lcl\interfaces\win32;$(LazarusDir)\lcl\include"/>
            <OtherUnitFiles Value="$(LazarusDir)\components\codetools\units\i386-win32;..\..\fitgrids;..\..\fitminimizers;..\Packages\wst-0.5;..\Packages\synapse40\source\lib;..\CgiClient;DataLoaders;ModelCurves"/>
            <UnitOutputDirectory Value="o\Fit\$(TargetCPU)-$(TargetOS)"/>
          </SearchPaths>
          <Parsing>
            <SyntaxOptions>
              <SyntaxMode Value="Delphi"/>
              <IncludeAssertionCode Value="True"/>
              <UseAnsiStrings Value="False"/>
            </SyntaxOptions>
          </Parsing>
          <Linking>
            <Debugging>
              <DebugInfoType Value="dsStabs"/>
            </Debugging>
            <Options>
              <Win32>
                <GraphicApplication Value="True"/>
              </Win32>
            </Options>
          </Linking>
          <Other>
            <CustomOptions Value="-dFIT
-dFITCLIENT
-dFITSERVER
-dWINDOWS
-dLazarus"/>
            <OtherDefines Count="5">
              <Define0 Value="FIT"/>
              <Define1 Value="FITCLIENT"/>
              <Define2 Value="FITSERVER"/>
              <Define3 Value="WINDOWS"/>
              <Define4 Value="Lazarus"/>
            </OtherDefines>
          </Other>
        </CompilerOptions>
      </Item2>
    </BuildModes>
    <PublishOptions>
      <Version Value="2"/>
      <IgnoreBinaries Value="False"/>
      <IncludeFileFilter Value="*.(pas|pp|inc|lfm|lpr|lrs|lpi|lpk|sh|xml)"/>
      <ExcludeFileFilter Value="*.(bak|ppu|ppw|o|so);*~;backup"/>
    </PublishOptions>
    <RunParams>
      <local>
        <FormatVersion Value="1"/>
        <LaunchingApplication PathPlusParams="/usr/X11R6/bin/xterm -T 'Lazarus Run Output' -e $(LazarusDir)/tools/runwait.sh $(TargetCmdLine)"/>
      </local>
    </RunParams>
    <RequiredPackages Count="7">
      <Item1>
        <PackageName Value="FitMinimizers"/>
      </Item1>
      <Item2>
        <PackageName Value="FitGrids"/>
        <MinVersion Valid="True"/>
      </Item2>
      <Item3>
        <PackageName Value="ta"/>
        <MinVersion Major="1" Minor="1" Valid="True"/>
      </Item3>
      <Item4>
        <PackageName Value="LCL"/>
      </Item4>
      <Item5>
        <PackageName Value="FCL"/>
        <MinVersion Major="1" Valid="True"/>
      </Item5>
      <Item6>
        <PackageName Value="IDEIntf"/>
        <MinVersion Major="1" Valid="True"/>
      </Item6>
      <Item7>
        <PackageName Value="TurboPowerIPro"/>
        <MinVersion Major="1" Valid="True"/>
      </Item7>
    </RequiredPackages>
    <Units Count="93">
      <Unit0>
        <Filename Value="Fit.lpr"/>
        <IsPartOfProject Value="True"/>
        <EditorIndex Value="-1"/>
        <WindowIndex Value="1"/>
        <TopLine Value="18"/>
        <CursorPos X="63" Y="31"/>
        <UsageCount Value="200"/>
        <DefaultSyntaxHighlighter Value="Delphi"/>
      </Unit0>
      <Unit1>
        <Filename Value="Unit1.pas"/>
        <IsPartOfProject Value="True"/>
        <ComponentName Value="FormMain"/>
        <HasResources Value="True"/>
        <ResourceBaseClass Value="Form"/>
        <IsVisibleTab Value="True"/>
        <EditorIndex Value="8"/>
        <WindowIndex Value="1"/>
        <TopLine Value="998"/>
        <CursorPos X="6" Y="1027"/>
        <FoldState Value=" TM Hwd41z"/>
        <UsageCount Value="200"/>
        <Bookmarks Count="1">
          <Item0 Y="475"/>
        </Bookmarks>
        <Loaded Value="True"/>
        <LoadedDesigner Value="True"/>
        <DefaultSyntaxHighlighter Value="Delphi"/>
      </Unit1>
      <Unit2>
        <Filename Value="DataLoader.pas"/>
        <EditorIndex Value="-1"/>
        <WindowIndex Value="1"/>
        <TopLine Value="9"/>
        <CursorPos X="20" Y="536"/>
        <UsageCount Value="147"/>
        <DefaultSyntaxHighlighter Value="Delphi"/>
      </Unit2>
      <Unit3>
        <Filename Value="PointSetViewer.pas"/>
        <EditorIndex Value="-1"/>
        <WindowIndex Value="1"/>
        <TopLine Value="23"/>
        <CursorPos X="33" Y="37"/>
        <UsageCount Value="146"/>
        <DefaultSyntaxHighlighter Value="Delphi"/>
      </Unit3>
      <Unit4>
        <Filename Value="Unit3.pas"/>
        <IsPartOfProject Value="True"/>
        <ComponentName Value="InputWavelengthDlg"/>
        <HasResources Value="True"/>
        <ResourceBaseClass Value="Form"/>
        <EditorIndex Value="-1"/>
        <WindowIndex Value="1"/>
        <TopLine Value="30"/>
        <CursorPos X="13" Y="48"/>
        <UsageCount Value="200"/>
        <DefaultSyntaxHighlighter Value="Delphi"/>
      </Unit4>
      <Unit5>
        <Filename Value="Unit12.pas"/>
        <IsPartOfProject Value="True"/>
        <ComponentName Value="AboutBox"/>
        <HasResources Value="True"/>
        <ResourceBaseClass Value="Form"/>
        <EditorIndex Value="-1"/>
        <WindowIndex Value="1"/>
        <TopLine Value="42"/>
        <CursorPos X="40" Y="58"/>
        <UsageCount Value="200"/>
        <DefaultSyntaxHighlighter Value="Delphi"/>
      </Unit5>
      <Unit6>
        <Filename Value="Minimizer_S.pas"/>
        <IsPartOfProject Value="True"/>
        <EditorIndex Value="-1"/>
        <WindowIndex Value="1"/>
        <TopLine Value="103"/>
        <CursorPos Y="111"/>
        <UsageCount Value="200"/>
        <DefaultSyntaxHighlighter Value="Delphi"/>
      </Unit6>
      <Unit7>
        <Filename Value="Minimizer.pas"/>
        <IsPartOfProject Value="True"/>
        <EditorIndex Value="-1"/>
        <WindowIndex Value="1"/>
        <TopLine Value="84"/>
        <CursorPos X="30" Y="96"/>
        <UsageCount Value="200"/>
        <DefaultSyntaxHighlighter Value="Delphi"/>
      </Unit7>
      <Unit8>
        <Filename Value="MSCRDataClasses.pas"/>
        <IsPartOfProject Value="True"/>
        <EditorIndex Value="-1"/>
        <WindowIndex Value="1"/>
        <CursorPos X="48" Y="19"/>
        <UsageCount Value="200"/>
        <DefaultSyntaxHighlighter Value="Delphi"/>
      </Unit8>
      <Unit9>
        <Filename Value="TAGraph\Component\TAGraph.pas"/>
        <UnitName Value="tagraph"/>
        <EditorIndex Value="-1"/>
        <WindowIndex Value="1"/>
        <TopLine Value="513"/>
        <CursorPos X="29" Y="526"/>
        <UsageCount Value="22"/>
        <DefaultSyntaxHighlighter Value="Delphi"/>
      </Unit9>
      <Unit10>
        <Filename Value="Minimizer_DS.pas"/>
        <IsPartOfProject Value="True"/>
        <EditorIndex Value="-1"/>
        <WindowIndex Value="1"/>
        <TopLine Value="152"/>
        <CursorPos X="23" Y="171"/>
        <UsageCount Value="200"/>
        <DefaultSyntaxHighlighter Value="Delphi"/>
      </Unit10>
      <Unit11>
        <Filename Value="Unit5.pas"/>
        <IsPartOfProject Value="True"/>
        <ComponentName Value="InputBackFactorDlg"/>
        <HasResources Value="True"/>
        <ResourceBaseClass Value="Form"/>
        <EditorIndex Value="-1"/>
        <WindowIndex Value="1"/>
        <TopLine Value="29"/>
        <CursorPos Y="50"/>
        <UsageCount Value="201"/>
        <DefaultSyntaxHighlighter Value="Delphi"/>
      </Unit11>
      <Unit12>
        <Filename Value="CombEnumerator.pas"/>
        <IsPartOfProject Value="True"/>
        <EditorIndex Value="-1"/>
        <WindowIndex Value="1"/>
        <CursorPos X="45" Y="184"/>
        <UsageCount Value="200"/>
        <DefaultSyntaxHighlighter Value="Delphi"/>
      </Unit12>
      <Unit13>
        <Filename Value="SimpMath.pas"/>
        <TopLine Value="6"/>
        <CursorPos X="25" Y="267"/>
        <UsageCount Value="9"/>
        <DefaultSyntaxHighlighter Value="Delphi"/>
      </Unit13>
      <Unit14>
        <Filename Value="CBRCComponent.pas"/>
        <CursorPos X="13" Y="13"/>
        <UsageCount Value="9"/>
        <DefaultSyntaxHighlighter Value="Delphi"/>
      </Unit14>
      <Unit15>
        <Filename Value="ClassInheritIDs.pas"/>
        <IsPartOfProject Value="True"/>
        <TopLine Value="154"/>
        <CursorPos X="17" Y="163"/>
        <UsageCount Value="207"/>
        <DefaultSyntaxHighlighter Value="Delphi"/>
      </Unit15>
      <Unit16>
        <Filename Value="MyExceptions.pas"/>
        <CursorPos X="19" Y="20"/>
        <UsageCount Value="15"/>
        <DefaultSyntaxHighlighter Value="Delphi"/>
      </Unit16>
      <Unit17>
        <Filename Value="Tools.pas"/>
        <EditorIndex Value="-1"/>
        <WindowIndex Value="1"/>
        <TopLine Value="288"/>
        <CursorPos Y="288"/>
        <UsageCount Value="32"/>
        <DefaultSyntaxHighlighter Value="Delphi"/>
      </Unit17>
      <Unit18>
        <Filename Value="SelfCopied.pas"/>
        <EditorIndex Value="-1"/>
        <WindowIndex Value="1"/>
        <TopLine Value="29"/>
        <CursorPos X="38" Y="52"/>
        <UsageCount Value="91"/>
        <DefaultSyntaxHighlighter Value="Delphi"/>
      </Unit18>
      <Unit19>
        <Filename Value="DataClasses.pas"/>
        <IsPartOfProject Value="True"/>
        <EditorIndex Value="-1"/>
        <WindowIndex Value="1"/>
        <TopLine Value="14"/>
        <CursorPos X="79" Y="21"/>
        <UsageCount Value="207"/>
        <DefaultSyntaxHighlighter Value="Delphi"/>
      </Unit19>
      <Unit20>
        <Filename Value="Math3d.pas"/>
        <IsPartOfProject Value="True"/>
        <UsageCount Value="207"/>
        <DefaultSyntaxHighlighter Value="Delphi"/>
      </Unit20>
      <Unit21>
        <Filename Value="DownhillSimplexContainer.pas"/>
        <IsPartOfProject Value="True"/>
        <EditorIndex Value="-1"/>
        <WindowIndex Value="1"/>
        <TopLine Value="61"/>
        <CursorPos X="37" Y="76"/>
        <UsageCount Value="207"/>
        <DefaultSyntaxHighlighter Value="Delphi"/>
      </Unit21>
      <Unit22>
        <Filename Value="DownhillSimplexAlgorithm.pas"/>
        <EditorIndex Value="-1"/>
        <WindowIndex Value="1"/>
        <TopLine Value="147"/>
        <CursorPos X="43" Y="160"/>
        <UsageCount Value="126"/>
        <DefaultSyntaxHighlighter Value="Delphi"/>
      </Unit22>
      <Unit23>
        <Filename Value="Decisions.pas"/>
        <CursorPos X="62" Y="17"/>
        <UsageCount Value="126"/>
        <DefaultSyntaxHighlighter Value="Delphi"/>
      </Unit23>
      <Unit24>
        <Filename Value="Algorithm.pas"/>
        <CursorPos X="19" Y="18"/>
        <UsageCount Value="126"/>
        <DefaultSyntaxHighlighter Value="Delphi"/>
      </Unit24>
      <Unit25>
        <Filename Value="AlgorithmContainer.pas"/>
        <IsPartOfProject Value="True"/>
        <EditorIndex Value="-1"/>
        <WindowIndex Value="1"/>
        <TopLine Value="76"/>
        <CursorPos Y="91"/>
        <UsageCount Value="207"/>
        <DefaultSyntaxHighlighter Value="Delphi"/>
      </Unit25>
      <Unit26>
        <Filename Value="ObjSavingStringList.pas"/>
        <IsPartOfProject Value="True"/>
        <EditorIndex Value="-1"/>
        <WindowIndex Value="1"/>
        <CursorPos X="16" Y="14"/>
        <UsageCount Value="207"/>
        <DefaultSyntaxHighlighter Value="Delphi"/>
      </Unit26>
      <Unit27>
        <Filename Value="Unit4.pas"/>
        <IsPartOfProject Value="True"/>
        <ComponentName Value="InputMaxRFactorDlg"/>
        <HasResources Value="True"/>
        <ResourceBaseClass Value="Form"/>
        <EditorIndex Value="-1"/>
        <WindowIndex Value="1"/>
        <CursorPos X="11" Y="16"/>
        <UsageCount Value="200"/>
        <DefaultSyntaxHighlighter Value="Delphi"/>
      </Unit27>
      <Unit28>
        <Filename Value="ComponentList.pas"/>
        <TopLine Value="206"/>
        <CursorPos Y="225"/>
        <UsageCount Value="16"/>
        <DefaultSyntaxHighlighter Value="Delphi"/>
      </Unit28>
      <Unit29>
        <Filename Value="Runner.pas"/>
        <IsPartOfProject Value="True"/>
        <TopLine Value="10"/>
        <CursorPos X="6" Y="28"/>
        <UsageCount Value="207"/>
        <DefaultSyntaxHighlighter Value="Delphi"/>
      </Unit29>
      <Unit30>
        <Filename Value="TableComp.pas"/>
        <IsPartOfProject Value="True"/>
        <EditorIndex Value="-1"/>
        <WindowIndex Value="1"/>
        <TopLine Value="381"/>
        <CursorPos Y="450"/>
        <UsageCount Value="211"/>
        <DefaultSyntaxHighlighter Value="Delphi"/>
      </Unit30>
      <Unit31>
        <Filename Value="NumericGrid.pas"/>
        <UsageCount Value="9"/>
        <DefaultSyntaxHighlighter Value="Delphi"/>
      </Unit31>
      <Unit32>
        <Filename Value="FitServer.pas"/>
        <IsPartOfProject Value="True"/>
        <EditorIndex Value="-1"/>
        <WindowIndex Value="1"/>
        <TopLine Value="2255"/>
        <CursorPos X="21" Y="2272"/>
        <UsageCount Value="200"/>
        <DefaultSyntaxHighlighter Value="Delphi"/>
      </Unit32>
      <Unit33>
        <Filename Value="FitClient.pas"/>
        <IsPartOfProject Value="True"/>
        <EditorIndex Value="-1"/>
        <WindowIndex Value="1"/>
        <TopLine Value="1268"/>
        <CursorPos X="25" Y="1298"/>
        <UsageCount Value="200"/>
        <DefaultSyntaxHighlighter Value="Delphi"/>
      </Unit33>
      <Unit34>
        <Filename Value="MainCalcThread.pas"/>
        <IsPartOfProject Value="True"/>
        <EditorIndex Value="-1"/>
        <WindowIndex Value="1"/>
        <TopLine Value="43"/>
        <CursorPos Y="57"/>
        <UsageCount Value="200"/>
        <DefaultSyntaxHighlighter Value="Delphi"/>
      </Unit34>
      <Unit35>
        <Filename Value="FitClientStub.pas"/>
        <IsPartOfProject Value="True"/>
        <EditorIndex Value="-1"/>
        <WindowIndex Value="1"/>
        <TopLine Value="36"/>
        <CursorPos X="27" Y="45"/>
        <UsageCount Value="204"/>
        <DefaultSyntaxHighlighter Value="Delphi"/>
      </Unit35>
      <Unit36>
        <Filename Value="FitServerStub.pas"/>
        <IsPartOfProject Value="True"/>
        <EditorIndex Value="-1"/>
        <WindowIndex Value="1"/>
        <TopLine Value="889"/>
        <CursorPos X="27" Y="919"/>
        <UsageCount Value="204"/>
        <DefaultSyntaxHighlighter Value="Delphi"/>
      </Unit36>
      <Unit37>
        <Filename Value="FitServerProxy.pas"/>
        <IsPartOfProject Value="True"/>
        <EditorIndex Value="-1"/>
        <WindowIndex Value="1"/>
        <TopLine Value="9"/>
        <CursorPos X="43" Y="24"/>
        <UsageCount Value="201"/>
        <DefaultSyntaxHighlighter Value="Delphi"/>
      </Unit37>
      <Unit38>
        <Filename Value="FitClientProxy.pas"/>
        <IsPartOfProject Value="True"/>
        <EditorIndex Value="-1"/>
        <WindowIndex Value="1"/>
        <TopLine Value="245"/>
        <CursorPos Y="261"/>
        <UsageCount Value="202"/>
        <DefaultSyntaxHighlighter Value="Delphi"/>
      </Unit38>
      <Unit39>
        <Filename Value="FitClientApp.pas"/>
        <IsPartOfProject Value="True"/>
        <EditorIndex Value="-1"/>
        <WindowIndex Value="1"/>
        <CursorPos X="18" Y="25"/>
        <UsageCount Value="202"/>
        <DefaultSyntaxHighlighter Value="Delphi"/>
      </Unit39>
      <Unit40>
        <Filename Value="FitServerApp.pas"/>
        <IsPartOfProject Value="True"/>
        <EditorIndex Value="-1"/>
        <WindowIndex Value="1"/>
        <UsageCount Value="200"/>
        <DefaultSyntaxHighlighter Value="Delphi"/>
      </Unit40>
      <Unit41>
        <Filename Value="FitServerWithThread.pas"/>
        <IsPartOfProject Value="True"/>
        <EditorIndex Value="-1"/>
        <WindowIndex Value="1"/>
        <TopLine Value="102"/>
        <CursorPos X="15" Y="140"/>
        <UsageCount Value="200"/>
        <DefaultSyntaxHighlighter Value="Delphi"/>
      </Unit41>
      <Unit42>
        <Filename Value="FitTaskWithThread.pas"/>
        <IsPartOfProject Value="True"/>
        <EditorIndex Value="-1"/>
        <WindowIndex Value="1"/>
        <TopLine Value="24"/>
        <CursorPos X="30" Y="177"/>
        <UsageCount Value="200"/>
        <DefaultSyntaxHighlighter Value="Delphi"/>
      </Unit42>
      <Unit43>
        <Filename Value="FitTask.pas"/>
        <IsPartOfProject Value="True"/>
        <EditorIndex Value="9"/>
        <WindowIndex Value="1"/>
        <TopLine Value="1310"/>
        <CursorPos X="54" Y="1321"/>
        <FoldState Value=" T0?74N."/>
        <UsageCount Value="200"/>
        <Loaded Value="True"/>
        <DefaultSyntaxHighlighter Value="Delphi"/>
      </Unit43>
      <Unit44>
        <Filename Value="FitServerMultithreaded.pas"/>
        <IsPartOfProject Value="True"/>
        <EditorIndex Value="-1"/>
        <WindowIndex Value="1"/>
        <CursorPos Y="30"/>
        <UsageCount Value="200"/>
        <DefaultSyntaxHighlighter Value="Delphi"/>
      </Unit44>
      <Unit45>
        <Filename Value="Unit2.pas"/>
        <IsPartOfProject Value="True"/>
        <ComponentName Value="CreateSpecialCurveDlg"/>
        <HasResources Value="True"/>
        <ResourceBaseClass Value="Form"/>
        <EditorIndex Value="-1"/>
        <WindowIndex Value="1"/>
        <CursorPos X="22" Y="12"/>
        <UsageCount Value="201"/>
        <DefaultSyntaxHighlighter Value="Delphi"/>
      </Unit45>
      <Unit46>
        <Filename Value="Settings.pas"/>
        <IsPartOfProject Value="True"/>
        <EditorIndex Value="-1"/>
        <WindowIndex Value="1"/>
        <TopLine Value="61"/>
        <CursorPos X="18" Y="78"/>
        <UsageCount Value="200"/>
        <DefaultSyntaxHighlighter Value="Delphi"/>
      </Unit46>
      <Unit47>
        <Filename Value="Unit7.pas"/>
        <IsPartOfProject Value="True"/>
        <ComponentName Value="SpecialCurvePropDlg"/>
        <HasResources Value="True"/>
        <ResourceBaseClass Value="Form"/>
        <EditorIndex Value="-1"/>
        <WindowIndex Value="1"/>
        <TopLine Value="7"/>
        <CursorPos X="58" Y="20"/>
        <UsageCount Value="203"/>
        <DefaultSyntaxHighlighter Value="Delphi"/>
      </Unit47>
      <Unit48>
        <Filename Value="Packages\FitGrids\Tools.pas"/>
        <EditorIndex Value="-1"/>
        <WindowIndex Value="1"/>
        <UsageCount Value="120"/>
        <DefaultSyntaxHighlighter Value="Delphi"/>
      </Unit48>
      <Unit49>
        <Filename Value="Packages\FitGrids\CBRCComponent.pas"/>
        <UsageCount Value="120"/>
        <DefaultSyntaxHighlighter Value="Delphi"/>
      </Unit49>
      <Unit50>
        <Filename Value="Packages\FitGrids\ClassInheritIDs.pas"/>
        <TopLine Value="106"/>
        <CursorPos X="74" Y="125"/>
        <UsageCount Value="120"/>
        <DefaultSyntaxHighlighter Value="Delphi"/>
      </Unit50>
      <Unit51>
        <Filename Value="Packages\FitGrids\ComponentList.pas"/>
        <TopLine Value="131"/>
        <CursorPos Y="150"/>
        <UsageCount Value="120"/>
        <DefaultSyntaxHighlighter Value="Delphi"/>
      </Unit51>
      <Unit52>
        <Filename Value="Packages\FitGrids\MyExceptions.pas"/>
        <UsageCount Value="120"/>
        <DefaultSyntaxHighlighter Value="Delphi"/>
      </Unit52>
      <Unit53>
        <Filename Value="Packages\FitGrids\NumericGrid.pas"/>
        <EditorIndex Value="-1"/>
        <WindowIndex Value="1"/>
        <TopLine Value="25"/>
        <CursorPos Y="45"/>
        <UsageCount Value="120"/>
        <DefaultSyntaxHighlighter Value="Delphi"/>
      </Unit53>
      <Unit54>
        <Filename Value="Packages\FitGrids\SelfCopied.pas"/>
        <UsageCount Value="120"/>
        <DefaultSyntaxHighlighter Value="Delphi"/>
      </Unit54>
      <Unit55>
        <Filename Value="Packages\FitGrids\SelfSaved.pas"/>
        <UsageCount Value="120"/>
        <DefaultSyntaxHighlighter Value="Delphi"/>
      </Unit55>
      <Unit56>
        <Filename Value="Packages\FitGrids\SimpMath.pas"/>
        <EditorIndex Value="-1"/>
        <WindowIndex Value="1"/>
        <TopLine Value="490"/>
        <CursorPos Y="503"/>
        <UsageCount Value="120"/>
        <DefaultSyntaxHighlighter Value="Delphi"/>
      </Unit56>
      <Unit57>
        <Filename Value="Packages\FitGrids\TableComp.pas"/>
        <UsageCount Value="120"/>
        <DefaultSyntaxHighlighter Value="Delphi"/>
      </Unit57>
      <Unit58>
        <Filename Value="Packages\TAGraph\Component\TAGraph.pas"/>
        <EditorIndex Value="-1"/>
        <WindowIndex Value="1"/>
        <TopLine Value="831"/>
        <CursorPos X="23" Y="856"/>
        <UsageCount Value="120"/>
        <DefaultSyntaxHighlighter Value="Delphi"/>
      </Unit58>
      <Unit59>
        <Filename Value="Main.pas"/>
        <IsPartOfProject Value="True"/>
        <EditorIndex Value="-1"/>
        <WindowIndex Value="1"/>
        <TopLine Value="171"/>
        <CursorPos X="30" Y="186"/>
        <UsageCount Value="202"/>
        <DefaultSyntaxHighlighter Value="Delphi"/>
      </Unit59>
      <Unit60>
        <Filename Value="CommonTypes.pas"/>
        <IsPartOfProject Value="True"/>
        <EditorIndex Value="-1"/>
        <WindowIndex Value="1"/>
        <TopLine Value="9"/>
        <CursorPos Y="21"/>
        <UsageCount Value="215"/>
        <DefaultSyntaxHighlighter Value="Delphi"/>
      </Unit60>
      <Unit61>
        <Filename Value="C:\lazarus\lcl\include\control.inc"/>
        <EditorIndex Value="-1"/>
        <WindowIndex Value="1"/>
        <TopLine Value="3656"/>
        <CursorPos Y="3667"/>
        <UsageCount Value="22"/>
      </Unit61>
      <Unit62>
        <Filename Value="C:\lazarus\fpc\2.6.4\source\rtl\objpas\classes\classesh.inc"/>
        <EditorIndex Value="-1"/>
        <WindowIndex Value="1"/>
        <UsageCount Value="24"/>
      </Unit62>
      <Unit63>
        <Filename Value="intclientcallback.pas"/>
        <IsPartOfProject Value="True"/>
        <UnitName Value="IntClientCallback"/>
        <EditorIndex Value="-1"/>
        <WindowIndex Value="1"/>
        <TopLine Value="5"/>
        <CursorPos X="5" Y="24"/>
        <UsageCount Value="219"/>
        <DefaultSyntaxHighlighter Value="Delphi"/>
      </Unit63>
      <Unit64>
        <Filename Value="intfitviewer.pas"/>
        <IsPartOfProject Value="True"/>
        <UnitName Value="IntFitViewer"/>
        <EditorIndex Value="-1"/>
        <WindowIndex Value="1"/>
        <CursorPos X="62" Y="20"/>
        <UsageCount Value="219"/>
        <DefaultSyntaxHighlighter Value="Delphi"/>
      </Unit64>
      <Unit65>
        <Filename Value="FitViewer.pas"/>
        <IsPartOfProject Value="True"/>
        <EditorIndex Value="-1"/>
        <WindowIndex Value="1"/>
        <TopLine Value="302"/>
        <CursorPos X="21" Y="316"/>
        <UsageCount Value="245"/>
        <DefaultSyntaxHighlighter Value="Delphi"/>
      </Unit65>
      <Unit66>
        <Filename Value="DataLoaders\DataLoader.pas"/>
        <IsPartOfProject Value="True"/>
        <EditorIndex Value="-1"/>
        <WindowIndex Value="1"/>
        <CursorPos X="21" Y="19"/>
        <UsageCount Value="222"/>
        <DefaultSyntaxHighlighter Value="Delphi"/>
      </Unit66>
      <Unit67>
        <Filename Value="PointsSets.pas"/>
        <EditorIndex Value="-1"/>
        <WindowIndex Value="1"/>
        <TopLine Value="38"/>
        <CursorPos X="22" Y="64"/>
        <UsageCount Value="74"/>
        <DefaultSyntaxHighlighter Value="Delphi"/>
      </Unit67>
      <Unit68>
        <Filename Value="DataLoaders\IntDataLoader.pas"/>
        <IsPartOfProject Value="True"/>
        <EditorIndex Value="-1"/>
        <WindowIndex Value="1"/>
        <TopLine Value="2"/>
        <CursorPos X="16" Y="22"/>
        <UsageCount Value="216"/>
        <DefaultSyntaxHighlighter Value="Delphi"/>
      </Unit68>
      <Unit69>
        <Filename Value="DataLoaders\IntDataLoaderInjector.pas"/>
        <IsPartOfProject Value="True"/>
        <EditorIndex Value="-1"/>
        <WindowIndex Value="1"/>
        <CursorPos X="66" Y="21"/>
        <UsageCount Value="202"/>
        <DefaultSyntaxHighlighter Value="Delphi"/>
      </Unit69>
      <Unit70>
        <Filename Value="DataLoaders\ExtensionDataLoaderInjector.pas"/>
        <IsPartOfProject Value="True"/>
        <EditorIndex Value="-1"/>
        <WindowIndex Value="1"/>
        <TopLine Value="22"/>
        <CursorPos X="38" Y="34"/>
        <UsageCount Value="202"/>
        <DefaultSyntaxHighlighter Value="Delphi"/>
      </Unit70>
      <Unit71>
        <Filename Value="DataLoaders\DATFileLoader.pas"/>
        <IsPartOfProject Value="True"/>
        <EditorIndex Value="-1"/>
        <WindowIndex Value="1"/>
        <TopLine Value="4"/>
        <CursorPos Y="32"/>
        <UsageCount Value="220"/>
        <DefaultSyntaxHighlighter Value="Delphi"/>
      </Unit71>
      <Unit72>
        <Filename Value="DataLoaders\CSVFileLoader.pas"/>
        <IsPartOfProject Value="True"/>
        <EditorIndex Value="-1"/>
        <WindowIndex Value="1"/>
        <TopLine Value="12"/>
        <CursorPos X="9" Y="37"/>
        <UsageCount Value="217"/>
        <DefaultSyntaxHighlighter Value="Delphi"/>
      </Unit72>
      <Unit73>
        <Filename Value="ModelCurves\PointsSet.pas"/>
        <IsPartOfProject Value="True"/>
        <EditorIndex Value="1"/>
        <WindowIndex Value="1"/>
        <TopLine Value="22"/>
        <CursorPos X="15" Y="22"/>
        <UsageCount Value="215"/>
        <Loaded Value="True"/>
        <DefaultSyntaxHighlighter Value="Delphi"/>
      </Unit73>
      <Unit74>
        <Filename Value="ModelCurves\AsymPseudoVoigtPointsSet.pas"/>
        <IsPartOfProject Value="True"/>
        <EditorIndex Value="2"/>
        <WindowIndex Value="1"/>
        <TopLine Value="40"/>
        <CursorPos X="36" Y="58"/>
        <UsageCount Value="215"/>
        <Loaded Value="True"/>
        <DefaultSyntaxHighlighter Value="Delphi"/>
      </Unit74>
      <Unit75>
        <Filename Value="ModelCurves\CurvePointsSet.pas"/>
        <IsPartOfProject Value="True"/>
        <EditorIndex Value="11"/>
        <WindowIndex Value="1"/>
        <TopLine Value="68"/>
        <CursorPos X="20" Y="39"/>
        <FoldState Value=" T8j64ZV"/>
        <UsageCount Value="215"/>
        <Loaded Value="True"/>
        <DefaultSyntaxHighlighter Value="Delphi"/>
      </Unit75>
      <Unit76>
        <Filename Value="ModelCurves\GaussPointsSet.pas"/>
        <IsPartOfProject Value="True"/>
        <EditorIndex Value="3"/>
        <WindowIndex Value="1"/>
        <TopLine Value="53"/>
        <CursorPos X="31" Y="73"/>
        <UsageCount Value="215"/>
        <Loaded Value="True"/>
        <DefaultSyntaxHighlighter Value="Delphi"/>
      </Unit76>
      <Unit77>
        <Filename Value="ModelCurves\LorentzPointsSet.pas"/>
        <IsPartOfProject Value="True"/>
        <EditorIndex Value="5"/>
        <WindowIndex Value="1"/>
        <TopLine Value="29"/>
        <CursorPos X="16" Y="44"/>
        <UsageCount Value="240"/>
        <Loaded Value="True"/>
        <DefaultSyntaxHighlighter Value="Delphi"/>
      </Unit77>
      <Unit78>
        <Filename Value="ModelCurves\NamedPointsSet.pas"/>
        <IsPartOfProject Value="True"/>
        <EditorIndex Value="6"/>
        <WindowIndex Value="1"/>
        <TopLine Value="28"/>
        <CursorPos X="56" Y="40"/>
        <UsageCount Value="240"/>
        <Loaded Value="True"/>
        <DefaultSyntaxHighlighter Value="Delphi"/>
      </Unit78>
      <Unit79>
        <Filename Value="ModelCurves\NeutronPointsSet.pas"/>
        <IsPartOfProject Value="True"/>
        <EditorIndex Value="-1"/>
        <WindowIndex Value="1"/>
        <TopLine Value="10"/>
        <CursorPos X="32" Y="25"/>
        <UsageCount Value="239"/>
        <DefaultSyntaxHighlighter Value="Delphi"/>
      </Unit79>
      <Unit80>
        <Filename Value="ModelCurves\PseudoVoigtPointsSet.pas"/>
        <IsPartOfProject Value="True"/>
        <EditorIndex Value="12"/>
        <WindowIndex Value="1"/>
        <TopLine Value="125"/>
        <CursorPos X="5" Y="146"/>
        <UsageCount Value="239"/>
        <Loaded Value="True"/>
        <DefaultSyntaxHighlighter Value="Delphi"/>
      </Unit80>
      <Unit81>
        <Filename Value="ModelCurves\SpecialPointsSet.pas"/>
        <IsPartOfProject Value="True"/>
        <EditorIndex Value="4"/>
        <WindowIndex Value="1"/>
        <TopLine Value="48"/>
        <CursorPos X="5" Y="67"/>
        <UsageCount Value="239"/>
        <Loaded Value="True"/>
        <DefaultSyntaxHighlighter Value="Delphi"/>
      </Unit81>
      <Unit82>
        <Filename Value="ModelCurves\TitlePointsSet.pas"/>
        <IsPartOfProject Value="True"/>
        <WindowIndex Value="1"/>
        <TopLine Value="8"/>
        <CursorPos X="32" Y="23"/>
        <UsageCount Value="239"/>
        <Loaded Value="True"/>
        <DefaultSyntaxHighlighter Value="Delphi"/>
      </Unit82>
      <Unit83>
        <Filename Value="ModelCurves\TwoBranchesPseudoVoigtPointsSet.pas"/>
        <IsPartOfProject Value="True"/>
        <EditorIndex Value="13"/>
        <WindowIndex Value="1"/>
        <TopLine Value="191"/>
        <CursorPos X="5" Y="218"/>
        <UsageCount Value="239"/>
        <Loaded Value="True"/>
        <DefaultSyntaxHighlighter Value="Delphi"/>
      </Unit83>
      <Unit84>
        <Filename Value="ModelCurves\IntCurveFactory.pas"/>
        <IsPartOfProject Value="True"/>
        <EditorIndex Value="-1"/>
        <WindowIndex Value="1"/>
        <CursorPos X="18" Y="22"/>
        <UsageCount Value="206"/>
        <DefaultSyntaxHighlighter Value="Delphi"/>
      </Unit84>
      <Unit85>
        <Filename Value="ModelCurves\IntCurveTypeIterator.pas"/>
        <IsPartOfProject Value="True"/>
        <EditorIndex Value="-1"/>
        <WindowIndex Value="1"/>
        <CursorPos X="23" Y="22"/>
        <UsageCount Value="206"/>
        <DefaultSyntaxHighlighter Value="Delphi"/>
      </Unit85>
      <Unit86>
        <Filename Value="ModelCurves\IntCurveTypeSelector.pas"/>
        <IsPartOfProject Value="True"/>
        <EditorIndex Value="-1"/>
        <WindowIndex Value="1"/>
        <CursorPos X="23" Y="22"/>
        <UsageCount Value="206"/>
        <DefaultSyntaxHighlighter Value="Delphi"/>
      </Unit86>
      <Unit87>
        <Filename Value="ModelCurves\CurveTypesSingleton.pas"/>
        <IsPartOfProject Value="True"/>
        <EditorIndex Value="7"/>
        <WindowIndex Value="1"/>
        <TopLine Value="21"/>
        <CursorPos X="37" Y="30"/>
        <UsageCount Value="213"/>
        <Loaded Value="True"/>
        <DefaultSyntaxHighlighter Value="Delphi"/>
      </Unit87>
      <Unit88>
        <Filename Value="C:\lazarus\fpc\3.0.4\source\rtl\objpas\classes\classesh.inc"/>
        <EditorIndex Value="-1"/>
        <WindowIndex Value="1"/>
        <TopLine Value="1857"/>
        <CursorPos X="22" Y="1873"/>
        <UsageCount Value="29"/>
      </Unit88>
      <Unit89>
        <Filename Value="ModelCurves\backup\NamedPointsSet.pas"/>
        <EditorIndex Value="-1"/>
        <WindowIndex Value="1"/>
        <TopLine Value="23"/>
        <CursorPos X="9" Y="37"/>
        <UsageCount Value="4"/>
        <DefaultSyntaxHighlighter Value="Delphi"/>
      </Unit89>
      <Unit90>
        <Filename Value="..\..\fitminimizers\SelfCheckedComponentList.pas"/>
        <EditorIndex Value="-1"/>
        <WindowIndex Value="1"/>
        <TopLine Value="21"/>
        <CursorPos X="45" Y="36"/>
        <UsageCount Value="34"/>
        <DefaultSyntaxHighlighter Value="Delphi"/>
      </Unit90>
      <Unit91>
        <Filename Value="..\..\fitminimizers\CBRCComponent.pas"/>
        <EditorIndex Value="-1"/>
        <WindowIndex Value="1"/>
        <TopLine Value="4"/>
        <CursorPos X="5" Y="19"/>
        <UsageCount Value="34"/>
        <DefaultSyntaxHighlighter Value="Delphi"/>
      </Unit91>
      <Unit92>
        <Filename Value="C:\lazarus\lcl\menus.pp"/>
        <UnitName Value="Menus"/>
        <EditorIndex Value="10"/>
        <WindowIndex Value="1"/>
        <TopLine Value="222"/>
        <CursorPos X="11" Y="230"/>
        <UsageCount Value="30"/>
        <Loaded Value="True"/>
      </Unit92>
    </Units>
    <OtherDefines Count="5">
      <Define0 Value="FIT"/>
      <Define1 Value="FITCLIENT"/>
      <Define2 Value="FITSERVER"/>
      <Define3 Value="WINDOWS"/>
      <Define4 Value="Lazarus"/>
    </OtherDefines>
    <JumpHistory Count="24" HistoryIndex="23">
      <Position1>
        <Filename Value="Unit1.pas"/>
        <Caret Line="1005" TopLine="998"/>
      </Position1>
      <Position2>
        <Filename Value="Unit1.pas"/>
        <Caret Line="667" Column="20" TopLine="653"/>
      </Position2>
      <Position3>
        <Filename Value="ModelCurves\AsymPseudoVoigtPointsSet.pas"/>
        <Caret Line="168" Column="60" TopLine="163"/>
      </Position3>
      <Position4>
        <Filename Value="ModelCurves\CurveTypesSingleton.pas"/>
        <Caret Line="119" TopLine="72"/>
      </Position4>
      <Position5>
        <Filename Value="ModelCurves\CurveTypesSingleton.pas"/>
        <Caret Line="166" TopLine="145"/>
      </Position5>
      <Position6>
        <Filename Value="ModelCurves\CurveTypesSingleton.pas"/>
        <Caret Line="152" Column="37" TopLine="136"/>
      </Position6>
      <Position7>
        <Filename Value="ModelCurves\CurveTypesSingleton.pas"/>
        <Caret Line="19" Column="67"/>
      </Position7>
      <Position8>
        <Filename Value="ModelCurves\CurveTypesSingleton.pas"/>
        <Caret Line="166" Column="5" TopLine="151"/>
      </Position8>
      <Position9>
        <Filename Value="Unit1.pas"/>
        <Caret Line="1000" Column="24" TopLine="1362"/>
      </Position9>
      <Position10>
        <Filename Value="Unit1.pas"/>
        <Caret Line="666" Column="16" TopLine="626"/>
      </Position10>
      <Position11>
        <Filename Value="Unit1.pas"/>
        <Caret Line="1023" TopLine="996"/>
      </Position11>
      <Position12>
        <Filename Value="Unit1.pas"/>
        <Caret Line="1006" Column="52" TopLine="989"/>
      </Position12>
      <Position13>
        <Filename Value="Unit1.pas"/>
        <Caret Line="670" Column="50" TopLine="653"/>
      </Position13>
      <Position14>
        <Filename Value="ModelCurves\SpecialPointsSet.pas"/>
        <Caret Line="51" Column="39" TopLine="25"/>
      </Position14>
      <Position15>
        <Filename Value="Unit1.pas"/>
        <Caret Line="670" Column="50" TopLine="653"/>
      </Position15>
      <Position16>
        <Filename Value="FitTask.pas"/>
        <Caret Line="1504" TopLine="1488"/>
      </Position16>
      <Position17>
        <Filename Value="FitTask.pas"/>
        <Caret Line="1321" Column="54" TopLine="1304"/>
      </Position17>
      <Position18>
        <Filename Value="ModelCurves\AsymPseudoVoigtPointsSet.pas"/>
        <Caret Line="129" Column="47" TopLine="100"/>
      </Position18>
      <Position19>
        <Filename Value="ModelCurves\AsymPseudoVoigtPointsSet.pas"/>
        <Caret Line="125" Column="47" TopLine="105"/>
      </Position19>
      <Position20>
        <Filename Value="ModelCurves\CurveTypesSingleton.pas"/>
        <Caret Line="162" Column="32" TopLine="149"/>
      </Position20>
      <Position21>
        <Filename Value="Unit1.pas"/>
        <Caret Line="1016" Column="74" TopLine="999"/>
      </Position21>
      <Position22>
        <Filename Value="ModelCurves\CurveTypesSingleton.pas"/>
        <Caret Line="162" Column="41" TopLine="142"/>
      </Position22>
      <Position23>
        <Filename Value="ModelCurves\CurveTypesSingleton.pas"/>
        <Caret Line="157" Column="24" TopLine="142"/>
      </Position23>
      <Position24>
        <Filename Value="Unit1.pas"/>
        <Caret Line="668" Column="29" TopLine="651"/>
      </Position24>
    </JumpHistory>
  </ProjectOptions>
  <CompilerOptions>
    <Version Value="11"/>
    <PathDelim Value="\"/>
    <Target>
      <Filename Value="o\$(TargetCPU)-$(TargetOS)\Fit.exe"/>
    </Target>
    <SearchPaths>
      <IncludeFiles Value="$(LazarusDir)\lcl\interfaces\win32;$(LazarusDir)\lcl\include;$(LazarusDir)\fpc\2.2.0\source\rtl\inc"/>
      <OtherUnitFiles Value="..\Repository\NewVCL;C:\lazarus_lib\synapse\synapse\source\lib\;C:\lazarus_lib\wst-0.5\;$(LazarusDir)\components\codetools\units\i386-win32;TAGraph\Component;DataLoaders;ModelCurves"/>
      <UnitOutputDirectory Value="o\Fit\$(TargetCPU)-$(TargetOS)"/>
    </SearchPaths>
    <Parsing>
      <SyntaxOptions>
        <SyntaxMode Value="Delphi"/>
        <IncludeAssertionCode Value="True"/>
        <UseAnsiStrings Value="False"/>
      </SyntaxOptions>
    </Parsing>
    <CodeGeneration>
      <TargetCPU Value="i386"/>
      <TargetOS Value="linux"/>
    </CodeGeneration>
    <Linking>
      <Debugging>
        <DebugInfoType Value="dsStabs"/>
      </Debugging>
      <Options>
        <Win32>
          <GraphicApplication Value="True"/>
        </Win32>
      </Options>
    </Linking>
    <Other>
      <CustomOptions Value="-dFIT -dFITCLIENT -dFITSERVER"/>
    </Other>
  </CompilerOptions>
  <Debugging>
    <BreakPoints Count="10">
      <Item1>
        <Kind Value="bpkSource"/>
        <WatchScope Value="wpsLocal"/>
        <WatchKind Value="wpkWrite"/>
        <Source Value="FitTask.pas"/>
        <Line Value="1531"/>
      </Item1>
      <Item2>
        <Kind Value="bpkSource"/>
        <WatchScope Value="wpsLocal"/>
        <WatchKind Value="wpkWrite"/>
        <Source Value="FitTask.pas"/>
        <Line Value="1682"/>
      </Item2>
      <Item3>
        <Kind Value="bpkSource"/>
        <WatchScope Value="wpsLocal"/>
        <WatchKind Value="wpkWrite"/>
        <Source Value="Unit1.pas"/>
        <Line Value="2653"/>
      </Item3>
      <Item4>
        <Kind Value="bpkSource"/>
        <WatchScope Value="wpsLocal"/>
        <WatchKind Value="wpkWrite"/>
        <Source Value="Unit1.pas"/>
        <Line Value="2532"/>
      </Item4>
      <Item5>
        <Kind Value="bpkSource"/>
        <WatchScope Value="wpsLocal"/>
        <WatchKind Value="wpkWrite"/>
        <Source Value="Unit1.pas"/>
        <Line Value="1008"/>
      </Item5>
      <Item6>
        <Kind Value="bpkSource"/>
        <WatchScope Value="wpsLocal"/>
        <WatchKind Value="wpkWrite"/>
        <Source Value="Unit1.pas"/>
        <Line Value="1011"/>
      </Item6>
      <Item7>
        <Kind Value="bpkSource"/>
        <WatchScope Value="wpsLocal"/>
        <WatchKind Value="wpkWrite"/>
        <Source Value="Unit1.pas"/>
        <Line Value="1014"/>
      </Item7>
      <Item8>
        <Kind Value="bpkSource"/>
        <WatchScope Value="wpsLocal"/>
        <WatchKind Value="wpkWrite"/>
        <Source Value="Unit1.pas"/>
        <Line Value="1017"/>
      </Item8>
      <Item9>
        <Kind Value="bpkSource"/>
        <WatchScope Value="wpsLocal"/>
        <WatchKind Value="wpkWrite"/>
        <Source Value="Unit1.pas"/>
        <Line Value="1020"/>
      </Item9>
      <Item10>
        <Kind Value="bpkSource"/>
        <WatchScope Value="wpsLocal"/>
        <WatchKind Value="wpkWrite"/>
        <Source Value="Unit1.pas"/>
        <Line Value="1024"/>
      </Item10>
    </BreakPoints>
    <Watches Count="1">
      <Item1>
        <Expression Value="CurveType"/>
      </Item1>
    </Watches>
    <Exceptions Count="3">
      <Item1>
        <Name Value="ECodetoolError"/>
      </Item1>
      <Item2>
        <Name Value="EFOpenError"/>
      </Item2>
      <Item3>
        <Name Value="EAssertionFailed"/>
      </Item3>
    </Exceptions>
  </Debugging>
</CONFIG>
