<?xml version="1.0" encoding="UTF-8"?>
<CONFIG>
  <ProjectOptions>
    <Version Value="10"/>
    <PathDelim Value="\"/>
    <General>
      <Flags>
        <LRSInOutputDirectory Value="False"/>
      </Flags>
      <MainUnit Value="0"/>
      <Title Value="Fit"/>
      <UseXPManifest Value="True"/>
    </General>
    <VersionInfo>
      <AutoIncrementBuild Value="True"/>
      <BuildNr Value="1081"/>
      <StringTable ProductVersion="0.0.0.1001"/>
    </VersionInfo>
    <BuildModes Count="2">
      <Item1 Name="Linux" Default="True"/>
      <Item2 Name="default">
        <CompilerOptions>
          <Version Value="11"/>
          <PathDelim Value="\"/>
          <Target>
            <Filename Value="o\$(TargetCPU)-$(TargetOS)\Fit-$(TargetCPU)-$(TargetOS)"/>
          </Target>
          <SearchPaths>
            <IncludeFiles Value="$(LazarusDir)\lcl\interfaces\win32;$(LazarusDir)\lcl\include"/>
            <OtherUnitFiles Value="$(LazarusDir)\components\codetools\units\i386-win32;..\..\fitgrids;..\..\fitminimizers;..\Packages\wst-0.5;..\Packages\synapse40\source\lib;..\CgiClient"/>
            <UnitOutputDirectory Value="o\Fit\$(TargetCPU)-$(TargetOS)"/>
          </SearchPaths>
          <Parsing>
            <SyntaxOptions>
              <SyntaxMode Value="Delphi"/>
              <IncludeAssertionCode Value="True"/>
              <UseAnsiStrings Value="False"/>
            </SyntaxOptions>
          </Parsing>
          <Linking>
            <Debugging>
              <DebugInfoType Value="dsStabs"/>
            </Debugging>
            <Options>
              <Win32>
                <GraphicApplication Value="True"/>
              </Win32>
            </Options>
          </Linking>
          <Other>
            <CustomOptions Value="-dFIT
-dFITCLIENT
-dFITSERVER
-dWINDOWS
-dLazarus"/>
            <OtherDefines Count="5">
              <Define0 Value="FIT"/>
              <Define1 Value="FITCLIENT"/>
              <Define2 Value="FITSERVER"/>
              <Define3 Value="WINDOWS"/>
              <Define4 Value="Lazarus"/>
            </OtherDefines>
          </Other>
        </CompilerOptions>
      </Item2>
    </BuildModes>
    <PublishOptions>
      <Version Value="2"/>
      <IgnoreBinaries Value="False"/>
      <IncludeFileFilter Value="*.(pas|pp|inc|lfm|lpr|lrs|lpi|lpk|sh|xml)"/>
      <ExcludeFileFilter Value="*.(bak|ppu|ppw|o|so);*~;backup"/>
    </PublishOptions>
    <RunParams>
      <local>
        <FormatVersion Value="1"/>
        <LaunchingApplication PathPlusParams="/usr/X11R6/bin/xterm -T 'Lazarus Run Output' -e $(LazarusDir)/tools/runwait.sh $(TargetCmdLine)"/>
      </local>
    </RunParams>
    <RequiredPackages Count="7">
      <Item1>
        <PackageName Value="FitMinimizers"/>
      </Item1>
      <Item2>
        <PackageName Value="FitGrids"/>
        <MinVersion Valid="True"/>
      </Item2>
      <Item3>
        <PackageName Value="ta"/>
        <MinVersion Major="1" Minor="1" Valid="True"/>
      </Item3>
      <Item4>
        <PackageName Value="LCL"/>
      </Item4>
      <Item5>
        <PackageName Value="FCL"/>
        <MinVersion Major="1" Valid="True"/>
      </Item5>
      <Item6>
        <PackageName Value="IDEIntf"/>
        <MinVersion Major="1" Valid="True"/>
      </Item6>
      <Item7>
        <PackageName Value="TurboPowerIPro"/>
        <MinVersion Major="1" Valid="True"/>
      </Item7>
    </RequiredPackages>
    <Units Count="86">
      <Unit0>
        <Filename Value="Fit.lpr"/>
        <IsPartOfProject Value="True"/>
        <EditorIndex Value="-1"/>
        <WindowIndex Value="1"/>
        <TopLine Value="18"/>
        <CursorPos X="63" Y="31"/>
        <UsageCount Value="200"/>
        <DefaultSyntaxHighlighter Value="Delphi"/>
      </Unit0>
      <Unit1>
        <Filename Value="Unit1.pas"/>
        <IsPartOfProject Value="True"/>
        <ComponentName Value="FormMain"/>
        <HasResources Value="True"/>
        <ResourceBaseClass Value="Form"/>
        <IsVisibleTab Value="True"/>
        <EditorIndex Value="5"/>
        <WindowIndex Value="1"/>
        <TopLine Value="383"/>
        <CursorPos X="5" Y="397"/>
        <UsageCount Value="200"/>
        <Bookmarks Count="1">
          <Item0 Y="472"/>
        </Bookmarks>
        <Loaded Value="True"/>
        <LoadedDesigner Value="True"/>
        <DefaultSyntaxHighlighter Value="Delphi"/>
      </Unit1>
      <Unit2>
        <Filename Value="DataLoader.pas"/>
        <IsPartOfProject Value="True"/>
        <EditorIndex Value="-1"/>
        <WindowIndex Value="1"/>
        <TopLine Value="78"/>
        <CursorPos X="5" Y="93"/>
        <UsageCount Value="200"/>
        <DefaultSyntaxHighlighter Value="Delphi"/>
      </Unit2>
      <Unit3>
        <Filename Value="PointSetViewer.pas"/>
        <EditorIndex Value="-1"/>
        <WindowIndex Value="1"/>
        <TopLine Value="23"/>
        <CursorPos X="33" Y="37"/>
        <UsageCount Value="199"/>
        <DefaultSyntaxHighlighter Value="Delphi"/>
      </Unit3>
      <Unit4>
        <Filename Value="Unit3.pas"/>
        <IsPartOfProject Value="True"/>
        <ComponentName Value="InputWavelengthDlg"/>
        <HasResources Value="True"/>
        <ResourceBaseClass Value="Form"/>
        <EditorIndex Value="-1"/>
        <WindowIndex Value="1"/>
        <TopLine Value="30"/>
        <CursorPos X="13" Y="48"/>
        <UsageCount Value="200"/>
        <DefaultSyntaxHighlighter Value="Delphi"/>
      </Unit4>
      <Unit5>
        <Filename Value="Unit12.pas"/>
        <IsPartOfProject Value="True"/>
        <ComponentName Value="AboutBox"/>
        <HasResources Value="True"/>
        <ResourceBaseClass Value="Form"/>
        <EditorIndex Value="-1"/>
        <WindowIndex Value="1"/>
        <TopLine Value="42"/>
        <CursorPos X="40" Y="58"/>
        <UsageCount Value="200"/>
        <DefaultSyntaxHighlighter Value="Delphi"/>
      </Unit5>
      <Unit6>
        <Filename Value="Minimizer_S.pas"/>
        <IsPartOfProject Value="True"/>
        <EditorIndex Value="-1"/>
        <WindowIndex Value="1"/>
        <TopLine Value="103"/>
        <CursorPos Y="111"/>
        <UsageCount Value="200"/>
        <DefaultSyntaxHighlighter Value="Delphi"/>
      </Unit6>
      <Unit7>
        <Filename Value="Minimizer.pas"/>
        <IsPartOfProject Value="True"/>
        <EditorIndex Value="-1"/>
        <WindowIndex Value="1"/>
        <TopLine Value="84"/>
        <CursorPos X="30" Y="96"/>
        <UsageCount Value="200"/>
        <DefaultSyntaxHighlighter Value="Delphi"/>
      </Unit7>
      <Unit8>
        <Filename Value="MSCRDataClasses.pas"/>
        <IsPartOfProject Value="True"/>
        <EditorIndex Value="-1"/>
        <WindowIndex Value="1"/>
        <CursorPos X="26" Y="7"/>
        <UsageCount Value="200"/>
        <DefaultSyntaxHighlighter Value="Delphi"/>
      </Unit8>
      <Unit9>
        <Filename Value="TAGraph\Component\TAGraph.pas"/>
        <UnitName Value="tagraph"/>
        <EditorIndex Value="-1"/>
        <WindowIndex Value="1"/>
        <TopLine Value="513"/>
        <CursorPos X="29" Y="526"/>
        <UsageCount Value="75"/>
        <DefaultSyntaxHighlighter Value="Delphi"/>
      </Unit9>
      <Unit10>
        <Filename Value="Minimizer_DS.pas"/>
        <IsPartOfProject Value="True"/>
        <EditorIndex Value="-1"/>
        <WindowIndex Value="1"/>
        <TopLine Value="152"/>
        <CursorPos X="23" Y="171"/>
        <UsageCount Value="200"/>
        <DefaultSyntaxHighlighter Value="Delphi"/>
      </Unit10>
      <Unit11>
        <Filename Value="Unit5.pas"/>
        <IsPartOfProject Value="True"/>
        <ComponentName Value="InputBackFactorDlg"/>
        <HasResources Value="True"/>
        <ResourceBaseClass Value="Form"/>
        <EditorIndex Value="-1"/>
        <WindowIndex Value="1"/>
        <TopLine Value="29"/>
        <CursorPos Y="50"/>
        <UsageCount Value="201"/>
        <DefaultSyntaxHighlighter Value="Delphi"/>
      </Unit11>
      <Unit12>
        <Filename Value="CombEnumerator.pas"/>
        <IsPartOfProject Value="True"/>
        <TopLine Value="146"/>
        <CursorPos X="11" Y="163"/>
        <UsageCount Value="200"/>
        <DefaultSyntaxHighlighter Value="Delphi"/>
      </Unit12>
      <Unit13>
        <Filename Value="SimpMath.pas"/>
        <TopLine Value="6"/>
        <CursorPos X="25" Y="267"/>
        <UsageCount Value="62"/>
        <DefaultSyntaxHighlighter Value="Delphi"/>
      </Unit13>
      <Unit14>
        <Filename Value="CBRCComponent.pas"/>
        <CursorPos X="13" Y="13"/>
        <UsageCount Value="62"/>
        <DefaultSyntaxHighlighter Value="Delphi"/>
      </Unit14>
      <Unit15>
        <Filename Value="SelfSaved.pas"/>
        <EditorIndex Value="-1"/>
        <WindowIndex Value="1"/>
        <TopLine Value="68"/>
        <CursorPos X="19" Y="86"/>
        <UsageCount Value="32"/>
        <DefaultSyntaxHighlighter Value="Delphi"/>
      </Unit15>
      <Unit16>
        <Filename Value="ClassInheritIDs.pas"/>
        <IsPartOfProject Value="True"/>
        <TopLine Value="154"/>
        <CursorPos X="17" Y="163"/>
        <UsageCount Value="81"/>
        <DefaultSyntaxHighlighter Value="Delphi"/>
      </Unit16>
      <Unit17>
        <Filename Value="MyExceptions.pas"/>
        <CursorPos X="19" Y="20"/>
        <UsageCount Value="68"/>
        <DefaultSyntaxHighlighter Value="Delphi"/>
      </Unit17>
      <Unit18>
        <Filename Value="Tools.pas"/>
        <EditorIndex Value="-1"/>
        <WindowIndex Value="1"/>
        <TopLine Value="288"/>
        <CursorPos Y="288"/>
        <UsageCount Value="85"/>
        <DefaultSyntaxHighlighter Value="Delphi"/>
      </Unit18>
      <Unit19>
        <Filename Value="SelfCopied.pas"/>
        <EditorIndex Value="-1"/>
        <WindowIndex Value="1"/>
        <TopLine Value="29"/>
        <CursorPos X="18" Y="44"/>
        <UsageCount Value="114"/>
        <DefaultSyntaxHighlighter Value="Delphi"/>
      </Unit19>
      <Unit20>
        <Filename Value="DataClasses.pas"/>
        <IsPartOfProject Value="True"/>
        <EditorIndex Value="-1"/>
        <WindowIndex Value="1"/>
        <CursorPos X="25" Y="14"/>
        <UsageCount Value="207"/>
        <DefaultSyntaxHighlighter Value="Delphi"/>
      </Unit20>
      <Unit21>
        <Filename Value="Math3d.pas"/>
        <IsPartOfProject Value="True"/>
        <UsageCount Value="207"/>
        <DefaultSyntaxHighlighter Value="Delphi"/>
      </Unit21>
      <Unit22>
        <Filename Value="DownhillSimplexContainer.pas"/>
        <IsPartOfProject Value="True"/>
        <EditorIndex Value="-1"/>
        <WindowIndex Value="1"/>
        <TopLine Value="276"/>
        <CursorPos Y="291"/>
        <UsageCount Value="207"/>
        <DefaultSyntaxHighlighter Value="Delphi"/>
      </Unit22>
      <Unit23>
        <Filename Value="DownhillSimplexAlgorithm.pas"/>
        <EditorIndex Value="-1"/>
        <WindowIndex Value="1"/>
        <TopLine Value="147"/>
        <CursorPos X="43" Y="160"/>
        <UsageCount Value="179"/>
        <DefaultSyntaxHighlighter Value="Delphi"/>
      </Unit23>
      <Unit24>
        <Filename Value="Decisions.pas"/>
        <CursorPos X="62" Y="17"/>
        <UsageCount Value="179"/>
        <DefaultSyntaxHighlighter Value="Delphi"/>
      </Unit24>
      <Unit25>
        <Filename Value="Algorithm.pas"/>
        <CursorPos X="19" Y="18"/>
        <UsageCount Value="179"/>
        <DefaultSyntaxHighlighter Value="Delphi"/>
      </Unit25>
      <Unit26>
        <Filename Value="AlgorithmContainer.pas"/>
        <IsPartOfProject Value="True"/>
        <EditorIndex Value="-1"/>
        <WindowIndex Value="1"/>
        <TopLine Value="76"/>
        <CursorPos Y="91"/>
        <UsageCount Value="207"/>
        <DefaultSyntaxHighlighter Value="Delphi"/>
      </Unit26>
      <Unit27>
        <Filename Value="ObjSavingStringList.pas"/>
        <IsPartOfProject Value="True"/>
        <EditorIndex Value="-1"/>
        <WindowIndex Value="1"/>
        <CursorPos X="16" Y="14"/>
        <UsageCount Value="207"/>
        <DefaultSyntaxHighlighter Value="Delphi"/>
      </Unit27>
      <Unit28>
        <Filename Value="Unit4.pas"/>
        <IsPartOfProject Value="True"/>
        <ComponentName Value="InputMaxRFactorDlg"/>
        <HasResources Value="True"/>
        <ResourceBaseClass Value="Form"/>
        <EditorIndex Value="-1"/>
        <WindowIndex Value="1"/>
        <CursorPos X="11" Y="16"/>
        <UsageCount Value="200"/>
        <DefaultSyntaxHighlighter Value="Delphi"/>
      </Unit28>
      <Unit29>
        <Filename Value="ComponentList.pas"/>
        <TopLine Value="206"/>
        <CursorPos Y="225"/>
        <UsageCount Value="69"/>
        <DefaultSyntaxHighlighter Value="Delphi"/>
      </Unit29>
      <Unit30>
        <Filename Value="Runner.pas"/>
        <IsPartOfProject Value="True"/>
        <TopLine Value="10"/>
        <CursorPos X="6" Y="28"/>
        <UsageCount Value="207"/>
        <DefaultSyntaxHighlighter Value="Delphi"/>
      </Unit30>
      <Unit31>
        <Filename Value="TableComp.pas"/>
        <IsPartOfProject Value="True"/>
        <EditorIndex Value="-1"/>
        <WindowIndex Value="1"/>
        <TopLine Value="381"/>
        <CursorPos Y="450"/>
        <UsageCount Value="144"/>
        <DefaultSyntaxHighlighter Value="Delphi"/>
      </Unit31>
      <Unit32>
        <Filename Value="NumericGrid.pas"/>
        <UsageCount Value="62"/>
        <DefaultSyntaxHighlighter Value="Delphi"/>
      </Unit32>
      <Unit33>
        <Filename Value="FitServer.pas"/>
        <IsPartOfProject Value="True"/>
        <WindowIndex Value="1"/>
        <TopLine Value="2077"/>
        <CursorPos X="9" Y="2092"/>
        <UsageCount Value="200"/>
        <Loaded Value="True"/>
        <DefaultSyntaxHighlighter Value="Delphi"/>
      </Unit33>
      <Unit34>
        <Filename Value="FitClient.pas"/>
        <IsPartOfProject Value="True"/>
        <EditorIndex Value="4"/>
        <WindowIndex Value="1"/>
        <TopLine Value="194"/>
        <CursorPos Y="336"/>
        <UsageCount Value="200"/>
        <Loaded Value="True"/>
        <DefaultSyntaxHighlighter Value="Delphi"/>
      </Unit34>
      <Unit35>
        <Filename Value="MainCalcThread.pas"/>
        <IsPartOfProject Value="True"/>
        <EditorIndex Value="-1"/>
        <WindowIndex Value="1"/>
        <TopLine Value="43"/>
        <CursorPos Y="57"/>
        <UsageCount Value="200"/>
        <DefaultSyntaxHighlighter Value="Delphi"/>
      </Unit35>
      <Unit36>
        <Filename Value="FitClientStub.pas"/>
        <IsPartOfProject Value="True"/>
        <EditorIndex Value="7"/>
        <WindowIndex Value="1"/>
        <TopLine Value="7"/>
        <CursorPos X="28" Y="19"/>
        <UsageCount Value="204"/>
        <Loaded Value="True"/>
        <DefaultSyntaxHighlighter Value="Delphi"/>
      </Unit36>
      <Unit37>
        <Filename Value="FitServerStub.pas"/>
        <IsPartOfProject Value="True"/>
        <EditorIndex Value="8"/>
        <WindowIndex Value="1"/>
        <TopLine Value="1092"/>
        <CursorPos X="20" Y="1102"/>
        <UsageCount Value="204"/>
        <Loaded Value="True"/>
        <DefaultSyntaxHighlighter Value="Delphi"/>
      </Unit37>
      <Unit38>
        <Filename Value="FitServerProxy.pas"/>
        <IsPartOfProject Value="True"/>
        <EditorIndex Value="1"/>
        <WindowIndex Value="1"/>
        <TopLine Value="35"/>
        <CursorPos X="13" Y="60"/>
        <UsageCount Value="201"/>
        <Loaded Value="True"/>
        <DefaultSyntaxHighlighter Value="Delphi"/>
      </Unit38>
      <Unit39>
        <Filename Value="FitClientProxy.pas"/>
        <IsPartOfProject Value="True"/>
        <EditorIndex Value="9"/>
        <WindowIndex Value="1"/>
        <TopLine Value="95"/>
        <CursorPos X="41" Y="111"/>
        <UsageCount Value="202"/>
        <Loaded Value="True"/>
        <DefaultSyntaxHighlighter Value="Delphi"/>
      </Unit39>
      <Unit40>
        <Filename Value="FitClientApp.pas"/>
        <IsPartOfProject Value="True"/>
        <EditorIndex Value="-1"/>
        <WindowIndex Value="1"/>
        <CursorPos X="23"/>
        <UsageCount Value="202"/>
        <DefaultSyntaxHighlighter Value="Delphi"/>
      </Unit40>
      <Unit41>
        <Filename Value="FitServerApp.pas"/>
        <IsPartOfProject Value="True"/>
        <EditorIndex Value="-1"/>
        <WindowIndex Value="1"/>
        <UsageCount Value="200"/>
        <DefaultSyntaxHighlighter Value="Delphi"/>
      </Unit41>
      <Unit42>
        <Filename Value="FitServerWithThread.pas"/>
        <IsPartOfProject Value="True"/>
        <EditorIndex Value="-1"/>
        <WindowIndex Value="1"/>
        <TopLine Value="102"/>
        <CursorPos X="15" Y="140"/>
        <UsageCount Value="200"/>
        <DefaultSyntaxHighlighter Value="Delphi"/>
      </Unit42>
      <Unit43>
        <Filename Value="FitTaskWithThread.pas"/>
        <IsPartOfProject Value="True"/>
        <EditorIndex Value="-1"/>
        <WindowIndex Value="1"/>
        <TopLine Value="24"/>
        <CursorPos X="30" Y="177"/>
        <UsageCount Value="200"/>
        <DefaultSyntaxHighlighter Value="Delphi"/>
      </Unit43>
      <Unit44>
        <Filename Value="FitTask.pas"/>
        <IsPartOfProject Value="True"/>
        <EditorIndex Value="-1"/>
        <WindowIndex Value="1"/>
        <CursorPos Y="1638"/>
        <UsageCount Value="200"/>
        <DefaultSyntaxHighlighter Value="Delphi"/>
      </Unit44>
      <Unit45>
        <Filename Value="FitServerMultithreaded.pas"/>
        <IsPartOfProject Value="True"/>
        <EditorIndex Value="-1"/>
        <WindowIndex Value="1"/>
        <CursorPos Y="30"/>
        <UsageCount Value="200"/>
        <DefaultSyntaxHighlighter Value="Delphi"/>
      </Unit45>
      <Unit46>
        <Filename Value="Unit2.pas"/>
        <IsPartOfProject Value="True"/>
        <ComponentName Value="CreateSpecialCurveDlg"/>
        <HasResources Value="True"/>
        <ResourceBaseClass Value="Form"/>
        <EditorIndex Value="-1"/>
        <WindowIndex Value="1"/>
        <CursorPos X="22" Y="12"/>
        <UsageCount Value="201"/>
        <DefaultSyntaxHighlighter Value="Delphi"/>
      </Unit46>
      <Unit47>
        <Filename Value="Settings.pas"/>
        <IsPartOfProject Value="True"/>
        <EditorIndex Value="-1"/>
        <WindowIndex Value="1"/>
        <TopLine Value="203"/>
        <CursorPos X="32" Y="216"/>
        <UsageCount Value="200"/>
        <DefaultSyntaxHighlighter Value="Delphi"/>
      </Unit47>
      <Unit48>
        <Filename Value="Unit7.pas"/>
        <IsPartOfProject Value="True"/>
        <ComponentName Value="SpecialCurvePropDlg"/>
        <HasResources Value="True"/>
        <ResourceBaseClass Value="Form"/>
        <EditorIndex Value="-1"/>
        <WindowIndex Value="1"/>
        <UsageCount Value="203"/>
        <DefaultSyntaxHighlighter Value="Delphi"/>
      </Unit48>
      <Unit49>
        <Filename Value="Unit1.lfm"/>
        <EditorIndex Value="-1"/>
        <WindowIndex Value="1"/>
        <TopLine Value="753"/>
        <CursorPos X="21" Y="777"/>
        <UsageCount Value="31"/>
        <DefaultSyntaxHighlighter Value="LFM"/>
      </Unit49>
      <Unit50>
        <Filename Value="Packages\FitGrids\Tools.pas"/>
        <EditorIndex Value="-1"/>
        <WindowIndex Value="1"/>
        <UsageCount Value="173"/>
        <DefaultSyntaxHighlighter Value="Delphi"/>
      </Unit50>
      <Unit51>
        <Filename Value="Packages\FitGrids\CBRCComponent.pas"/>
        <UsageCount Value="173"/>
        <DefaultSyntaxHighlighter Value="Delphi"/>
      </Unit51>
      <Unit52>
        <Filename Value="Packages\FitGrids\ClassInheritIDs.pas"/>
        <TopLine Value="106"/>
        <CursorPos X="74" Y="125"/>
        <UsageCount Value="173"/>
        <DefaultSyntaxHighlighter Value="Delphi"/>
      </Unit52>
      <Unit53>
        <Filename Value="Packages\FitGrids\ComponentList.pas"/>
        <TopLine Value="131"/>
        <CursorPos Y="150"/>
        <UsageCount Value="173"/>
        <DefaultSyntaxHighlighter Value="Delphi"/>
      </Unit53>
      <Unit54>
        <Filename Value="Packages\FitGrids\MyExceptions.pas"/>
        <UsageCount Value="173"/>
        <DefaultSyntaxHighlighter Value="Delphi"/>
      </Unit54>
      <Unit55>
        <Filename Value="Packages\FitGrids\NumericGrid.pas"/>
        <EditorIndex Value="-1"/>
        <WindowIndex Value="1"/>
        <TopLine Value="25"/>
        <CursorPos Y="45"/>
        <UsageCount Value="173"/>
        <DefaultSyntaxHighlighter Value="Delphi"/>
      </Unit55>
      <Unit56>
        <Filename Value="Packages\FitGrids\SelfCopied.pas"/>
        <UsageCount Value="173"/>
        <DefaultSyntaxHighlighter Value="Delphi"/>
      </Unit56>
      <Unit57>
        <Filename Value="Packages\FitGrids\SelfSaved.pas"/>
        <UsageCount Value="173"/>
        <DefaultSyntaxHighlighter Value="Delphi"/>
      </Unit57>
      <Unit58>
        <Filename Value="Packages\FitGrids\SimpMath.pas"/>
        <EditorIndex Value="-1"/>
        <WindowIndex Value="1"/>
        <TopLine Value="490"/>
        <CursorPos Y="503"/>
        <UsageCount Value="173"/>
        <DefaultSyntaxHighlighter Value="Delphi"/>
      </Unit58>
      <Unit59>
        <Filename Value="Packages\FitGrids\TableComp.pas"/>
        <UsageCount Value="173"/>
        <DefaultSyntaxHighlighter Value="Delphi"/>
      </Unit59>
      <Unit60>
        <Filename Value="Packages\TAGraph\Component\TAGraph.pas"/>
        <EditorIndex Value="-1"/>
        <WindowIndex Value="1"/>
        <TopLine Value="831"/>
        <CursorPos X="23" Y="856"/>
        <UsageCount Value="173"/>
        <DefaultSyntaxHighlighter Value="Delphi"/>
      </Unit60>
      <Unit61>
        <Filename Value="Main.pas"/>
        <IsPartOfProject Value="True"/>
        <EditorIndex Value="-1"/>
        <WindowIndex Value="1"/>
        <TopLine Value="224"/>
        <CursorPos X="74" Y="242"/>
        <UsageCount Value="202"/>
        <DefaultSyntaxHighlighter Value="Delphi"/>
      </Unit61>
      <Unit62>
        <Filename Value="D:\lazarus\fpc\2.2.0\source\rtl\inc\except.inc"/>
        <TopLine Value="192"/>
        <CursorPos Y="213"/>
        <UsageCount Value="35"/>
        <DefaultSyntaxHighlighter Value="Delphi"/>
      </Unit62>
      <Unit63>
        <Filename Value="CommonTypes.pas"/>
        <IsPartOfProject Value="True"/>
        <EditorIndex Value="-1"/>
        <WindowIndex Value="1"/>
        <TopLine Value="14"/>
        <CursorPos X="19" Y="20"/>
        <UsageCount Value="215"/>
        <DefaultSyntaxHighlighter Value="Delphi"/>
      </Unit63>
      <Unit64>
        <Filename Value="D:\lazarus\fpc\2.2.0\source\rtl\objpas\classes\classesh.inc"/>
        <TopLine Value="379"/>
        <CursorPos X="3" Y="380"/>
        <UsageCount Value="21"/>
        <DefaultSyntaxHighlighter Value="Delphi"/>
      </Unit64>
      <Unit65>
        <Filename Value="D:\lazarus\fpc\2.2.0\source\rtl\win\wininc\redef.inc"/>
        <TopLine Value="173"/>
        <CursorPos X="78" Y="193"/>
        <UsageCount Value="33"/>
        <DefaultSyntaxHighlighter Value="Delphi"/>
      </Unit65>
      <Unit66>
        <Filename Value="D:\lazarus\fpc\2.2.0\source\rtl\inc\threadh.inc"/>
        <TopLine Value="121"/>
        <CursorPos X="30" Y="145"/>
        <UsageCount Value="33"/>
        <DefaultSyntaxHighlighter Value="Delphi"/>
      </Unit66>
      <Unit67>
        <Filename Value="C:\lazarus\lcl\include\control.inc"/>
        <EditorIndex Value="-1"/>
        <WindowIndex Value="1"/>
        <TopLine Value="3656"/>
        <CursorPos Y="3667"/>
        <UsageCount Value="75"/>
      </Unit67>
      <Unit68>
        <Filename Value="fit_server.pas"/>
        <EditorIndex Value="-1"/>
        <WindowIndex Value="1"/>
        <TopLine Value="123"/>
        <CursorPos X="14" Y="138"/>
        <UsageCount Value="52"/>
        <DefaultSyntaxHighlighter Value="Delphi"/>
      </Unit68>
      <Unit69>
        <Filename Value="C:\lazarus\packager\registration\fcllaz.pas"/>
        <EditorIndex Value="-1"/>
        <WindowIndex Value="1"/>
        <UsageCount Value="9"/>
      </Unit69>
      <Unit70>
        <Filename Value="C:\lazarus\fpc\2.6.4\source\rtl\objpas\classes\classesh.inc"/>
        <EditorIndex Value="-1"/>
        <WindowIndex Value="1"/>
        <UsageCount Value="77"/>
      </Unit70>
      <Unit71>
        <Filename Value="E:\04 - morozov\my\appsoft\science\institute\software\Lazarus\IntegralIntensities\Packages\FitMinimizers\DownhillSimplexAlgorithm.pas"/>
        <EditorIndex Value="-1"/>
        <WindowIndex Value="1"/>
        <TopLine Value="145"/>
        <CursorPos X="28" Y="163"/>
        <UsageCount Value="3"/>
        <DefaultSyntaxHighlighter Value="Delphi"/>
      </Unit71>
      <Unit72>
        <Filename Value="C:\lazarus_lib\fitminimizers\DownhillSimplexAlgorithm.pas"/>
        <EditorIndex Value="-1"/>
        <WindowIndex Value="1"/>
        <TopLine Value="297"/>
        <CursorPos X="38" Y="330"/>
        <UsageCount Value="5"/>
        <DefaultSyntaxHighlighter Value="Delphi"/>
      </Unit72>
      <Unit73>
        <Filename Value="C:\lazarus\lcl\interfaces\win32\win32callback.inc"/>
        <EditorIndex Value="-1"/>
        <WindowIndex Value="1"/>
        <TopLine Value="2342"/>
        <CursorPos X="77" Y="2346"/>
        <UsageCount Value="12"/>
      </Unit73>
      <Unit74>
        <Filename Value="C:\lazarus\lcl\include\customlistbox.inc"/>
        <EditorIndex Value="-1"/>
        <WindowIndex Value="1"/>
        <TopLine Value="244"/>
        <CursorPos Y="256"/>
        <UsageCount Value="3"/>
      </Unit74>
      <Unit75>
        <Filename Value="C:\lazarus\lcl\stdctrls.pp"/>
        <UnitName Value="StdCtrls"/>
        <EditorIndex Value="-1"/>
        <WindowIndex Value="1"/>
        <TopLine Value="470"/>
        <CursorPos X="3" Y="484"/>
        <UsageCount Value="3"/>
      </Unit75>
      <Unit76>
        <Filename Value="C:\lazarus\lcl\checklst.pas"/>
        <UnitName Value="CheckLst"/>
        <EditorIndex Value="-1"/>
        <WindowIndex Value="1"/>
        <TopLine Value="181"/>
        <CursorPos Y="193"/>
        <UsageCount Value="2"/>
      </Unit76>
      <Unit77>
        <Filename Value="C:\lazarus\fpc\2.6.4\source\rtl\inc\objpas.inc"/>
        <EditorIndex Value="-1"/>
        <WindowIndex Value="1"/>
        <UsageCount Value="2"/>
      </Unit77>
      <Unit78>
        <Filename Value="C:\lazarus\lcl\lclmessageglue.pas"/>
        <UnitName Value="LCLMessageGlue"/>
        <EditorIndex Value="-1"/>
        <WindowIndex Value="1"/>
        <TopLine Value="101"/>
        <CursorPos Y="112"/>
        <UsageCount Value="2"/>
      </Unit78>
      <Unit79>
        <Filename Value="C:\lazarus_lib\fitminimizers\SelfCheckedComponentList.pas"/>
        <EditorIndex Value="-1"/>
        <WindowIndex Value="1"/>
        <TopLine Value="142"/>
        <CursorPos Y="155"/>
        <UsageCount Value="2"/>
        <DefaultSyntaxHighlighter Value="Delphi"/>
      </Unit79>
      <Unit80>
        <Filename Value="ifitviewer.pas"/>
        <UnitName Value="IFitViewer"/>
        <EditorIndex Value="-1"/>
        <WindowIndex Value="1"/>
        <CursorPos X="15" Y="5"/>
        <UsageCount Value="18"/>
        <DefaultSyntaxHighlighter Value="Delphi"/>
      </Unit80>
      <Unit81>
        <Filename Value="clientcallback.pas"/>
        <EditorIndex Value="-1"/>
        <WindowIndex Value="-1"/>
        <TopLine Value="-1"/>
        <CursorPos X="-1" Y="-1"/>
        <UsageCount Value="10"/>
        <DefaultSyntaxHighlighter Value="Delphi"/>
      </Unit81>
      <Unit82>
        <Filename Value="iclientcallback.pas"/>
        <UnitName Value="IClientCallback"/>
        <EditorIndex Value="-1"/>
        <WindowIndex Value="1"/>
        <CursorPos X="9"/>
        <UsageCount Value="15"/>
        <DefaultSyntaxHighlighter Value="Delphi"/>
      </Unit82>
      <Unit83>
        <Filename Value="intclientcallback.pas"/>
        <IsPartOfProject Value="True"/>
        <UnitName Value="IntClientCallback"/>
        <EditorIndex Value="6"/>
        <WindowIndex Value="1"/>
        <CursorPos X="30" Y="26"/>
        <UsageCount Value="120"/>
        <Loaded Value="True"/>
        <DefaultSyntaxHighlighter Value="Delphi"/>
      </Unit83>
      <Unit84>
        <Filename Value="intfitviewer.pas"/>
        <IsPartOfProject Value="True"/>
        <UnitName Value="IntFitViewer"/>
        <EditorIndex Value="2"/>
        <WindowIndex Value="1"/>
        <TopLine Value="69"/>
        <CursorPos X="43" Y="92"/>
        <UsageCount Value="120"/>
        <Loaded Value="True"/>
        <DefaultSyntaxHighlighter Value="Delphi"/>
      </Unit84>
      <Unit85>
        <Filename Value="FitViewer.pas"/>
        <IsPartOfProject Value="True"/>
        <EditorIndex Value="3"/>
        <WindowIndex Value="1"/>
        <TopLine Value="161"/>
        <CursorPos X="43" Y="174"/>
        <UsageCount Value="36"/>
        <Loaded Value="True"/>
        <DefaultSyntaxHighlighter Value="Delphi"/>
      </Unit85>
    </Units>
    <OtherDefines Count="5">
      <Define0 Value="FIT"/>
      <Define1 Value="FITCLIENT"/>
      <Define2 Value="FITSERVER"/>
      <Define3 Value="WINDOWS"/>
      <Define4 Value="Lazarus"/>
    </OtherDefines>
    <JumpHistory Count="27" HistoryIndex="26">
      <Position1>
        <Filename Value="FitClient.pas"/>
        <Caret Line="644" Column="5" TopLine="628"/>
      </Position1>
      <Position2>
        <Filename Value="FitClient.pas"/>
        <Caret Line="996" Column="5" TopLine="981"/>
      </Position2>
      <Position3>
        <Filename Value="FitClient.pas"/>
        <Caret Line="1006" Column="5" TopLine="981"/>
      </Position3>
      <Position4>
        <Filename Value="FitClient.pas"/>
        <Caret Line="545" Column="15" TopLine="527"/>
      </Position4>
      <Position5>
        <Filename Value="FitClient.pas"/>
        <Caret Line="338" TopLine="332"/>
      </Position5>
      <Position6>
        <Filename Value="FitClient.pas"/>
        <Caret Line="543" Column="15" TopLine="527"/>
      </Position6>
      <Position7>
        <Filename Value="FitClient.pas"/>
        <Caret Line="544" Column="18" TopLine="525"/>
      </Position7>
      <Position8>
        <Filename Value="Unit1.pas"/>
        <Caret Line="426" Column="30" TopLine="409"/>
      </Position8>
      <Position9>
        <Filename Value="Unit1.pas"/>
        <Caret Line="589" Column="5" TopLine="574"/>
      </Position9>
      <Position10>
        <Filename Value="FitClient.pas"/>
        <Caret Line="649" Column="22" TopLine="634"/>
      </Position10>
      <Position11>
        <Filename Value="FitClient.pas"/>
        <Caret Line="646" Column="20" TopLine="642"/>
      </Position11>
      <Position12>
        <Filename Value="FitClient.pas"/>
        <Caret Line="649" Column="30" TopLine="633"/>
      </Position12>
      <Position13>
        <Filename Value="Unit1.pas"/>
        <Caret Line="781" Column="5" TopLine="766"/>
      </Position13>
      <Position14>
        <Filename Value="FitViewer.pas"/>
        <Caret Line="686" Column="19" TopLine="680"/>
      </Position14>
      <Position15>
        <Filename Value="intfitviewer.pas"/>
        <Caret Line="85" Column="9" TopLine="26"/>
      </Position15>
      <Position16>
        <Filename Value="FitViewer.pas"/>
        <Caret Line="170" Column="19" TopLine="152"/>
      </Position16>
      <Position17>
        <Filename Value="FitViewer.pas"/>
        <Caret Line="722" Column="30" TopLine="701"/>
      </Position17>
      <Position18>
        <Filename Value="intfitviewer.pas"/>
        <Caret Line="90" Column="35" TopLine="66"/>
      </Position18>
      <Position19>
        <Filename Value="FitViewer.pas"/>
        <Caret Line="170" Column="40" TopLine="159"/>
      </Position19>
      <Position20>
        <Filename Value="FitViewer.pas"/>
        <Caret Line="172" Column="19" TopLine="159"/>
      </Position20>
      <Position21>
        <Filename Value="FitViewer.pas"/>
        <Caret Line="731" Column="30" TopLine="709"/>
      </Position21>
      <Position22>
        <Filename Value="FitViewer.pas"/>
        <Caret Line="729" Column="46" TopLine="709"/>
      </Position22>
      <Position23>
        <Filename Value="Unit1.pas"/>
        <Caret Line="455" TopLine="422"/>
      </Position23>
      <Position24>
        <Filename Value="Unit1.pas"/>
        <Caret Line="457" TopLine="427"/>
      </Position24>
      <Position25>
        <Filename Value="Unit1.pas"/>
        <Caret Line="761" Column="36" TopLine="749"/>
      </Position25>
      <Position26>
        <Filename Value="Unit1.pas"/>
        <Caret Line="766" Column="39" TopLine="746"/>
      </Position26>
      <Position27>
        <Filename Value="Unit1.pas"/>
        <Caret Line="761" Column="8" TopLine="746"/>
      </Position27>
    </JumpHistory>
  </ProjectOptions>
  <CompilerOptions>
    <Version Value="11"/>
    <PathDelim Value="\"/>
    <Target>
      <Filename Value="o\$(TargetCPU)-$(TargetOS)\Fit.exe"/>
    </Target>
    <SearchPaths>
      <IncludeFiles Value="$(LazarusDir)\lcl\interfaces\win32;$(LazarusDir)\lcl\include;$(LazarusDir)\fpc\2.2.0\source\rtl\inc"/>
      <OtherUnitFiles Value="..\Repository\NewVCL;C:\lazarus_lib\synapse\synapse\source\lib\;C:\lazarus_lib\wst-0.5\;$(LazarusDir)\components\codetools\units\i386-win32;TAGraph\Component"/>
      <UnitOutputDirectory Value="o\Fit\$(TargetCPU)-$(TargetOS)"/>
    </SearchPaths>
    <Parsing>
      <SyntaxOptions>
        <SyntaxMode Value="Delphi"/>
        <IncludeAssertionCode Value="True"/>
        <UseAnsiStrings Value="False"/>
      </SyntaxOptions>
    </Parsing>
    <CodeGeneration>
      <TargetCPU Value="i386"/>
      <TargetOS Value="linux"/>
    </CodeGeneration>
    <Linking>
      <Debugging>
        <DebugInfoType Value="dsStabs"/>
      </Debugging>
      <Options>
        <Win32>
          <GraphicApplication Value="True"/>
        </Win32>
      </Options>
    </Linking>
    <Other>
      <CustomOptions Value="-dFIT -dFITCLIENT -dFITSERVER"/>
    </Other>
  </CompilerOptions>
  <Debugging>
    <BreakPoints Count="2">
      <Item1>
        <Kind Value="bpkSource"/>
        <WatchScope Value="wpsLocal"/>
        <WatchKind Value="wpkWrite"/>
        <Source Value="FitTask.pas"/>
        <Line Value="1527"/>
      </Item1>
      <Item2>
        <Kind Value="bpkSource"/>
        <WatchScope Value="wpsLocal"/>
        <WatchKind Value="wpkWrite"/>
        <Source Value="FitTask.pas"/>
        <Line Value="1678"/>
      </Item2>
    </BreakPoints>
    <Exceptions Count="3">
      <Item1>
        <Name Value="ECodetoolError"/>
      </Item1>
      <Item2>
        <Name Value="EFOpenError"/>
      </Item2>
      <Item3>
        <Name Value="EAssertionFailed"/>
      </Item3>
    </Exceptions>
  </Debugging>
</CONFIG>
